
Microsoft Visual Studio Solution File, Format Version 12.00
# Visual Studio Version 17
VisualStudioVersion = 17.0.31903.59
MinimumVisualStudioVersion = 10.0.40219.1
Project("{2150E333-8FDC-42A3-9474-1A3956D46DE8}") = "base", "base", "{8ECB6508-F6A6-406E-A62F-E39CAC3BAA57}"
EndProject
Project("{2150E333-8FDC-42A3-9474-1A3956D46DE8}") = "Annium", "Annium", "{59B03852-E6C9-4CA2-B520-352C6B4B47A1}"
EndProject
Project("{2150E333-8FDC-42A3-9474-1A3956D46DE8}") = "src", "src", "{55356232-096A-4A1A-AAA6-850F14124030}"
EndProject
Project("{FAE04EC0-301F-11D3-BF4B-00C04F79EFBC}") = "Annium", "base\Annium\src\Annium\Annium.csproj", "{70DB3E63-D170-4883-937B-89FB99B3F141}"
EndProject
Project("{2150E333-8FDC-42A3-9474-1A3956D46DE8}") = "Architecture", "Architecture", "{A1164C5B-A242-4485-B048-AE2816EBEB75}"
EndProject
Project("{2150E333-8FDC-42A3-9474-1A3956D46DE8}") = "src", "src", "{9D93A23B-A4FE-4B89-A6B0-E9312E76EA1C}"
EndProject
Project("{FAE04EC0-301F-11D3-BF4B-00C04F79EFBC}") = "Annium.Architecture.Base", "base\Architecture\src\Annium.Architecture.Base\Annium.Architecture.Base.csproj", "{1720FF7A-2267-48DD-9A31-F3EBF8DE880B}"
EndProject
Project("{FAE04EC0-301F-11D3-BF4B-00C04F79EFBC}") = "Annium.Architecture.CQRS", "base\Architecture\src\Annium.Architecture.CQRS\Annium.Architecture.CQRS.csproj", "{94DE9D0D-9835-46D0-B97C-AD66D6AAEA8B}"
EndProject
Project("{FAE04EC0-301F-11D3-BF4B-00C04F79EFBC}") = "Annium.Architecture.Http", "base\Architecture\src\Annium.Architecture.Http\Annium.Architecture.Http.csproj", "{DD94D06B-B3D5-4217-BA4C-22A0D5CF439C}"
EndProject
Project("{FAE04EC0-301F-11D3-BF4B-00C04F79EFBC}") = "Annium.Architecture.Mediator", "base\Architecture\src\Annium.Architecture.Mediator\Annium.Architecture.Mediator.csproj", "{805EA530-8336-47C7-83CD-064130EDBFAB}"
EndProject
Project("{2150E333-8FDC-42A3-9474-1A3956D46DE8}") = "test", "test", "{054090CE-C761-450B-AB1C-30869F8A034B}"
EndProject
Project("{FAE04EC0-301F-11D3-BF4B-00C04F79EFBC}") = "Annium.Architecture.Mediator.Tests", "base\Architecture\test\Annium.Architecture.Mediator.Tests\Annium.Architecture.Mediator.Tests.csproj", "{C48D97F6-1817-4910-BA19-0DAA3C77AC64}"
EndProject
Project("{FAE04EC0-301F-11D3-BF4B-00C04F79EFBC}") = "Annium.Architecture.ViewModel", "base\Architecture\src\Annium.Architecture.ViewModel\Annium.Architecture.ViewModel.csproj", "{325BFB1A-841B-4AF9-8E21-BF07C107A0D2}"
EndProject
Project("{2150E333-8FDC-42A3-9474-1A3956D46DE8}") = "third-party", "third-party", "{5BAC0D31-7037-41E6-A0E0-A3015CC49856}"
EndProject
Project("{2150E333-8FDC-42A3-9474-1A3956D46DE8}") = "AspNetCore", "AspNetCore", "{0BCAEBAE-9F3E-482C-BE0B-A9418B1172FC}"
EndProject
Project("{2150E333-8FDC-42A3-9474-1A3956D46DE8}") = "src", "src", "{0267E808-9FF9-4331-8B56-3500368EAE77}"
EndProject
Project("{FAE04EC0-301F-11D3-BF4B-00C04F79EFBC}") = "Annium.AspNetCore.Extensions", "third-party\AspNetCore\src\Annium.AspNetCore.Extensions\Annium.AspNetCore.Extensions.csproj", "{9E1AD1DD-3E75-4F3D-9D64-16F7B85CD1FA}"
EndProject
Project("{2150E333-8FDC-42A3-9474-1A3956D46DE8}") = "test", "test", "{A8D4F457-28DF-4058-99B4-78C1C87B8AC9}"
EndProject
Project("{FAE04EC0-301F-11D3-BF4B-00C04F79EFBC}") = "Annium.AspNetCore.Extensions.Tests", "third-party\AspNetCore\test\Annium.AspNetCore.Extensions.Tests\Annium.AspNetCore.Extensions.Tests.csproj", "{66DD69B1-ED50-45D0-B51E-1ADAB280BBF0}"
EndProject
Project("{FAE04EC0-301F-11D3-BF4B-00C04F79EFBC}") = "Annium.AspNetCore.IntegrationTesting", "third-party\AspNetCore\src\Annium.AspNetCore.IntegrationTesting\Annium.AspNetCore.IntegrationTesting.csproj", "{F506CE77-E5D9-471A-9A2C-935E3D933E5C}"
EndProject
Project("{FAE04EC0-301F-11D3-BF4B-00C04F79EFBC}") = "Annium.AspNetCore.IntegrationTesting.Tests", "third-party\AspNetCore\test\Annium.AspNetCore.IntegrationTesting.Tests\Annium.AspNetCore.IntegrationTesting.Tests.csproj", "{AF3BB038-493C-4880-B883-96C6E61EE948}"
EndProject
Project("{FAE04EC0-301F-11D3-BF4B-00C04F79EFBC}") = "Annium.AspNetCore.TestServer", "third-party\AspNetCore\test\Annium.AspNetCore.TestServer\Annium.AspNetCore.TestServer.csproj", "{922A08A2-005D-4311-956E-D53E6BFA8EBB}"
EndProject
Project("{FAE04EC0-301F-11D3-BF4B-00C04F79EFBC}") = "Annium.AspNetCore.WebSockets", "third-party\AspNetCore\src\Annium.AspNetCore.WebSockets\Annium.AspNetCore.WebSockets.csproj", "{2511C53A-B806-4435-A161-5C4C725B190F}"
EndProject
Project("{2150E333-8FDC-42A3-9474-1A3956D46DE8}") = "Configuration", "Configuration", "{95335532-2F0D-4CBE-9A47-77D9E87BC988}"
EndProject
Project("{2150E333-8FDC-42A3-9474-1A3956D46DE8}") = "src", "src", "{E7A9A78B-A446-4029-9C1E-1335227C3B29}"
EndProject
Project("{FAE04EC0-301F-11D3-BF4B-00C04F79EFBC}") = "Annium.Configuration.Abstractions", "base\Configuration\src\Annium.Configuration.Abstractions\Annium.Configuration.Abstractions.csproj", "{080301A7-C665-433A-9704-5D3029AB5236}"
EndProject
Project("{2150E333-8FDC-42A3-9474-1A3956D46DE8}") = "test", "test", "{52712586-D6D9-42EC-ACC8-7A81305ECD40}"
EndProject
Project("{FAE04EC0-301F-11D3-BF4B-00C04F79EFBC}") = "Annium.Configuration.Abstractions.Tests", "base\Configuration\test\Annium.Configuration.Abstractions.Tests\Annium.Configuration.Abstractions.Tests.csproj", "{E888271F-94CA-4DF3-8D90-2B7D7AB3701C}"
EndProject
Project("{FAE04EC0-301F-11D3-BF4B-00C04F79EFBC}") = "Annium.Configuration.CommandLine", "base\Configuration\src\Annium.Configuration.CommandLine\Annium.Configuration.CommandLine.csproj", "{D3469A97-F8B4-4B5E-B71B-E991DBAFD4A0}"
EndProject
Project("{FAE04EC0-301F-11D3-BF4B-00C04F79EFBC}") = "Annium.Configuration.CommandLine.Tests", "base\Configuration\test\Annium.Configuration.CommandLine.Tests\Annium.Configuration.CommandLine.Tests.csproj", "{8E4A1527-116B-472B-9BD3-6414B9F9AEB4}"
EndProject
Project("{FAE04EC0-301F-11D3-BF4B-00C04F79EFBC}") = "Annium.Configuration.Json", "base\Configuration\src\Annium.Configuration.Json\Annium.Configuration.Json.csproj", "{B56ACB0C-811B-48DF-B481-C48CF360AF4B}"
EndProject
Project("{FAE04EC0-301F-11D3-BF4B-00C04F79EFBC}") = "Annium.Configuration.Json.Tests", "base\Configuration\test\Annium.Configuration.Json.Tests\Annium.Configuration.Json.Tests.csproj", "{2E216659-A550-4462-B6E2-F27639BBD593}"
EndProject
Project("{FAE04EC0-301F-11D3-BF4B-00C04F79EFBC}") = "Annium.Configuration.Tests", "base\Configuration\test\Annium.Configuration.Tests\Annium.Configuration.Tests.csproj", "{A9A9C351-C6F2-405E-A516-665337798506}"
EndProject
Project("{FAE04EC0-301F-11D3-BF4B-00C04F79EFBC}") = "Annium.Configuration.Yaml", "base\Configuration\src\Annium.Configuration.Yaml\Annium.Configuration.Yaml.csproj", "{47AFEAB5-58E0-420B-B980-02EF1E616C27}"
EndProject
Project("{FAE04EC0-301F-11D3-BF4B-00C04F79EFBC}") = "Annium.Configuration.Yaml.Tests", "base\Configuration\test\Annium.Configuration.Yaml.Tests\Annium.Configuration.Yaml.Tests.csproj", "{4B314483-F8F6-4399-BD3D-C7955BE503F9}"
EndProject
Project("{2150E333-8FDC-42A3-9474-1A3956D46DE8}") = "Core", "Core", "{2D81E84F-9FC1-4A9D-9BFA-66B361A80695}"
EndProject
Project("{2150E333-8FDC-42A3-9474-1A3956D46DE8}") = "src", "src", "{FE658437-2AEE-4F98-9300-D7DAA74A5991}"
EndProject
Project("{FAE04EC0-301F-11D3-BF4B-00C04F79EFBC}") = "Annium.Core.DependencyInjection", "base\Core\src\Annium.Core.DependencyInjection\Annium.Core.DependencyInjection.csproj", "{CD932AB5-8C00-4941-9D9D-FFA0BD7693C4}"
EndProject
Project("{2150E333-8FDC-42A3-9474-1A3956D46DE8}") = "test", "test", "{3985042F-EFEF-44D2-BC93-46B400AF7E87}"
EndProject
Project("{FAE04EC0-301F-11D3-BF4B-00C04F79EFBC}") = "Annium.Core.DependencyInjection.Tests", "base\Core\test\Annium.Core.DependencyInjection.Tests\Annium.Core.DependencyInjection.Tests.csproj", "{75904960-C7DE-4751-B626-DA49A6DB70ED}"
EndProject
Project("{FAE04EC0-301F-11D3-BF4B-00C04F79EFBC}") = "Annium.Core.Entrypoint", "base\Core\src\Annium.Core.Entrypoint\Annium.Core.Entrypoint.csproj", "{1788CFF7-1665-4C6C-984B-B8EE13849266}"
EndProject
Project("{FAE04EC0-301F-11D3-BF4B-00C04F79EFBC}") = "Annium.Core.Mapper", "base\Core\src\Annium.Core.Mapper\Annium.Core.Mapper.csproj", "{0957E6FD-BA68-45AF-B6BE-84252E73B0D9}"
EndProject
Project("{FAE04EC0-301F-11D3-BF4B-00C04F79EFBC}") = "Annium.Core.Mapper.Tests", "base\Core\test\Annium.Core.Mapper.Tests\Annium.Core.Mapper.Tests.csproj", "{A3A21FB2-790C-49F4-BC07-FB8C978DB422}"
EndProject
Project("{FAE04EC0-301F-11D3-BF4B-00C04F79EFBC}") = "Annium.Core.Mediator", "base\Core\src\Annium.Core.Mediator\Annium.Core.Mediator.csproj", "{720E2DF7-C8F8-4A4A-B6AB-4453BB3558CC}"
EndProject
Project("{FAE04EC0-301F-11D3-BF4B-00C04F79EFBC}") = "Annium.Core.Mediator.Tests", "base\Core\test\Annium.Core.Mediator.Tests\Annium.Core.Mediator.Tests.csproj", "{CA6BDE16-6C8A-4598-860A-21DA0B1F2148}"
EndProject
Project("{FAE04EC0-301F-11D3-BF4B-00C04F79EFBC}") = "Annium.Core.Runtime", "base\Core\src\Annium.Core.Runtime\Annium.Core.Runtime.csproj", "{98A8D700-6696-40EA-BE07-0FF8A1B13462}"
EndProject
Project("{FAE04EC0-301F-11D3-BF4B-00C04F79EFBC}") = "Annium.Core.Runtime.Loader", "base\Core\src\Annium.Core.Runtime.Loader\Annium.Core.Runtime.Loader.csproj", "{38677349-D47B-4847-94CD-4CBAE3B4B705}"
EndProject
Project("{FAE04EC0-301F-11D3-BF4B-00C04F79EFBC}") = "Annium.Core.Runtime.Tests", "base\Core\test\Annium.Core.Runtime.Tests\Annium.Core.Runtime.Tests.csproj", "{D4CDF56D-DFF0-4D9A-B916-85F56D387D35}"
EndProject
Project("{2150E333-8FDC-42A3-9474-1A3956D46DE8}") = "Data", "Data", "{D9911545-A096-444E-98E4-9A8E32CE6FD3}"
EndProject
Project("{2150E333-8FDC-42A3-9474-1A3956D46DE8}") = "src", "src", "{780A88DF-9ADF-4F88-A112-EBA6E4B484BE}"
EndProject
Project("{FAE04EC0-301F-11D3-BF4B-00C04F79EFBC}") = "Annium.Data.Models", "base\Data\src\Annium.Data.Models\Annium.Data.Models.csproj", "{A0DD3AB4-C8FB-4568-ABC1-74C8761FDA52}"
EndProject
Project("{2150E333-8FDC-42A3-9474-1A3956D46DE8}") = "test", "test", "{3AD80B2B-7801-42CF-AC41-04F53F09E040}"
EndProject
Project("{FAE04EC0-301F-11D3-BF4B-00C04F79EFBC}") = "Annium.Data.Models.Tests", "base\Data\test\Annium.Data.Models.Tests\Annium.Data.Models.Tests.csproj", "{5E875ABE-A0A9-4AD1-B601-A24710CA8554}"
EndProject
Project("{FAE04EC0-301F-11D3-BF4B-00C04F79EFBC}") = "Annium.Data.Operations", "base\Data\src\Annium.Data.Operations\Annium.Data.Operations.csproj", "{88F98CFB-729D-45C2-B641-443B953EE502}"
EndProject
Project("{FAE04EC0-301F-11D3-BF4B-00C04F79EFBC}") = "Annium.Data.Operations.Serialization.Json", "base\Data\src\Annium.Data.Operations.Serialization.Json\Annium.Data.Operations.Serialization.Json.csproj", "{079273B2-9FB6-4BDC-8BED-B6AA80D75F0C}"
EndProject
Project("{FAE04EC0-301F-11D3-BF4B-00C04F79EFBC}") = "Annium.Data.Operations.Serialization.Json.Tests", "base\Data\test\Annium.Data.Operations.Serialization.Json.Tests\Annium.Data.Operations.Serialization.Json.Tests.csproj", "{ABCE86CA-2CD7-4D94-86D7-809AFE42CCBC}"
EndProject
Project("{FAE04EC0-301F-11D3-BF4B-00C04F79EFBC}") = "Annium.Data.Operations.Tests", "base\Data\test\Annium.Data.Operations.Tests\Annium.Data.Operations.Tests.csproj", "{D79B51B3-8D4F-4159-838D-00A80A0FE2F7}"
EndProject
Project("{FAE04EC0-301F-11D3-BF4B-00C04F79EFBC}") = "Annium.Data.Tables", "base\Data\src\Annium.Data.Tables\Annium.Data.Tables.csproj", "{96A05806-A22C-46B6-8C04-04BCB4414987}"
EndProject
Project("{FAE04EC0-301F-11D3-BF4B-00C04F79EFBC}") = "Annium.Data.Tables.Tests", "base\Data\test\Annium.Data.Tables.Tests\Annium.Data.Tables.Tests.csproj", "{A28731FB-3C6D-40A6-A46D-B12006AB19D6}"
EndProject
Project("{FAE04EC0-301F-11D3-BF4B-00C04F79EFBC}") = "Annium.Debug", "base\Annium\src\Annium.Debug\Annium.Debug.csproj", "{41B17CDE-1EC2-4620-951E-54271465BA8B}"
EndProject
Project("{2150E333-8FDC-42A3-9474-1A3956D46DE8}") = "test", "test", "{53021F73-2F34-4BB0-AF25-BC77C1F49915}"
EndProject
Project("{FAE04EC0-301F-11D3-BF4B-00C04F79EFBC}") = "Annium.Debug.Tests", "base\Annium\test\Annium.Debug.Tests\Annium.Debug.Tests.csproj", "{058FBD2A-B73C-47E3-B418-90206DF03A6A}"
EndProject
Project("{2150E333-8FDC-42A3-9474-1A3956D46DE8}") = "EntityFrameworkCore", "EntityFrameworkCore", "{EDE724F3-AA1D-4683-BFB7-A46759815F5E}"
EndProject
Project("{2150E333-8FDC-42A3-9474-1A3956D46DE8}") = "src", "src", "{408C5C99-D117-4C63-A873-DA1815F4FBA7}"
EndProject
Project("{FAE04EC0-301F-11D3-BF4B-00C04F79EFBC}") = "Annium.EntityFrameworkCore.Extensions", "third-party\EntityFrameworkCore\src\Annium.EntityFrameworkCore.Extensions\Annium.EntityFrameworkCore.Extensions.csproj", "{DFF351C0-9E21-431C-B6B8-FEF713D9A336}"
EndProject
Project("{2150E333-8FDC-42A3-9474-1A3956D46DE8}") = "Extensions", "Extensions", "{A9BB0A12-5E12-4903-AF7D-680811E446BD}"
EndProject
Project("{2150E333-8FDC-42A3-9474-1A3956D46DE8}") = "src", "src", "{CCC2252C-A065-41CF-9F54-309D4C67C2BB}"
EndProject
Project("{FAE04EC0-301F-11D3-BF4B-00C04F79EFBC}") = "Annium.Extensions.Arguments", "base\Extensions\src\Annium.Extensions.Arguments\Annium.Extensions.Arguments.csproj", "{E5DE59B6-BFE7-404A-9D9A-024E5553D8ED}"
EndProject
Project("{FAE04EC0-301F-11D3-BF4B-00C04F79EFBC}") = "Annium.Extensions.CommandLine", "base\Extensions\src\Annium.Extensions.CommandLine\Annium.Extensions.CommandLine.csproj", "{33889B15-F4C9-48E8-B796-2C1C0BAD33BE}"
EndProject
Project("{FAE04EC0-301F-11D3-BF4B-00C04F79EFBC}") = "Annium.Extensions.Composition", "base\Extensions\src\Annium.Extensions.Composition\Annium.Extensions.Composition.csproj", "{65C8BD27-B3B3-41E5-B5A9-7D5A2CA6B867}"
EndProject
Project("{2150E333-8FDC-42A3-9474-1A3956D46DE8}") = "test", "test", "{32DC3EB2-F854-43B1-82B7-449E1A00994B}"
EndProject
Project("{FAE04EC0-301F-11D3-BF4B-00C04F79EFBC}") = "Annium.Extensions.Composition.Tests", "base\Extensions\test\Annium.Extensions.Composition.Tests\Annium.Extensions.Composition.Tests.csproj", "{EFCAA17B-5E9A-4D3E-9A92-C52B91624FC7}"
EndProject
Project("{FAE04EC0-301F-11D3-BF4B-00C04F79EFBC}") = "Annium.Extensions.Execution", "base\Extensions\src\Annium.Extensions.Execution\Annium.Extensions.Execution.csproj", "{22D8A33C-4DFC-4EC7-9C13-6EB35F4932EE}"
EndProject
Project("{FAE04EC0-301F-11D3-BF4B-00C04F79EFBC}") = "Annium.Extensions.Execution.Tests", "base\Extensions\test\Annium.Extensions.Execution.Tests\Annium.Extensions.Execution.Tests.csproj", "{6F79ACD0-956D-4A74-B600-3A68AEE509E2}"
EndProject
Project("{FAE04EC0-301F-11D3-BF4B-00C04F79EFBC}") = "Annium.Extensions.Jobs", "base\Extensions\src\Annium.Extensions.Jobs\Annium.Extensions.Jobs.csproj", "{A788B204-320D-46BE-BE6C-9788326E1870}"
EndProject
Project("{FAE04EC0-301F-11D3-BF4B-00C04F79EFBC}") = "Annium.Extensions.Jobs.Tests", "base\Extensions\test\Annium.Extensions.Jobs.Tests\Annium.Extensions.Jobs.Tests.csproj", "{01065D07-704B-4E98-9DF5-FC4668A9D704}"
EndProject
Project("{FAE04EC0-301F-11D3-BF4B-00C04F79EFBC}") = "Annium.Extensions.Pooling", "base\Extensions\src\Annium.Extensions.Pooling\Annium.Extensions.Pooling.csproj", "{3EBE3476-5A71-4851-9B00-C5CE3C6DFAEE}"
EndProject
Project("{FAE04EC0-301F-11D3-BF4B-00C04F79EFBC}") = "Annium.Extensions.Pooling.Tests", "base\Extensions\test\Annium.Extensions.Pooling.Tests\Annium.Extensions.Pooling.Tests.csproj", "{E98FD8BE-2A86-4EB3-B12E-33EFCCE29E8B}"
EndProject
Project("{FAE04EC0-301F-11D3-BF4B-00C04F79EFBC}") = "Annium.Extensions.Reactive", "base\Extensions\src\Annium.Extensions.Reactive\Annium.Extensions.Reactive.csproj", "{C3E9DC58-8C30-4AFB-8232-183133F2964E}"
EndProject
Project("{FAE04EC0-301F-11D3-BF4B-00C04F79EFBC}") = "Annium.Extensions.Reactive.Tests", "base\Extensions\test\Annium.Extensions.Reactive.Tests\Annium.Extensions.Reactive.Tests.csproj", "{5B1094C3-C31B-4052-9705-80727F42E76A}"
EndProject
Project("{FAE04EC0-301F-11D3-BF4B-00C04F79EFBC}") = "Annium.Extensions.Shell", "base\Extensions\src\Annium.Extensions.Shell\Annium.Extensions.Shell.csproj", "{98C25406-B43C-428E-94B2-7F6950B60A5C}"
EndProject
Project("{FAE04EC0-301F-11D3-BF4B-00C04F79EFBC}") = "Annium.Extensions.Validation", "base\Extensions\src\Annium.Extensions.Validation\Annium.Extensions.Validation.csproj", "{30898273-E63D-4AC4-B073-CE03541DC517}"
EndProject
Project("{FAE04EC0-301F-11D3-BF4B-00C04F79EFBC}") = "Annium.Extensions.Validation.Tests", "base\Extensions\test\Annium.Extensions.Validation.Tests\Annium.Extensions.Validation.Tests.csproj", "{6996643A-FD50-4D1D-9EC1-C5B5AC1A507B}"
EndProject
Project("{2150E333-8FDC-42A3-9474-1A3956D46DE8}") = "Infrastructure", "Infrastructure", "{789BACAD-09A9-45AA-8BA4-0CBBF3FDABE8}"
EndProject
Project("{2150E333-8FDC-42A3-9474-1A3956D46DE8}") = "src", "src", "{37A343EE-B824-44E8-ACFB-E27D0CBD49B9}"
EndProject
Project("{FAE04EC0-301F-11D3-BF4B-00C04F79EFBC}") = "Annium.Infrastructure.Hosting", "base\Infrastructure\src\Annium.Infrastructure.Hosting\Annium.Infrastructure.Hosting.csproj", "{30B133F0-331C-4F07-A825-8775DD682C48}"
EndProject
Project("{FAE04EC0-301F-11D3-BF4B-00C04F79EFBC}") = "Annium.Infrastructure.MessageBus.Node", "base\Infrastructure\src\Annium.Infrastructure.MessageBus.Node\Annium.Infrastructure.MessageBus.Node.csproj", "{C7D98B23-F943-4593-9CBB-57E7B33A74FA}"
EndProject
Project("{2150E333-8FDC-42A3-9474-1A3956D46DE8}") = "test", "test", "{D3FD36C9-9EBE-4A42-843D-1E76376DE0D7}"
EndProject
Project("{FAE04EC0-301F-11D3-BF4B-00C04F79EFBC}") = "Annium.Infrastructure.MessageBus.Node.Tests", "base\Infrastructure\test\Annium.Infrastructure.MessageBus.Node.Tests\Annium.Infrastructure.MessageBus.Node.Tests.csproj", "{CA57E46F-CDC8-496F-83BC-0DA5D6E25FC2}"
EndProject
Project("{FAE04EC0-301F-11D3-BF4B-00C04F79EFBC}") = "Annium.Infrastructure.WebSockets.Client", "base\Infrastructure\src\Annium.Infrastructure.WebSockets.Client\Annium.Infrastructure.WebSockets.Client.csproj", "{1A1B46AD-F0C1-4EF3-8D6D-6F7ED40F5124}"
EndProject
Project("{FAE04EC0-301F-11D3-BF4B-00C04F79EFBC}") = "Annium.Infrastructure.WebSockets.Domain", "base\Infrastructure\src\Annium.Infrastructure.WebSockets.Domain\Annium.Infrastructure.WebSockets.Domain.csproj", "{D399523B-6112-4E2A-883B-6E10D25D5C1E}"
EndProject
Project("{FAE04EC0-301F-11D3-BF4B-00C04F79EFBC}") = "Annium.Infrastructure.WebSockets.Server", "base\Infrastructure\src\Annium.Infrastructure.WebSockets.Server\Annium.Infrastructure.WebSockets.Server.csproj", "{32F2740A-3DC4-46CA-8061-083B461F25D1}"
EndProject
Project("{FAE04EC0-301F-11D3-BF4B-00C04F79EFBC}") = "Annium.Infrastructure.WebSockets.Tests", "base\Infrastructure\test\Annium.Infrastructure.WebSockets.Tests\Annium.Infrastructure.WebSockets.Tests.csproj", "{E5B15AFA-F98F-4E56-ACD0-EA587F531F2F}"
EndProject
Project("{2150E333-8FDC-42A3-9474-1A3956D46DE8}") = "linq2db", "linq2db", "{F33B9143-03AF-4CE5-BDB9-B854348EC21C}"
EndProject
Project("{2150E333-8FDC-42A3-9474-1A3956D46DE8}") = "src", "src", "{69F23156-C008-47D8-958C-94F118767808}"
EndProject
Project("{FAE04EC0-301F-11D3-BF4B-00C04F79EFBC}") = "Annium.linq2db.Extensions", "third-party\linq2db\src\Annium.linq2db.Extensions\Annium.linq2db.Extensions.csproj", "{520983E3-103B-47C9-8A62-7CCAD6F186B5}"
EndProject
Project("{2150E333-8FDC-42A3-9474-1A3956D46DE8}") = "test", "test", "{02C41686-B39F-4E80-BB68-95E3B41AC8E9}"
EndProject
Project("{FAE04EC0-301F-11D3-BF4B-00C04F79EFBC}") = "Annium.linq2db.Extensions.Tests", "third-party\linq2db\test\Annium.linq2db.Extensions.Tests\Annium.linq2db.Extensions.Tests.csproj", "{E7E10335-1970-4DFD-8A7D-A589D25A0516}"
EndProject
Project("{FAE04EC0-301F-11D3-BF4B-00C04F79EFBC}") = "Annium.linq2db.PostgreSql", "third-party\linq2db\src\Annium.linq2db.PostgreSql\Annium.linq2db.PostgreSql.csproj", "{27BF2B37-A8DC-49A1-852A-889132CA009C}"
EndProject
Project("{FAE04EC0-301F-11D3-BF4B-00C04F79EFBC}") = "Annium.linq2db.Testing.Sqlite", "third-party\linq2db\src\Annium.linq2db.Testing.Sqlite\Annium.linq2db.Testing.Sqlite.csproj", "{10286C9F-E81D-40F4-9B0E-ADC7C757FBF6}"
EndProject
Project("{2150E333-8FDC-42A3-9474-1A3956D46DE8}") = "Localization", "Localization", "{7F92E35D-C34A-4D23-8345-1DAD7725CD51}"
EndProject
Project("{2150E333-8FDC-42A3-9474-1A3956D46DE8}") = "src", "src", "{CE57199F-F6B1-4635-8D44-A19558E4D2E8}"
EndProject
Project("{FAE04EC0-301F-11D3-BF4B-00C04F79EFBC}") = "Annium.Localization.Abstractions", "base\Localization\src\Annium.Localization.Abstractions\Annium.Localization.Abstractions.csproj", "{78397B6B-BD69-4DE7-B1B3-4C9E574B3DD9}"
EndProject
Project("{2150E333-8FDC-42A3-9474-1A3956D46DE8}") = "test", "test", "{FD8CA8DF-E927-4DF8-ABFB-B57137B58ACB}"
EndProject
Project("{FAE04EC0-301F-11D3-BF4B-00C04F79EFBC}") = "Annium.Localization.Abstractions.Tests", "base\Localization\test\Annium.Localization.Abstractions.Tests\Annium.Localization.Abstractions.Tests.csproj", "{A23FCB24-CE57-484B-967D-4A25A78A78AB}"
EndProject
Project("{FAE04EC0-301F-11D3-BF4B-00C04F79EFBC}") = "Annium.Localization.InMemory", "base\Localization\src\Annium.Localization.InMemory\Annium.Localization.InMemory.csproj", "{8A17092B-8D38-4590-961D-89199FE0AE55}"
EndProject
Project("{FAE04EC0-301F-11D3-BF4B-00C04F79EFBC}") = "Annium.Localization.InMemory.Tests", "base\Localization\test\Annium.Localization.InMemory.Tests\Annium.Localization.InMemory.Tests.csproj", "{E90D2EF9-5AF6-44DE-83ED-40499A327600}"
EndProject
Project("{FAE04EC0-301F-11D3-BF4B-00C04F79EFBC}") = "Annium.Localization.Yaml", "base\Localization\src\Annium.Localization.Yaml\Annium.Localization.Yaml.csproj", "{A6DD9C68-8529-4E05-B166-432511860FE4}"
EndProject
Project("{FAE04EC0-301F-11D3-BF4B-00C04F79EFBC}") = "Annium.Localization.Yaml.Tests", "base\Localization\test\Annium.Localization.Yaml.Tests\Annium.Localization.Yaml.Tests.csproj", "{98C6226B-46E7-4487-BBC5-4D47F26F849A}"
EndProject
Project("{2150E333-8FDC-42A3-9474-1A3956D46DE8}") = "Logging", "Logging", "{CD74E3D7-B826-43CB-8E31-5859F3082E13}"
EndProject
Project("{2150E333-8FDC-42A3-9474-1A3956D46DE8}") = "src", "src", "{F00D3912-B154-4337-BEA9-E7FFC2131328}"
EndProject
Project("{FAE04EC0-301F-11D3-BF4B-00C04F79EFBC}") = "Annium.Logging.Abstractions", "base\Logging\src\Annium.Logging.Abstractions\Annium.Logging.Abstractions.csproj", "{8FF9EE73-B808-47A9-AA62-90D0FE425B2D}"
EndProject
Project("{FAE04EC0-301F-11D3-BF4B-00C04F79EFBC}") = "Annium.Logging.Console", "base\Logging\src\Annium.Logging.Console\Annium.Logging.Console.csproj", "{24C3A08D-99E1-48FA-9B45-9C94A52125F3}"
EndProject
Project("{2150E333-8FDC-42A3-9474-1A3956D46DE8}") = "test", "test", "{02514BAE-3A15-4F27-8206-AD67063E86E1}"
EndProject
Project("{FAE04EC0-301F-11D3-BF4B-00C04F79EFBC}") = "Annium.Logging.Console.Tests", "base\Logging\test\Annium.Logging.Console.Tests\Annium.Logging.Console.Tests.csproj", "{D4C911F3-D7B6-414B-A216-945E09B10321}"
EndProject
Project("{FAE04EC0-301F-11D3-BF4B-00C04F79EFBC}") = "Annium.Logging.File", "base\Logging\src\Annium.Logging.File\Annium.Logging.File.csproj", "{00B66E9D-1EBC-4BAA-A87A-69404BD0BBE9}"
EndProject
Project("{FAE04EC0-301F-11D3-BF4B-00C04F79EFBC}") = "Annium.Logging.InMemory", "base\Logging\src\Annium.Logging.InMemory\Annium.Logging.InMemory.csproj", "{814DA81F-5B29-44A7-BB93-5FEC11C09B6E}"
EndProject
Project("{FAE04EC0-301F-11D3-BF4B-00C04F79EFBC}") = "Annium.Logging.Microsoft", "base\Logging\src\Annium.Logging.Microsoft\Annium.Logging.Microsoft.csproj", "{79DF16EB-9A64-4F44-B94E-62EA0DE41168}"
EndProject
Project("{FAE04EC0-301F-11D3-BF4B-00C04F79EFBC}") = "Annium.Logging.Seq", "base\Logging\src\Annium.Logging.Seq\Annium.Logging.Seq.csproj", "{27657B3A-F6AA-40CE-B017-268CC4FB9E07}"
EndProject
Project("{FAE04EC0-301F-11D3-BF4B-00C04F79EFBC}") = "Annium.Logging.Shared", "base\Logging\src\Annium.Logging.Shared\Annium.Logging.Shared.csproj", "{755E557A-235A-41E2-8CE3-6F7A2C82D438}"
EndProject
Project("{FAE04EC0-301F-11D3-BF4B-00C04F79EFBC}") = "Annium.Logging.Shared.Tests", "base\Logging\test\Annium.Logging.Shared.Tests\Annium.Logging.Shared.Tests.csproj", "{CA9F254F-2BD0-47A7-9353-D92638B65227}"
EndProject
Project("{2150E333-8FDC-42A3-9474-1A3956D46DE8}") = "MongoDb", "MongoDb", "{AB5AF8BC-3D1E-437C-A09E-458134C55E42}"
EndProject
Project("{2150E333-8FDC-42A3-9474-1A3956D46DE8}") = "src", "src", "{2B82A96B-4C19-467D-AEFC-EA5E3FD46E00}"
EndProject
Project("{FAE04EC0-301F-11D3-BF4B-00C04F79EFBC}") = "Annium.MongoDb.NodaTime", "third-party\MongoDb\src\Annium.MongoDb.NodaTime\Annium.MongoDb.NodaTime.csproj", "{C048075B-5456-45C9-A2FE-0A1A45DB4399}"
EndProject
Project("{2150E333-8FDC-42A3-9474-1A3956D46DE8}") = "test", "test", "{37147A5E-0917-4CDD-8629-5F768A34A0FE}"
EndProject
Project("{FAE04EC0-301F-11D3-BF4B-00C04F79EFBC}") = "Annium.MongoDb.NodaTime.Tests", "third-party\MongoDb\test\Annium.MongoDb.NodaTime.Tests\Annium.MongoDb.NodaTime.Tests.csproj", "{FEDD80F8-309C-4508-8483-AFEDB876BD0A}"
EndProject
Project("{2150E333-8FDC-42A3-9474-1A3956D46DE8}") = "Net", "Net", "{C43ECC44-A028-4833-8AFF-C005E96147E2}"
EndProject
Project("{2150E333-8FDC-42A3-9474-1A3956D46DE8}") = "src", "src", "{B4860227-B23A-4232-88B0-02614B2BF5D5}"
EndProject
Project("{FAE04EC0-301F-11D3-BF4B-00C04F79EFBC}") = "Annium.Net.Base", "base\Net\src\Annium.Net.Base\Annium.Net.Base.csproj", "{A7EA6B5C-9DE4-4262-8405-CDFB7C444110}"
EndProject
Project("{2150E333-8FDC-42A3-9474-1A3956D46DE8}") = "test", "test", "{981C85A7-AADE-464C-BD9C-1210153B8D43}"
EndProject
Project("{FAE04EC0-301F-11D3-BF4B-00C04F79EFBC}") = "Annium.Net.Base.Tests", "base\Net\test\Annium.Net.Base.Tests\Annium.Net.Base.Tests.csproj", "{211B5D77-DC47-455D-A339-4FF7FF1D355F}"
EndProject
Project("{FAE04EC0-301F-11D3-BF4B-00C04F79EFBC}") = "Annium.Net.Http", "base\Net\src\Annium.Net.Http\Annium.Net.Http.csproj", "{2605D255-0E34-47FC-8475-5F6C2BCEE2DF}"
EndProject
Project("{FAE04EC0-301F-11D3-BF4B-00C04F79EFBC}") = "Annium.Net.Mail", "base\Net\src\Annium.Net.Mail\Annium.Net.Mail.csproj", "{FC08F529-08F4-4F58-88E9-1D6FA325EF6A}"
EndProject
Project("{FAE04EC0-301F-11D3-BF4B-00C04F79EFBC}") = "Annium.Net.Types", "base\Net\src\Annium.Net.Types\Annium.Net.Types.csproj", "{695E84B3-CA77-4DA8-9F76-D0C59FE3054F}"
EndProject
Project("{FAE04EC0-301F-11D3-BF4B-00C04F79EFBC}") = "Annium.Net.Types.Serialization.Json", "base\Net\src\Annium.Net.Types.Serialization.Json\Annium.Net.Types.Serialization.Json.csproj", "{F752782D-8F48-4FAB-BEDC-EE0A6F35C7CC}"
EndProject
Project("{FAE04EC0-301F-11D3-BF4B-00C04F79EFBC}") = "Annium.Net.Types.Serialization.Json.Tests", "base\Net\test\Annium.Net.Types.Serialization.Json.Tests\Annium.Net.Types.Serialization.Json.Tests.csproj", "{309DE18F-1077-40C5-BE14-4C5896FA90AA}"
EndProject
Project("{FAE04EC0-301F-11D3-BF4B-00C04F79EFBC}") = "Annium.Net.Types.Tests", "base\Net\test\Annium.Net.Types.Tests\Annium.Net.Types.Tests.csproj", "{784877A8-CD34-470A-AE71-6BBCECB30497}"
EndProject
Project("{FAE04EC0-301F-11D3-BF4B-00C04F79EFBC}") = "Annium.Net.Types.Tests.Base", "base\Net\test\Annium.Net.Types.Tests.Base\Annium.Net.Types.Tests.Base.csproj", "{C1D79FDC-DF55-4BA3-AA5E-DDEA87CC53E9}"
EndProject
Project("{FAE04EC0-301F-11D3-BF4B-00C04F79EFBC}") = "Annium.Net.WebSockets", "base\Net\src\Annium.Net.WebSockets\Annium.Net.WebSockets.csproj", "{C7E7A4FB-1E69-4594-BF27-C7A87A852BFC}"
EndProject
Project("{2150E333-8FDC-42A3-9474-1A3956D46DE8}") = "NodaTime", "NodaTime", "{6C30ACBB-3064-48C0-BD68-3A11E8B65C41}"
EndProject
Project("{2150E333-8FDC-42A3-9474-1A3956D46DE8}") = "src", "src", "{12B171D4-02C9-4F71-B327-81B52CDE317C}"
EndProject
Project("{FAE04EC0-301F-11D3-BF4B-00C04F79EFBC}") = "Annium.NodaTime.Extensions", "third-party\NodaTime\src\Annium.NodaTime.Extensions\Annium.NodaTime.Extensions.csproj", "{2070FF42-6915-438D-AE16-E4502598D08D}"
EndProject
Project("{2150E333-8FDC-42A3-9474-1A3956D46DE8}") = "test", "test", "{F1EED92C-E3C9-4F31-B1D8-702D63A1E756}"
EndProject
Project("{FAE04EC0-301F-11D3-BF4B-00C04F79EFBC}") = "Annium.NodaTime.Extensions.Tests", "third-party\NodaTime\test\Annium.NodaTime.Extensions.Tests\Annium.NodaTime.Extensions.Tests.csproj", "{347F9AE5-61EA-4FFC-BBB3-791A15A34BB4}"
EndProject
Project("{FAE04EC0-301F-11D3-BF4B-00C04F79EFBC}") = "Annium.NodaTime.Serialization.Json", "third-party\NodaTime\src\Annium.NodaTime.Serialization.Json\Annium.NodaTime.Serialization.Json.csproj", "{E2C11999-CF1D-44EA-8DF2-789AB7AA2292}"
EndProject
Project("{FAE04EC0-301F-11D3-BF4B-00C04F79EFBC}") = "Annium.NodaTime.Serialization.Json.Tests", "third-party\NodaTime\test\Annium.NodaTime.Serialization.Json.Tests\Annium.NodaTime.Serialization.Json.Tests.csproj", "{C740BE39-F295-46E5-8290-030B932A02CD}"
EndProject
Project("{2150E333-8FDC-42A3-9474-1A3956D46DE8}") = "Security", "Security", "{F6C68E3E-A7DC-4EC1-A003-F8BFD7DFB831}"
EndProject
Project("{2150E333-8FDC-42A3-9474-1A3956D46DE8}") = "src", "src", "{FD86AE94-19AA-40D6-9712-16158F97EC1B}"
EndProject
Project("{FAE04EC0-301F-11D3-BF4B-00C04F79EFBC}") = "Annium.Security.Cryptography", "base\Security\src\Annium.Security.Cryptography\Annium.Security.Cryptography.csproj", "{EF27DC08-0390-4F99-9F9B-F533D79E7A1A}"
EndProject
Project("{2150E333-8FDC-42A3-9474-1A3956D46DE8}") = "Serialization", "Serialization", "{749F2147-B208-4101-9F20-E5EE7E9772BC}"
EndProject
Project("{2150E333-8FDC-42A3-9474-1A3956D46DE8}") = "src", "src", "{98481CB4-A305-4ED8-871C-6F041322E588}"
EndProject
Project("{FAE04EC0-301F-11D3-BF4B-00C04F79EFBC}") = "Annium.Serialization.Abstractions", "base\Serialization\src\Annium.Serialization.Abstractions\Annium.Serialization.Abstractions.csproj", "{F1396F51-F8F2-40F2-BFAC-732BDDF2DC8A}"
EndProject
Project("{2150E333-8FDC-42A3-9474-1A3956D46DE8}") = "test", "test", "{EA41AE52-4707-48CD-AE6F-AB7351EDB473}"
EndProject
Project("{FAE04EC0-301F-11D3-BF4B-00C04F79EFBC}") = "Annium.Serialization.Abstractions.Tests", "base\Serialization\test\Annium.Serialization.Abstractions.Tests\Annium.Serialization.Abstractions.Tests.csproj", "{ED2CFA29-4332-4986-B4B0-2695C9C69642}"
EndProject
Project("{FAE04EC0-301F-11D3-BF4B-00C04F79EFBC}") = "Annium.Serialization.BinaryString", "base\Serialization\src\Annium.Serialization.BinaryString\Annium.Serialization.BinaryString.csproj", "{FA577246-B42D-4475-844D-A9ED8BCFFB38}"
EndProject
Project("{FAE04EC0-301F-11D3-BF4B-00C04F79EFBC}") = "Annium.Serialization.BinaryString.Tests", "base\Serialization\test\Annium.Serialization.BinaryString.Tests\Annium.Serialization.BinaryString.Tests.csproj", "{708A7FE3-9DC5-40E0-BBD5-40AED3B84142}"
EndProject
Project("{FAE04EC0-301F-11D3-BF4B-00C04F79EFBC}") = "Annium.Serialization.Json", "base\Serialization\src\Annium.Serialization.Json\Annium.Serialization.Json.csproj", "{1D84C9FE-0934-48A1-9202-A3764F588C1C}"
EndProject
Project("{FAE04EC0-301F-11D3-BF4B-00C04F79EFBC}") = "Annium.Serialization.Json.Tests", "base\Serialization\test\Annium.Serialization.Json.Tests\Annium.Serialization.Json.Tests.csproj", "{AF4026B9-D54A-4ADC-9205-61B39ABE9E0B}"
EndProject
Project("{FAE04EC0-301F-11D3-BF4B-00C04F79EFBC}") = "Annium.Serialization.MessagePack", "base\Serialization\src\Annium.Serialization.MessagePack\Annium.Serialization.MessagePack.csproj", "{5614B0A4-411A-4FD8-A1E8-01406C534F5B}"
EndProject
Project("{FAE04EC0-301F-11D3-BF4B-00C04F79EFBC}") = "Annium.Serialization.MessagePack.Tests", "base\Serialization\test\Annium.Serialization.MessagePack.Tests\Annium.Serialization.MessagePack.Tests.csproj", "{305E30FB-9F26-4AB6-8690-DA17718CF989}"
EndProject
Project("{FAE04EC0-301F-11D3-BF4B-00C04F79EFBC}") = "Annium.Serialization.Yaml", "base\Serialization\src\Annium.Serialization.Yaml\Annium.Serialization.Yaml.csproj", "{FFBE26D2-7E4B-46A8-A104-04A42C4EF880}"
EndProject
Project("{FAE04EC0-301F-11D3-BF4B-00C04F79EFBC}") = "Annium.Serialization.Yaml.Tests", "base\Serialization\test\Annium.Serialization.Yaml.Tests\Annium.Serialization.Yaml.Tests.csproj", "{C35B313C-B1DF-4F44-99A4-4EC8F5A0ABC1}"
EndProject
Project("{2150E333-8FDC-42A3-9474-1A3956D46DE8}") = "Sqlite", "Sqlite", "{291C0900-252C-4E9F-B736-DDA32B14F696}"
EndProject
Project("{2150E333-8FDC-42A3-9474-1A3956D46DE8}") = "src", "src", "{B048BA06-AE48-483E-9ACC-7E467A0A56A5}"
EndProject
Project("{FAE04EC0-301F-11D3-BF4B-00C04F79EFBC}") = "Annium.Sqlite.Extensions", "third-party\Sqlite\src\Annium.Sqlite.Extensions\Annium.Sqlite.Extensions.csproj", "{CDF5848B-BC61-459E-BCF2-DD00A66321CE}"
EndProject
Project("{2150E333-8FDC-42A3-9474-1A3956D46DE8}") = "Storage", "Storage", "{6B32A08A-BCC9-4719-950D-52CA55127E29}"
EndProject
Project("{2150E333-8FDC-42A3-9474-1A3956D46DE8}") = "src", "src", "{832C54C5-784A-4CF2-8E39-AAEE48D2186B}"
EndProject
Project("{FAE04EC0-301F-11D3-BF4B-00C04F79EFBC}") = "Annium.Storage.Abstractions", "base\Storage\src\Annium.Storage.Abstractions\Annium.Storage.Abstractions.csproj", "{1ED1325B-D8DA-4BB3-83D1-8BAC461052F4}"
EndProject
Project("{FAE04EC0-301F-11D3-BF4B-00C04F79EFBC}") = "Annium.Storage.FileSystem", "base\Storage\src\Annium.Storage.FileSystem\Annium.Storage.FileSystem.csproj", "{3EF017D2-72EA-43E9-8EDA-C397A35B5930}"
EndProject
Project("{2150E333-8FDC-42A3-9474-1A3956D46DE8}") = "test", "test", "{C640CEC3-9D75-4D66-B75C-928EBFD1A31A}"
EndProject
Project("{FAE04EC0-301F-11D3-BF4B-00C04F79EFBC}") = "Annium.Storage.FileSystem.Tests", "base\Storage\test\Annium.Storage.FileSystem.Tests\Annium.Storage.FileSystem.Tests.csproj", "{8E913BAF-FAAF-4FC9-B025-6F792DD42C0F}"
EndProject
Project("{FAE04EC0-301F-11D3-BF4B-00C04F79EFBC}") = "Annium.Storage.InMemory", "base\Storage\src\Annium.Storage.InMemory\Annium.Storage.InMemory.csproj", "{F589DD50-0DBC-4599-8885-9E5E5FD01236}"
EndProject
Project("{FAE04EC0-301F-11D3-BF4B-00C04F79EFBC}") = "Annium.Storage.InMemory.Tests", "base\Storage\test\Annium.Storage.InMemory.Tests\Annium.Storage.InMemory.Tests.csproj", "{8789F32F-6834-465D-939E-1F79BAB6FF0F}"
EndProject
Project("{FAE04EC0-301F-11D3-BF4B-00C04F79EFBC}") = "Annium.Storage.S3", "base\Storage\src\Annium.Storage.S3\Annium.Storage.S3.csproj", "{54C5642C-B06E-4AD6-8FC7-5615CDC52147}"
EndProject
Project("{FAE04EC0-301F-11D3-BF4B-00C04F79EFBC}") = "Annium.Storage.S3.Tests", "base\Storage\test\Annium.Storage.S3.Tests\Annium.Storage.S3.Tests.csproj", "{0449264E-A4FB-479A-85D1-ACE721F6B91E}"
EndProject
Project("{2150E333-8FDC-42A3-9474-1A3956D46DE8}") = "Testing", "Testing", "{0A2A80A4-9345-4785-8E05-CF30E1A007E1}"
EndProject
Project("{2150E333-8FDC-42A3-9474-1A3956D46DE8}") = "src", "src", "{401739FA-2F76-4168-A1EE-8208267C0319}"
EndProject
Project("{FAE04EC0-301F-11D3-BF4B-00C04F79EFBC}") = "Annium.Testing", "base\Testing\src\Annium.Testing\Annium.Testing.csproj", "{AC9B633D-3CA8-4A91-889B-00A8F47C84EE}"
EndProject
Project("{FAE04EC0-301F-11D3-BF4B-00C04F79EFBC}") = "Annium.Testing.Assertions", "base\Testing\src\Annium.Testing.Assertions\Annium.Testing.Assertions.csproj", "{B9607979-1176-4D52-9EB4-EC8DB5C13224}"
EndProject
Project("{FAE04EC0-301F-11D3-BF4B-00C04F79EFBC}") = "Annium.Testing.Lib", "base\Testing\src\Annium.Testing.Lib\Annium.Testing.Lib.csproj", "{CD3A837B-E42F-48AB-BEF6-B97D6847E0B9}"
EndProject
Project("{FAE04EC0-301F-11D3-BF4B-00C04F79EFBC}") = "Annium.Testing.TestAdapter", "base\Testing\src\Annium.Testing.TestAdapter\Annium.Testing.TestAdapter.csproj", "{9BC418AC-B5A7-4068-9966-1D85E8F11A6D}"
EndProject
Project("{2150E333-8FDC-42A3-9474-1A3956D46DE8}") = "test", "test", "{7FE46978-BB2D-4BBA-94DC-8DB71580DFD5}"
EndProject
Project("{FAE04EC0-301F-11D3-BF4B-00C04F79EFBC}") = "Annium.Testing.Tests", "base\Testing\test\Annium.Testing.Tests\Annium.Testing.Tests.csproj", "{239ADCB9-75AA-4C84-AF1D-4C8FCF7AA91F}"
EndProject
Project("{FAE04EC0-301F-11D3-BF4B-00C04F79EFBC}") = "Annium.Tests", "base\Annium\test\Annium.Tests\Annium.Tests.csproj", "{DFD0CB66-E6FB-4289-8AF5-7F0F26C92A2D}"
EndProject
Project("{2150E333-8FDC-42A3-9474-1A3956D46DE8}") = "demo", "demo", "{7C019B14-62C7-4852-B68A-8FC8A13EFA77}"
EndProject
Project("{FAE04EC0-301F-11D3-BF4B-00C04F79EFBC}") = "Demo.Core.Cli", "base\Core\demo\Demo.Core.Cli\Demo.Core.Cli.csproj", "{962E7E0D-87A2-45FA-9B9D-6ECCE7F4EE68}"
EndProject
Project("{FAE04EC0-301F-11D3-BF4B-00C04F79EFBC}") = "Demo.Core.Cli.Lib", "base\Core\demo\Demo.Core.Cli.Lib\Demo.Core.Cli.Lib.csproj", "{C3F36954-AFD4-4C1D-9422-1B385A168D2A}"
EndProject
Project("{FAE04EC0-301F-11D3-BF4B-00C04F79EFBC}") = "Demo.Core.Cli.PluginHello", "base\Core\demo\Demo.Core.Cli.PluginHello\Demo.Core.Cli.PluginHello.csproj", "{61E9D782-6E94-4DCC-8333-6D86C0798249}"
EndProject
Project("{2150E333-8FDC-42A3-9474-1A3956D46DE8}") = "demo", "demo", "{60A11B68-6EF7-4A82-9208-2C07A62A677A}"
EndProject
Project("{FAE04EC0-301F-11D3-BF4B-00C04F79EFBC}") = "Demo.Infrastructure.MessageBus.EchoServer", "base\Infrastructure\demo\Demo.Infrastructure.MessageBus.EchoServer\Demo.Infrastructure.MessageBus.EchoServer.csproj", "{81093095-62CC-4DD5-8A94-F6FD8EA7E1EB}"
EndProject
Project("{FAE04EC0-301F-11D3-BF4B-00C04F79EFBC}") = "Demo.Infrastructure.WebSockets.Client", "base\Infrastructure\demo\Demo.Infrastructure.WebSockets.Client\Demo.Infrastructure.WebSockets.Client.csproj", "{6330125E-9601-4EEC-94A5-BBA9A0415124}"
EndProject
Project("{FAE04EC0-301F-11D3-BF4B-00C04F79EFBC}") = "Demo.Infrastructure.WebSockets.Domain", "base\Infrastructure\demo\Demo.Infrastructure.WebSockets.Domain\Demo.Infrastructure.WebSockets.Domain.csproj", "{939E459D-0CC7-4DC2-B6F5-39D0176239EC}"
EndProject
Project("{FAE04EC0-301F-11D3-BF4B-00C04F79EFBC}") = "Demo.Infrastructure.WebSockets.Server", "base\Infrastructure\demo\Demo.Infrastructure.WebSockets.Server\Demo.Infrastructure.WebSockets.Server.csproj", "{945CD85D-0305-4214-B87D-488A0E0B5863}"
EndProject
Project("{2150E333-8FDC-42A3-9474-1A3956D46DE8}") = "demo", "demo", "{EFA085A5-02FF-44DD-BFBB-E1D58C582657}"
EndProject
Project("{FAE04EC0-301F-11D3-BF4B-00C04F79EFBC}") = "Demo.Logging", "base\Logging\demo\Demo.Logging\Demo.Logging.csproj", "{E030BFBA-110E-41E2-B5C8-B24D2D6B0586}"
EndProject
Project("{2150E333-8FDC-42A3-9474-1A3956D46DE8}") = "demo", "demo", "{622F6633-31D7-4BCF-97CA-5F0EF44835CB}"
EndProject
Project("{FAE04EC0-301F-11D3-BF4B-00C04F79EFBC}") = "Demo.Net.WebSockets.Client", "base\Net\demo\Demo.Net.WebSockets.Client\Demo.Net.WebSockets.Client.csproj", "{B7DECF0A-E2CF-4AD8-AB1A-22CD9A2C7FBA}"
EndProject
Project("{FAE04EC0-301F-11D3-BF4B-00C04F79EFBC}") = "Demo.Net.WebSockets.Server", "base\Net\demo\Demo.Net.WebSockets.Server\Demo.Net.WebSockets.Server.csproj", "{3887AAF0-E1B7-4028-9EF3-2B1F37A354A0}"
EndProject
Global
	GlobalSection(SolutionConfigurationPlatforms) = preSolution
		Debug|Any CPU = Debug|Any CPU
		Release|Any CPU = Release|Any CPU
	EndGlobalSection
	GlobalSection(SolutionProperties) = preSolution
		HideSolutionNode = FALSE
	EndGlobalSection
	GlobalSection(ProjectConfigurationPlatforms) = postSolution
		{70DB3E63-D170-4883-937B-89FB99B3F141}.Debug|Any CPU.ActiveCfg = Debug|Any CPU
		{70DB3E63-D170-4883-937B-89FB99B3F141}.Debug|Any CPU.Build.0 = Debug|Any CPU
		{70DB3E63-D170-4883-937B-89FB99B3F141}.Release|Any CPU.ActiveCfg = Release|Any CPU
		{70DB3E63-D170-4883-937B-89FB99B3F141}.Release|Any CPU.Build.0 = Release|Any CPU
		{1720FF7A-2267-48DD-9A31-F3EBF8DE880B}.Debug|Any CPU.ActiveCfg = Debug|Any CPU
		{1720FF7A-2267-48DD-9A31-F3EBF8DE880B}.Debug|Any CPU.Build.0 = Debug|Any CPU
		{1720FF7A-2267-48DD-9A31-F3EBF8DE880B}.Release|Any CPU.ActiveCfg = Release|Any CPU
		{1720FF7A-2267-48DD-9A31-F3EBF8DE880B}.Release|Any CPU.Build.0 = Release|Any CPU
		{94DE9D0D-9835-46D0-B97C-AD66D6AAEA8B}.Debug|Any CPU.ActiveCfg = Debug|Any CPU
		{94DE9D0D-9835-46D0-B97C-AD66D6AAEA8B}.Debug|Any CPU.Build.0 = Debug|Any CPU
		{94DE9D0D-9835-46D0-B97C-AD66D6AAEA8B}.Release|Any CPU.ActiveCfg = Release|Any CPU
		{94DE9D0D-9835-46D0-B97C-AD66D6AAEA8B}.Release|Any CPU.Build.0 = Release|Any CPU
		{DD94D06B-B3D5-4217-BA4C-22A0D5CF439C}.Debug|Any CPU.ActiveCfg = Debug|Any CPU
		{DD94D06B-B3D5-4217-BA4C-22A0D5CF439C}.Debug|Any CPU.Build.0 = Debug|Any CPU
		{DD94D06B-B3D5-4217-BA4C-22A0D5CF439C}.Release|Any CPU.ActiveCfg = Release|Any CPU
		{DD94D06B-B3D5-4217-BA4C-22A0D5CF439C}.Release|Any CPU.Build.0 = Release|Any CPU
		{805EA530-8336-47C7-83CD-064130EDBFAB}.Debug|Any CPU.ActiveCfg = Debug|Any CPU
		{805EA530-8336-47C7-83CD-064130EDBFAB}.Debug|Any CPU.Build.0 = Debug|Any CPU
		{805EA530-8336-47C7-83CD-064130EDBFAB}.Release|Any CPU.ActiveCfg = Release|Any CPU
		{805EA530-8336-47C7-83CD-064130EDBFAB}.Release|Any CPU.Build.0 = Release|Any CPU
		{C48D97F6-1817-4910-BA19-0DAA3C77AC64}.Debug|Any CPU.ActiveCfg = Debug|Any CPU
		{C48D97F6-1817-4910-BA19-0DAA3C77AC64}.Debug|Any CPU.Build.0 = Debug|Any CPU
		{C48D97F6-1817-4910-BA19-0DAA3C77AC64}.Release|Any CPU.ActiveCfg = Release|Any CPU
		{C48D97F6-1817-4910-BA19-0DAA3C77AC64}.Release|Any CPU.Build.0 = Release|Any CPU
		{325BFB1A-841B-4AF9-8E21-BF07C107A0D2}.Debug|Any CPU.ActiveCfg = Debug|Any CPU
		{325BFB1A-841B-4AF9-8E21-BF07C107A0D2}.Debug|Any CPU.Build.0 = Debug|Any CPU
		{325BFB1A-841B-4AF9-8E21-BF07C107A0D2}.Release|Any CPU.ActiveCfg = Release|Any CPU
		{325BFB1A-841B-4AF9-8E21-BF07C107A0D2}.Release|Any CPU.Build.0 = Release|Any CPU
		{9E1AD1DD-3E75-4F3D-9D64-16F7B85CD1FA}.Debug|Any CPU.ActiveCfg = Debug|Any CPU
		{9E1AD1DD-3E75-4F3D-9D64-16F7B85CD1FA}.Debug|Any CPU.Build.0 = Debug|Any CPU
		{9E1AD1DD-3E75-4F3D-9D64-16F7B85CD1FA}.Release|Any CPU.ActiveCfg = Release|Any CPU
		{9E1AD1DD-3E75-4F3D-9D64-16F7B85CD1FA}.Release|Any CPU.Build.0 = Release|Any CPU
		{66DD69B1-ED50-45D0-B51E-1ADAB280BBF0}.Debug|Any CPU.ActiveCfg = Debug|Any CPU
		{66DD69B1-ED50-45D0-B51E-1ADAB280BBF0}.Debug|Any CPU.Build.0 = Debug|Any CPU
		{66DD69B1-ED50-45D0-B51E-1ADAB280BBF0}.Release|Any CPU.ActiveCfg = Release|Any CPU
		{66DD69B1-ED50-45D0-B51E-1ADAB280BBF0}.Release|Any CPU.Build.0 = Release|Any CPU
		{F506CE77-E5D9-471A-9A2C-935E3D933E5C}.Debug|Any CPU.ActiveCfg = Debug|Any CPU
		{F506CE77-E5D9-471A-9A2C-935E3D933E5C}.Debug|Any CPU.Build.0 = Debug|Any CPU
		{F506CE77-E5D9-471A-9A2C-935E3D933E5C}.Release|Any CPU.ActiveCfg = Release|Any CPU
		{F506CE77-E5D9-471A-9A2C-935E3D933E5C}.Release|Any CPU.Build.0 = Release|Any CPU
		{AF3BB038-493C-4880-B883-96C6E61EE948}.Debug|Any CPU.ActiveCfg = Debug|Any CPU
		{AF3BB038-493C-4880-B883-96C6E61EE948}.Debug|Any CPU.Build.0 = Debug|Any CPU
		{AF3BB038-493C-4880-B883-96C6E61EE948}.Release|Any CPU.ActiveCfg = Release|Any CPU
		{AF3BB038-493C-4880-B883-96C6E61EE948}.Release|Any CPU.Build.0 = Release|Any CPU
		{922A08A2-005D-4311-956E-D53E6BFA8EBB}.Debug|Any CPU.ActiveCfg = Debug|Any CPU
		{922A08A2-005D-4311-956E-D53E6BFA8EBB}.Debug|Any CPU.Build.0 = Debug|Any CPU
		{922A08A2-005D-4311-956E-D53E6BFA8EBB}.Release|Any CPU.ActiveCfg = Release|Any CPU
		{922A08A2-005D-4311-956E-D53E6BFA8EBB}.Release|Any CPU.Build.0 = Release|Any CPU
		{2511C53A-B806-4435-A161-5C4C725B190F}.Debug|Any CPU.ActiveCfg = Debug|Any CPU
		{2511C53A-B806-4435-A161-5C4C725B190F}.Debug|Any CPU.Build.0 = Debug|Any CPU
		{2511C53A-B806-4435-A161-5C4C725B190F}.Release|Any CPU.ActiveCfg = Release|Any CPU
		{2511C53A-B806-4435-A161-5C4C725B190F}.Release|Any CPU.Build.0 = Release|Any CPU
		{080301A7-C665-433A-9704-5D3029AB5236}.Debug|Any CPU.ActiveCfg = Debug|Any CPU
		{080301A7-C665-433A-9704-5D3029AB5236}.Debug|Any CPU.Build.0 = Debug|Any CPU
		{080301A7-C665-433A-9704-5D3029AB5236}.Release|Any CPU.ActiveCfg = Release|Any CPU
		{080301A7-C665-433A-9704-5D3029AB5236}.Release|Any CPU.Build.0 = Release|Any CPU
		{E888271F-94CA-4DF3-8D90-2B7D7AB3701C}.Debug|Any CPU.ActiveCfg = Debug|Any CPU
		{E888271F-94CA-4DF3-8D90-2B7D7AB3701C}.Debug|Any CPU.Build.0 = Debug|Any CPU
		{E888271F-94CA-4DF3-8D90-2B7D7AB3701C}.Release|Any CPU.ActiveCfg = Release|Any CPU
		{E888271F-94CA-4DF3-8D90-2B7D7AB3701C}.Release|Any CPU.Build.0 = Release|Any CPU
		{D3469A97-F8B4-4B5E-B71B-E991DBAFD4A0}.Debug|Any CPU.ActiveCfg = Debug|Any CPU
		{D3469A97-F8B4-4B5E-B71B-E991DBAFD4A0}.Debug|Any CPU.Build.0 = Debug|Any CPU
		{D3469A97-F8B4-4B5E-B71B-E991DBAFD4A0}.Release|Any CPU.ActiveCfg = Release|Any CPU
		{D3469A97-F8B4-4B5E-B71B-E991DBAFD4A0}.Release|Any CPU.Build.0 = Release|Any CPU
		{8E4A1527-116B-472B-9BD3-6414B9F9AEB4}.Debug|Any CPU.ActiveCfg = Debug|Any CPU
		{8E4A1527-116B-472B-9BD3-6414B9F9AEB4}.Debug|Any CPU.Build.0 = Debug|Any CPU
		{8E4A1527-116B-472B-9BD3-6414B9F9AEB4}.Release|Any CPU.ActiveCfg = Release|Any CPU
		{8E4A1527-116B-472B-9BD3-6414B9F9AEB4}.Release|Any CPU.Build.0 = Release|Any CPU
		{B56ACB0C-811B-48DF-B481-C48CF360AF4B}.Debug|Any CPU.ActiveCfg = Debug|Any CPU
		{B56ACB0C-811B-48DF-B481-C48CF360AF4B}.Debug|Any CPU.Build.0 = Debug|Any CPU
		{B56ACB0C-811B-48DF-B481-C48CF360AF4B}.Release|Any CPU.ActiveCfg = Release|Any CPU
		{B56ACB0C-811B-48DF-B481-C48CF360AF4B}.Release|Any CPU.Build.0 = Release|Any CPU
		{2E216659-A550-4462-B6E2-F27639BBD593}.Debug|Any CPU.ActiveCfg = Debug|Any CPU
		{2E216659-A550-4462-B6E2-F27639BBD593}.Debug|Any CPU.Build.0 = Debug|Any CPU
		{2E216659-A550-4462-B6E2-F27639BBD593}.Release|Any CPU.ActiveCfg = Release|Any CPU
		{2E216659-A550-4462-B6E2-F27639BBD593}.Release|Any CPU.Build.0 = Release|Any CPU
		{A9A9C351-C6F2-405E-A516-665337798506}.Debug|Any CPU.ActiveCfg = Debug|Any CPU
		{A9A9C351-C6F2-405E-A516-665337798506}.Debug|Any CPU.Build.0 = Debug|Any CPU
		{A9A9C351-C6F2-405E-A516-665337798506}.Release|Any CPU.ActiveCfg = Release|Any CPU
		{A9A9C351-C6F2-405E-A516-665337798506}.Release|Any CPU.Build.0 = Release|Any CPU
		{47AFEAB5-58E0-420B-B980-02EF1E616C27}.Debug|Any CPU.ActiveCfg = Debug|Any CPU
		{47AFEAB5-58E0-420B-B980-02EF1E616C27}.Debug|Any CPU.Build.0 = Debug|Any CPU
		{47AFEAB5-58E0-420B-B980-02EF1E616C27}.Release|Any CPU.ActiveCfg = Release|Any CPU
		{47AFEAB5-58E0-420B-B980-02EF1E616C27}.Release|Any CPU.Build.0 = Release|Any CPU
		{4B314483-F8F6-4399-BD3D-C7955BE503F9}.Debug|Any CPU.ActiveCfg = Debug|Any CPU
		{4B314483-F8F6-4399-BD3D-C7955BE503F9}.Debug|Any CPU.Build.0 = Debug|Any CPU
		{4B314483-F8F6-4399-BD3D-C7955BE503F9}.Release|Any CPU.ActiveCfg = Release|Any CPU
		{4B314483-F8F6-4399-BD3D-C7955BE503F9}.Release|Any CPU.Build.0 = Release|Any CPU
		{CD932AB5-8C00-4941-9D9D-FFA0BD7693C4}.Debug|Any CPU.ActiveCfg = Debug|Any CPU
		{CD932AB5-8C00-4941-9D9D-FFA0BD7693C4}.Debug|Any CPU.Build.0 = Debug|Any CPU
		{CD932AB5-8C00-4941-9D9D-FFA0BD7693C4}.Release|Any CPU.ActiveCfg = Release|Any CPU
		{CD932AB5-8C00-4941-9D9D-FFA0BD7693C4}.Release|Any CPU.Build.0 = Release|Any CPU
		{75904960-C7DE-4751-B626-DA49A6DB70ED}.Debug|Any CPU.ActiveCfg = Debug|Any CPU
		{75904960-C7DE-4751-B626-DA49A6DB70ED}.Debug|Any CPU.Build.0 = Debug|Any CPU
		{75904960-C7DE-4751-B626-DA49A6DB70ED}.Release|Any CPU.ActiveCfg = Release|Any CPU
		{75904960-C7DE-4751-B626-DA49A6DB70ED}.Release|Any CPU.Build.0 = Release|Any CPU
		{1788CFF7-1665-4C6C-984B-B8EE13849266}.Debug|Any CPU.ActiveCfg = Debug|Any CPU
		{1788CFF7-1665-4C6C-984B-B8EE13849266}.Debug|Any CPU.Build.0 = Debug|Any CPU
		{1788CFF7-1665-4C6C-984B-B8EE13849266}.Release|Any CPU.ActiveCfg = Release|Any CPU
		{1788CFF7-1665-4C6C-984B-B8EE13849266}.Release|Any CPU.Build.0 = Release|Any CPU
		{0957E6FD-BA68-45AF-B6BE-84252E73B0D9}.Debug|Any CPU.ActiveCfg = Debug|Any CPU
		{0957E6FD-BA68-45AF-B6BE-84252E73B0D9}.Debug|Any CPU.Build.0 = Debug|Any CPU
		{0957E6FD-BA68-45AF-B6BE-84252E73B0D9}.Release|Any CPU.ActiveCfg = Release|Any CPU
		{0957E6FD-BA68-45AF-B6BE-84252E73B0D9}.Release|Any CPU.Build.0 = Release|Any CPU
		{A3A21FB2-790C-49F4-BC07-FB8C978DB422}.Debug|Any CPU.ActiveCfg = Debug|Any CPU
		{A3A21FB2-790C-49F4-BC07-FB8C978DB422}.Debug|Any CPU.Build.0 = Debug|Any CPU
		{A3A21FB2-790C-49F4-BC07-FB8C978DB422}.Release|Any CPU.ActiveCfg = Release|Any CPU
		{A3A21FB2-790C-49F4-BC07-FB8C978DB422}.Release|Any CPU.Build.0 = Release|Any CPU
		{720E2DF7-C8F8-4A4A-B6AB-4453BB3558CC}.Debug|Any CPU.ActiveCfg = Debug|Any CPU
		{720E2DF7-C8F8-4A4A-B6AB-4453BB3558CC}.Debug|Any CPU.Build.0 = Debug|Any CPU
		{720E2DF7-C8F8-4A4A-B6AB-4453BB3558CC}.Release|Any CPU.ActiveCfg = Release|Any CPU
		{720E2DF7-C8F8-4A4A-B6AB-4453BB3558CC}.Release|Any CPU.Build.0 = Release|Any CPU
		{CA6BDE16-6C8A-4598-860A-21DA0B1F2148}.Debug|Any CPU.ActiveCfg = Debug|Any CPU
		{CA6BDE16-6C8A-4598-860A-21DA0B1F2148}.Debug|Any CPU.Build.0 = Debug|Any CPU
		{CA6BDE16-6C8A-4598-860A-21DA0B1F2148}.Release|Any CPU.ActiveCfg = Release|Any CPU
		{CA6BDE16-6C8A-4598-860A-21DA0B1F2148}.Release|Any CPU.Build.0 = Release|Any CPU
		{98A8D700-6696-40EA-BE07-0FF8A1B13462}.Debug|Any CPU.ActiveCfg = Debug|Any CPU
		{98A8D700-6696-40EA-BE07-0FF8A1B13462}.Debug|Any CPU.Build.0 = Debug|Any CPU
		{98A8D700-6696-40EA-BE07-0FF8A1B13462}.Release|Any CPU.ActiveCfg = Release|Any CPU
		{98A8D700-6696-40EA-BE07-0FF8A1B13462}.Release|Any CPU.Build.0 = Release|Any CPU
		{38677349-D47B-4847-94CD-4CBAE3B4B705}.Debug|Any CPU.ActiveCfg = Debug|Any CPU
		{38677349-D47B-4847-94CD-4CBAE3B4B705}.Debug|Any CPU.Build.0 = Debug|Any CPU
		{38677349-D47B-4847-94CD-4CBAE3B4B705}.Release|Any CPU.ActiveCfg = Release|Any CPU
		{38677349-D47B-4847-94CD-4CBAE3B4B705}.Release|Any CPU.Build.0 = Release|Any CPU
		{D4CDF56D-DFF0-4D9A-B916-85F56D387D35}.Debug|Any CPU.ActiveCfg = Debug|Any CPU
		{D4CDF56D-DFF0-4D9A-B916-85F56D387D35}.Debug|Any CPU.Build.0 = Debug|Any CPU
		{D4CDF56D-DFF0-4D9A-B916-85F56D387D35}.Release|Any CPU.ActiveCfg = Release|Any CPU
		{D4CDF56D-DFF0-4D9A-B916-85F56D387D35}.Release|Any CPU.Build.0 = Release|Any CPU
		{A0DD3AB4-C8FB-4568-ABC1-74C8761FDA52}.Debug|Any CPU.ActiveCfg = Debug|Any CPU
		{A0DD3AB4-C8FB-4568-ABC1-74C8761FDA52}.Debug|Any CPU.Build.0 = Debug|Any CPU
		{A0DD3AB4-C8FB-4568-ABC1-74C8761FDA52}.Release|Any CPU.ActiveCfg = Release|Any CPU
		{A0DD3AB4-C8FB-4568-ABC1-74C8761FDA52}.Release|Any CPU.Build.0 = Release|Any CPU
		{5E875ABE-A0A9-4AD1-B601-A24710CA8554}.Debug|Any CPU.ActiveCfg = Debug|Any CPU
		{5E875ABE-A0A9-4AD1-B601-A24710CA8554}.Debug|Any CPU.Build.0 = Debug|Any CPU
		{5E875ABE-A0A9-4AD1-B601-A24710CA8554}.Release|Any CPU.ActiveCfg = Release|Any CPU
		{5E875ABE-A0A9-4AD1-B601-A24710CA8554}.Release|Any CPU.Build.0 = Release|Any CPU
		{88F98CFB-729D-45C2-B641-443B953EE502}.Debug|Any CPU.ActiveCfg = Debug|Any CPU
		{88F98CFB-729D-45C2-B641-443B953EE502}.Debug|Any CPU.Build.0 = Debug|Any CPU
		{88F98CFB-729D-45C2-B641-443B953EE502}.Release|Any CPU.ActiveCfg = Release|Any CPU
		{88F98CFB-729D-45C2-B641-443B953EE502}.Release|Any CPU.Build.0 = Release|Any CPU
		{079273B2-9FB6-4BDC-8BED-B6AA80D75F0C}.Debug|Any CPU.ActiveCfg = Debug|Any CPU
		{079273B2-9FB6-4BDC-8BED-B6AA80D75F0C}.Debug|Any CPU.Build.0 = Debug|Any CPU
		{079273B2-9FB6-4BDC-8BED-B6AA80D75F0C}.Release|Any CPU.ActiveCfg = Release|Any CPU
		{079273B2-9FB6-4BDC-8BED-B6AA80D75F0C}.Release|Any CPU.Build.0 = Release|Any CPU
		{ABCE86CA-2CD7-4D94-86D7-809AFE42CCBC}.Debug|Any CPU.ActiveCfg = Debug|Any CPU
		{ABCE86CA-2CD7-4D94-86D7-809AFE42CCBC}.Debug|Any CPU.Build.0 = Debug|Any CPU
		{ABCE86CA-2CD7-4D94-86D7-809AFE42CCBC}.Release|Any CPU.ActiveCfg = Release|Any CPU
		{ABCE86CA-2CD7-4D94-86D7-809AFE42CCBC}.Release|Any CPU.Build.0 = Release|Any CPU
		{D79B51B3-8D4F-4159-838D-00A80A0FE2F7}.Debug|Any CPU.ActiveCfg = Debug|Any CPU
		{D79B51B3-8D4F-4159-838D-00A80A0FE2F7}.Debug|Any CPU.Build.0 = Debug|Any CPU
		{D79B51B3-8D4F-4159-838D-00A80A0FE2F7}.Release|Any CPU.ActiveCfg = Release|Any CPU
		{D79B51B3-8D4F-4159-838D-00A80A0FE2F7}.Release|Any CPU.Build.0 = Release|Any CPU
		{96A05806-A22C-46B6-8C04-04BCB4414987}.Debug|Any CPU.ActiveCfg = Debug|Any CPU
		{96A05806-A22C-46B6-8C04-04BCB4414987}.Debug|Any CPU.Build.0 = Debug|Any CPU
		{96A05806-A22C-46B6-8C04-04BCB4414987}.Release|Any CPU.ActiveCfg = Release|Any CPU
		{96A05806-A22C-46B6-8C04-04BCB4414987}.Release|Any CPU.Build.0 = Release|Any CPU
		{A28731FB-3C6D-40A6-A46D-B12006AB19D6}.Debug|Any CPU.ActiveCfg = Debug|Any CPU
		{A28731FB-3C6D-40A6-A46D-B12006AB19D6}.Debug|Any CPU.Build.0 = Debug|Any CPU
		{A28731FB-3C6D-40A6-A46D-B12006AB19D6}.Release|Any CPU.ActiveCfg = Release|Any CPU
		{A28731FB-3C6D-40A6-A46D-B12006AB19D6}.Release|Any CPU.Build.0 = Release|Any CPU
		{41B17CDE-1EC2-4620-951E-54271465BA8B}.Debug|Any CPU.ActiveCfg = Debug|Any CPU
		{41B17CDE-1EC2-4620-951E-54271465BA8B}.Debug|Any CPU.Build.0 = Debug|Any CPU
		{41B17CDE-1EC2-4620-951E-54271465BA8B}.Release|Any CPU.ActiveCfg = Release|Any CPU
		{41B17CDE-1EC2-4620-951E-54271465BA8B}.Release|Any CPU.Build.0 = Release|Any CPU
		{058FBD2A-B73C-47E3-B418-90206DF03A6A}.Debug|Any CPU.ActiveCfg = Debug|Any CPU
		{058FBD2A-B73C-47E3-B418-90206DF03A6A}.Debug|Any CPU.Build.0 = Debug|Any CPU
		{058FBD2A-B73C-47E3-B418-90206DF03A6A}.Release|Any CPU.ActiveCfg = Release|Any CPU
		{058FBD2A-B73C-47E3-B418-90206DF03A6A}.Release|Any CPU.Build.0 = Release|Any CPU
		{DFF351C0-9E21-431C-B6B8-FEF713D9A336}.Debug|Any CPU.ActiveCfg = Debug|Any CPU
		{DFF351C0-9E21-431C-B6B8-FEF713D9A336}.Debug|Any CPU.Build.0 = Debug|Any CPU
		{DFF351C0-9E21-431C-B6B8-FEF713D9A336}.Release|Any CPU.ActiveCfg = Release|Any CPU
		{DFF351C0-9E21-431C-B6B8-FEF713D9A336}.Release|Any CPU.Build.0 = Release|Any CPU
		{E5DE59B6-BFE7-404A-9D9A-024E5553D8ED}.Debug|Any CPU.ActiveCfg = Debug|Any CPU
		{E5DE59B6-BFE7-404A-9D9A-024E5553D8ED}.Debug|Any CPU.Build.0 = Debug|Any CPU
		{E5DE59B6-BFE7-404A-9D9A-024E5553D8ED}.Release|Any CPU.ActiveCfg = Release|Any CPU
		{E5DE59B6-BFE7-404A-9D9A-024E5553D8ED}.Release|Any CPU.Build.0 = Release|Any CPU
		{33889B15-F4C9-48E8-B796-2C1C0BAD33BE}.Debug|Any CPU.ActiveCfg = Debug|Any CPU
		{33889B15-F4C9-48E8-B796-2C1C0BAD33BE}.Debug|Any CPU.Build.0 = Debug|Any CPU
		{33889B15-F4C9-48E8-B796-2C1C0BAD33BE}.Release|Any CPU.ActiveCfg = Release|Any CPU
		{33889B15-F4C9-48E8-B796-2C1C0BAD33BE}.Release|Any CPU.Build.0 = Release|Any CPU
		{65C8BD27-B3B3-41E5-B5A9-7D5A2CA6B867}.Debug|Any CPU.ActiveCfg = Debug|Any CPU
		{65C8BD27-B3B3-41E5-B5A9-7D5A2CA6B867}.Debug|Any CPU.Build.0 = Debug|Any CPU
		{65C8BD27-B3B3-41E5-B5A9-7D5A2CA6B867}.Release|Any CPU.ActiveCfg = Release|Any CPU
		{65C8BD27-B3B3-41E5-B5A9-7D5A2CA6B867}.Release|Any CPU.Build.0 = Release|Any CPU
		{EFCAA17B-5E9A-4D3E-9A92-C52B91624FC7}.Debug|Any CPU.ActiveCfg = Debug|Any CPU
		{EFCAA17B-5E9A-4D3E-9A92-C52B91624FC7}.Debug|Any CPU.Build.0 = Debug|Any CPU
		{EFCAA17B-5E9A-4D3E-9A92-C52B91624FC7}.Release|Any CPU.ActiveCfg = Release|Any CPU
		{EFCAA17B-5E9A-4D3E-9A92-C52B91624FC7}.Release|Any CPU.Build.0 = Release|Any CPU
		{22D8A33C-4DFC-4EC7-9C13-6EB35F4932EE}.Debug|Any CPU.ActiveCfg = Debug|Any CPU
		{22D8A33C-4DFC-4EC7-9C13-6EB35F4932EE}.Debug|Any CPU.Build.0 = Debug|Any CPU
		{22D8A33C-4DFC-4EC7-9C13-6EB35F4932EE}.Release|Any CPU.ActiveCfg = Release|Any CPU
		{22D8A33C-4DFC-4EC7-9C13-6EB35F4932EE}.Release|Any CPU.Build.0 = Release|Any CPU
		{6F79ACD0-956D-4A74-B600-3A68AEE509E2}.Debug|Any CPU.ActiveCfg = Debug|Any CPU
		{6F79ACD0-956D-4A74-B600-3A68AEE509E2}.Debug|Any CPU.Build.0 = Debug|Any CPU
		{6F79ACD0-956D-4A74-B600-3A68AEE509E2}.Release|Any CPU.ActiveCfg = Release|Any CPU
		{6F79ACD0-956D-4A74-B600-3A68AEE509E2}.Release|Any CPU.Build.0 = Release|Any CPU
		{A788B204-320D-46BE-BE6C-9788326E1870}.Debug|Any CPU.ActiveCfg = Debug|Any CPU
		{A788B204-320D-46BE-BE6C-9788326E1870}.Debug|Any CPU.Build.0 = Debug|Any CPU
		{A788B204-320D-46BE-BE6C-9788326E1870}.Release|Any CPU.ActiveCfg = Release|Any CPU
		{A788B204-320D-46BE-BE6C-9788326E1870}.Release|Any CPU.Build.0 = Release|Any CPU
		{01065D07-704B-4E98-9DF5-FC4668A9D704}.Debug|Any CPU.ActiveCfg = Debug|Any CPU
		{01065D07-704B-4E98-9DF5-FC4668A9D704}.Debug|Any CPU.Build.0 = Debug|Any CPU
		{01065D07-704B-4E98-9DF5-FC4668A9D704}.Release|Any CPU.ActiveCfg = Release|Any CPU
		{01065D07-704B-4E98-9DF5-FC4668A9D704}.Release|Any CPU.Build.0 = Release|Any CPU
		{3EBE3476-5A71-4851-9B00-C5CE3C6DFAEE}.Debug|Any CPU.ActiveCfg = Debug|Any CPU
		{3EBE3476-5A71-4851-9B00-C5CE3C6DFAEE}.Debug|Any CPU.Build.0 = Debug|Any CPU
		{3EBE3476-5A71-4851-9B00-C5CE3C6DFAEE}.Release|Any CPU.ActiveCfg = Release|Any CPU
		{3EBE3476-5A71-4851-9B00-C5CE3C6DFAEE}.Release|Any CPU.Build.0 = Release|Any CPU
		{E98FD8BE-2A86-4EB3-B12E-33EFCCE29E8B}.Debug|Any CPU.ActiveCfg = Debug|Any CPU
		{E98FD8BE-2A86-4EB3-B12E-33EFCCE29E8B}.Debug|Any CPU.Build.0 = Debug|Any CPU
		{E98FD8BE-2A86-4EB3-B12E-33EFCCE29E8B}.Release|Any CPU.ActiveCfg = Release|Any CPU
		{E98FD8BE-2A86-4EB3-B12E-33EFCCE29E8B}.Release|Any CPU.Build.0 = Release|Any CPU
		{C3E9DC58-8C30-4AFB-8232-183133F2964E}.Debug|Any CPU.ActiveCfg = Debug|Any CPU
		{C3E9DC58-8C30-4AFB-8232-183133F2964E}.Debug|Any CPU.Build.0 = Debug|Any CPU
		{C3E9DC58-8C30-4AFB-8232-183133F2964E}.Release|Any CPU.ActiveCfg = Release|Any CPU
		{C3E9DC58-8C30-4AFB-8232-183133F2964E}.Release|Any CPU.Build.0 = Release|Any CPU
		{5B1094C3-C31B-4052-9705-80727F42E76A}.Debug|Any CPU.ActiveCfg = Debug|Any CPU
		{5B1094C3-C31B-4052-9705-80727F42E76A}.Debug|Any CPU.Build.0 = Debug|Any CPU
		{5B1094C3-C31B-4052-9705-80727F42E76A}.Release|Any CPU.ActiveCfg = Release|Any CPU
		{5B1094C3-C31B-4052-9705-80727F42E76A}.Release|Any CPU.Build.0 = Release|Any CPU
		{98C25406-B43C-428E-94B2-7F6950B60A5C}.Debug|Any CPU.ActiveCfg = Debug|Any CPU
		{98C25406-B43C-428E-94B2-7F6950B60A5C}.Debug|Any CPU.Build.0 = Debug|Any CPU
		{98C25406-B43C-428E-94B2-7F6950B60A5C}.Release|Any CPU.ActiveCfg = Release|Any CPU
		{98C25406-B43C-428E-94B2-7F6950B60A5C}.Release|Any CPU.Build.0 = Release|Any CPU
		{30898273-E63D-4AC4-B073-CE03541DC517}.Debug|Any CPU.ActiveCfg = Debug|Any CPU
		{30898273-E63D-4AC4-B073-CE03541DC517}.Debug|Any CPU.Build.0 = Debug|Any CPU
		{30898273-E63D-4AC4-B073-CE03541DC517}.Release|Any CPU.ActiveCfg = Release|Any CPU
		{30898273-E63D-4AC4-B073-CE03541DC517}.Release|Any CPU.Build.0 = Release|Any CPU
		{6996643A-FD50-4D1D-9EC1-C5B5AC1A507B}.Debug|Any CPU.ActiveCfg = Debug|Any CPU
		{6996643A-FD50-4D1D-9EC1-C5B5AC1A507B}.Debug|Any CPU.Build.0 = Debug|Any CPU
		{6996643A-FD50-4D1D-9EC1-C5B5AC1A507B}.Release|Any CPU.ActiveCfg = Release|Any CPU
		{6996643A-FD50-4D1D-9EC1-C5B5AC1A507B}.Release|Any CPU.Build.0 = Release|Any CPU
		{30B133F0-331C-4F07-A825-8775DD682C48}.Debug|Any CPU.ActiveCfg = Debug|Any CPU
		{30B133F0-331C-4F07-A825-8775DD682C48}.Debug|Any CPU.Build.0 = Debug|Any CPU
		{30B133F0-331C-4F07-A825-8775DD682C48}.Release|Any CPU.ActiveCfg = Release|Any CPU
		{30B133F0-331C-4F07-A825-8775DD682C48}.Release|Any CPU.Build.0 = Release|Any CPU
		{C7D98B23-F943-4593-9CBB-57E7B33A74FA}.Debug|Any CPU.ActiveCfg = Debug|Any CPU
		{C7D98B23-F943-4593-9CBB-57E7B33A74FA}.Debug|Any CPU.Build.0 = Debug|Any CPU
		{C7D98B23-F943-4593-9CBB-57E7B33A74FA}.Release|Any CPU.ActiveCfg = Release|Any CPU
		{C7D98B23-F943-4593-9CBB-57E7B33A74FA}.Release|Any CPU.Build.0 = Release|Any CPU
		{CA57E46F-CDC8-496F-83BC-0DA5D6E25FC2}.Debug|Any CPU.ActiveCfg = Debug|Any CPU
		{CA57E46F-CDC8-496F-83BC-0DA5D6E25FC2}.Debug|Any CPU.Build.0 = Debug|Any CPU
		{CA57E46F-CDC8-496F-83BC-0DA5D6E25FC2}.Release|Any CPU.ActiveCfg = Release|Any CPU
		{CA57E46F-CDC8-496F-83BC-0DA5D6E25FC2}.Release|Any CPU.Build.0 = Release|Any CPU
		{1A1B46AD-F0C1-4EF3-8D6D-6F7ED40F5124}.Debug|Any CPU.ActiveCfg = Debug|Any CPU
		{1A1B46AD-F0C1-4EF3-8D6D-6F7ED40F5124}.Debug|Any CPU.Build.0 = Debug|Any CPU
		{1A1B46AD-F0C1-4EF3-8D6D-6F7ED40F5124}.Release|Any CPU.ActiveCfg = Release|Any CPU
		{1A1B46AD-F0C1-4EF3-8D6D-6F7ED40F5124}.Release|Any CPU.Build.0 = Release|Any CPU
		{D399523B-6112-4E2A-883B-6E10D25D5C1E}.Debug|Any CPU.ActiveCfg = Debug|Any CPU
		{D399523B-6112-4E2A-883B-6E10D25D5C1E}.Debug|Any CPU.Build.0 = Debug|Any CPU
		{D399523B-6112-4E2A-883B-6E10D25D5C1E}.Release|Any CPU.ActiveCfg = Release|Any CPU
		{D399523B-6112-4E2A-883B-6E10D25D5C1E}.Release|Any CPU.Build.0 = Release|Any CPU
		{32F2740A-3DC4-46CA-8061-083B461F25D1}.Debug|Any CPU.ActiveCfg = Debug|Any CPU
		{32F2740A-3DC4-46CA-8061-083B461F25D1}.Debug|Any CPU.Build.0 = Debug|Any CPU
		{32F2740A-3DC4-46CA-8061-083B461F25D1}.Release|Any CPU.ActiveCfg = Release|Any CPU
		{32F2740A-3DC4-46CA-8061-083B461F25D1}.Release|Any CPU.Build.0 = Release|Any CPU
		{E5B15AFA-F98F-4E56-ACD0-EA587F531F2F}.Debug|Any CPU.ActiveCfg = Debug|Any CPU
		{E5B15AFA-F98F-4E56-ACD0-EA587F531F2F}.Debug|Any CPU.Build.0 = Debug|Any CPU
		{E5B15AFA-F98F-4E56-ACD0-EA587F531F2F}.Release|Any CPU.ActiveCfg = Release|Any CPU
		{E5B15AFA-F98F-4E56-ACD0-EA587F531F2F}.Release|Any CPU.Build.0 = Release|Any CPU
		{520983E3-103B-47C9-8A62-7CCAD6F186B5}.Debug|Any CPU.ActiveCfg = Debug|Any CPU
		{520983E3-103B-47C9-8A62-7CCAD6F186B5}.Debug|Any CPU.Build.0 = Debug|Any CPU
		{520983E3-103B-47C9-8A62-7CCAD6F186B5}.Release|Any CPU.ActiveCfg = Release|Any CPU
		{520983E3-103B-47C9-8A62-7CCAD6F186B5}.Release|Any CPU.Build.0 = Release|Any CPU
		{E7E10335-1970-4DFD-8A7D-A589D25A0516}.Debug|Any CPU.ActiveCfg = Debug|Any CPU
		{E7E10335-1970-4DFD-8A7D-A589D25A0516}.Debug|Any CPU.Build.0 = Debug|Any CPU
		{E7E10335-1970-4DFD-8A7D-A589D25A0516}.Release|Any CPU.ActiveCfg = Release|Any CPU
		{E7E10335-1970-4DFD-8A7D-A589D25A0516}.Release|Any CPU.Build.0 = Release|Any CPU
		{27BF2B37-A8DC-49A1-852A-889132CA009C}.Debug|Any CPU.ActiveCfg = Debug|Any CPU
		{27BF2B37-A8DC-49A1-852A-889132CA009C}.Debug|Any CPU.Build.0 = Debug|Any CPU
		{27BF2B37-A8DC-49A1-852A-889132CA009C}.Release|Any CPU.ActiveCfg = Release|Any CPU
		{27BF2B37-A8DC-49A1-852A-889132CA009C}.Release|Any CPU.Build.0 = Release|Any CPU
		{10286C9F-E81D-40F4-9B0E-ADC7C757FBF6}.Debug|Any CPU.ActiveCfg = Debug|Any CPU
		{10286C9F-E81D-40F4-9B0E-ADC7C757FBF6}.Debug|Any CPU.Build.0 = Debug|Any CPU
		{10286C9F-E81D-40F4-9B0E-ADC7C757FBF6}.Release|Any CPU.ActiveCfg = Release|Any CPU
		{10286C9F-E81D-40F4-9B0E-ADC7C757FBF6}.Release|Any CPU.Build.0 = Release|Any CPU
		{78397B6B-BD69-4DE7-B1B3-4C9E574B3DD9}.Debug|Any CPU.ActiveCfg = Debug|Any CPU
		{78397B6B-BD69-4DE7-B1B3-4C9E574B3DD9}.Debug|Any CPU.Build.0 = Debug|Any CPU
		{78397B6B-BD69-4DE7-B1B3-4C9E574B3DD9}.Release|Any CPU.ActiveCfg = Release|Any CPU
		{78397B6B-BD69-4DE7-B1B3-4C9E574B3DD9}.Release|Any CPU.Build.0 = Release|Any CPU
		{A23FCB24-CE57-484B-967D-4A25A78A78AB}.Debug|Any CPU.ActiveCfg = Debug|Any CPU
		{A23FCB24-CE57-484B-967D-4A25A78A78AB}.Debug|Any CPU.Build.0 = Debug|Any CPU
		{A23FCB24-CE57-484B-967D-4A25A78A78AB}.Release|Any CPU.ActiveCfg = Release|Any CPU
		{A23FCB24-CE57-484B-967D-4A25A78A78AB}.Release|Any CPU.Build.0 = Release|Any CPU
		{8A17092B-8D38-4590-961D-89199FE0AE55}.Debug|Any CPU.ActiveCfg = Debug|Any CPU
		{8A17092B-8D38-4590-961D-89199FE0AE55}.Debug|Any CPU.Build.0 = Debug|Any CPU
		{8A17092B-8D38-4590-961D-89199FE0AE55}.Release|Any CPU.ActiveCfg = Release|Any CPU
		{8A17092B-8D38-4590-961D-89199FE0AE55}.Release|Any CPU.Build.0 = Release|Any CPU
		{E90D2EF9-5AF6-44DE-83ED-40499A327600}.Debug|Any CPU.ActiveCfg = Debug|Any CPU
		{E90D2EF9-5AF6-44DE-83ED-40499A327600}.Debug|Any CPU.Build.0 = Debug|Any CPU
		{E90D2EF9-5AF6-44DE-83ED-40499A327600}.Release|Any CPU.ActiveCfg = Release|Any CPU
		{E90D2EF9-5AF6-44DE-83ED-40499A327600}.Release|Any CPU.Build.0 = Release|Any CPU
		{A6DD9C68-8529-4E05-B166-432511860FE4}.Debug|Any CPU.ActiveCfg = Debug|Any CPU
		{A6DD9C68-8529-4E05-B166-432511860FE4}.Debug|Any CPU.Build.0 = Debug|Any CPU
		{A6DD9C68-8529-4E05-B166-432511860FE4}.Release|Any CPU.ActiveCfg = Release|Any CPU
		{A6DD9C68-8529-4E05-B166-432511860FE4}.Release|Any CPU.Build.0 = Release|Any CPU
		{98C6226B-46E7-4487-BBC5-4D47F26F849A}.Debug|Any CPU.ActiveCfg = Debug|Any CPU
		{98C6226B-46E7-4487-BBC5-4D47F26F849A}.Debug|Any CPU.Build.0 = Debug|Any CPU
		{98C6226B-46E7-4487-BBC5-4D47F26F849A}.Release|Any CPU.ActiveCfg = Release|Any CPU
		{98C6226B-46E7-4487-BBC5-4D47F26F849A}.Release|Any CPU.Build.0 = Release|Any CPU
		{8FF9EE73-B808-47A9-AA62-90D0FE425B2D}.Debug|Any CPU.ActiveCfg = Debug|Any CPU
		{8FF9EE73-B808-47A9-AA62-90D0FE425B2D}.Debug|Any CPU.Build.0 = Debug|Any CPU
		{8FF9EE73-B808-47A9-AA62-90D0FE425B2D}.Release|Any CPU.ActiveCfg = Release|Any CPU
		{8FF9EE73-B808-47A9-AA62-90D0FE425B2D}.Release|Any CPU.Build.0 = Release|Any CPU
		{24C3A08D-99E1-48FA-9B45-9C94A52125F3}.Debug|Any CPU.ActiveCfg = Debug|Any CPU
		{24C3A08D-99E1-48FA-9B45-9C94A52125F3}.Debug|Any CPU.Build.0 = Debug|Any CPU
		{24C3A08D-99E1-48FA-9B45-9C94A52125F3}.Release|Any CPU.ActiveCfg = Release|Any CPU
		{24C3A08D-99E1-48FA-9B45-9C94A52125F3}.Release|Any CPU.Build.0 = Release|Any CPU
		{D4C911F3-D7B6-414B-A216-945E09B10321}.Debug|Any CPU.ActiveCfg = Debug|Any CPU
		{D4C911F3-D7B6-414B-A216-945E09B10321}.Debug|Any CPU.Build.0 = Debug|Any CPU
		{D4C911F3-D7B6-414B-A216-945E09B10321}.Release|Any CPU.ActiveCfg = Release|Any CPU
		{D4C911F3-D7B6-414B-A216-945E09B10321}.Release|Any CPU.Build.0 = Release|Any CPU
		{00B66E9D-1EBC-4BAA-A87A-69404BD0BBE9}.Debug|Any CPU.ActiveCfg = Debug|Any CPU
		{00B66E9D-1EBC-4BAA-A87A-69404BD0BBE9}.Debug|Any CPU.Build.0 = Debug|Any CPU
		{00B66E9D-1EBC-4BAA-A87A-69404BD0BBE9}.Release|Any CPU.ActiveCfg = Release|Any CPU
		{00B66E9D-1EBC-4BAA-A87A-69404BD0BBE9}.Release|Any CPU.Build.0 = Release|Any CPU
		{814DA81F-5B29-44A7-BB93-5FEC11C09B6E}.Debug|Any CPU.ActiveCfg = Debug|Any CPU
		{814DA81F-5B29-44A7-BB93-5FEC11C09B6E}.Debug|Any CPU.Build.0 = Debug|Any CPU
		{814DA81F-5B29-44A7-BB93-5FEC11C09B6E}.Release|Any CPU.ActiveCfg = Release|Any CPU
		{814DA81F-5B29-44A7-BB93-5FEC11C09B6E}.Release|Any CPU.Build.0 = Release|Any CPU
		{79DF16EB-9A64-4F44-B94E-62EA0DE41168}.Debug|Any CPU.ActiveCfg = Debug|Any CPU
		{79DF16EB-9A64-4F44-B94E-62EA0DE41168}.Debug|Any CPU.Build.0 = Debug|Any CPU
		{79DF16EB-9A64-4F44-B94E-62EA0DE41168}.Release|Any CPU.ActiveCfg = Release|Any CPU
		{79DF16EB-9A64-4F44-B94E-62EA0DE41168}.Release|Any CPU.Build.0 = Release|Any CPU
		{27657B3A-F6AA-40CE-B017-268CC4FB9E07}.Debug|Any CPU.ActiveCfg = Debug|Any CPU
		{27657B3A-F6AA-40CE-B017-268CC4FB9E07}.Debug|Any CPU.Build.0 = Debug|Any CPU
		{27657B3A-F6AA-40CE-B017-268CC4FB9E07}.Release|Any CPU.ActiveCfg = Release|Any CPU
		{27657B3A-F6AA-40CE-B017-268CC4FB9E07}.Release|Any CPU.Build.0 = Release|Any CPU
		{755E557A-235A-41E2-8CE3-6F7A2C82D438}.Debug|Any CPU.ActiveCfg = Debug|Any CPU
		{755E557A-235A-41E2-8CE3-6F7A2C82D438}.Debug|Any CPU.Build.0 = Debug|Any CPU
		{755E557A-235A-41E2-8CE3-6F7A2C82D438}.Release|Any CPU.ActiveCfg = Release|Any CPU
		{755E557A-235A-41E2-8CE3-6F7A2C82D438}.Release|Any CPU.Build.0 = Release|Any CPU
		{CA9F254F-2BD0-47A7-9353-D92638B65227}.Debug|Any CPU.ActiveCfg = Debug|Any CPU
		{CA9F254F-2BD0-47A7-9353-D92638B65227}.Debug|Any CPU.Build.0 = Debug|Any CPU
		{CA9F254F-2BD0-47A7-9353-D92638B65227}.Release|Any CPU.ActiveCfg = Release|Any CPU
		{CA9F254F-2BD0-47A7-9353-D92638B65227}.Release|Any CPU.Build.0 = Release|Any CPU
		{C048075B-5456-45C9-A2FE-0A1A45DB4399}.Debug|Any CPU.ActiveCfg = Debug|Any CPU
		{C048075B-5456-45C9-A2FE-0A1A45DB4399}.Debug|Any CPU.Build.0 = Debug|Any CPU
		{C048075B-5456-45C9-A2FE-0A1A45DB4399}.Release|Any CPU.ActiveCfg = Release|Any CPU
		{C048075B-5456-45C9-A2FE-0A1A45DB4399}.Release|Any CPU.Build.0 = Release|Any CPU
		{FEDD80F8-309C-4508-8483-AFEDB876BD0A}.Debug|Any CPU.ActiveCfg = Debug|Any CPU
		{FEDD80F8-309C-4508-8483-AFEDB876BD0A}.Debug|Any CPU.Build.0 = Debug|Any CPU
		{FEDD80F8-309C-4508-8483-AFEDB876BD0A}.Release|Any CPU.ActiveCfg = Release|Any CPU
		{FEDD80F8-309C-4508-8483-AFEDB876BD0A}.Release|Any CPU.Build.0 = Release|Any CPU
		{A7EA6B5C-9DE4-4262-8405-CDFB7C444110}.Debug|Any CPU.ActiveCfg = Debug|Any CPU
		{A7EA6B5C-9DE4-4262-8405-CDFB7C444110}.Debug|Any CPU.Build.0 = Debug|Any CPU
		{A7EA6B5C-9DE4-4262-8405-CDFB7C444110}.Release|Any CPU.ActiveCfg = Release|Any CPU
		{A7EA6B5C-9DE4-4262-8405-CDFB7C444110}.Release|Any CPU.Build.0 = Release|Any CPU
		{211B5D77-DC47-455D-A339-4FF7FF1D355F}.Debug|Any CPU.ActiveCfg = Debug|Any CPU
		{211B5D77-DC47-455D-A339-4FF7FF1D355F}.Debug|Any CPU.Build.0 = Debug|Any CPU
		{211B5D77-DC47-455D-A339-4FF7FF1D355F}.Release|Any CPU.ActiveCfg = Release|Any CPU
		{211B5D77-DC47-455D-A339-4FF7FF1D355F}.Release|Any CPU.Build.0 = Release|Any CPU
		{2605D255-0E34-47FC-8475-5F6C2BCEE2DF}.Debug|Any CPU.ActiveCfg = Debug|Any CPU
		{2605D255-0E34-47FC-8475-5F6C2BCEE2DF}.Debug|Any CPU.Build.0 = Debug|Any CPU
		{2605D255-0E34-47FC-8475-5F6C2BCEE2DF}.Release|Any CPU.ActiveCfg = Release|Any CPU
		{2605D255-0E34-47FC-8475-5F6C2BCEE2DF}.Release|Any CPU.Build.0 = Release|Any CPU
		{FC08F529-08F4-4F58-88E9-1D6FA325EF6A}.Debug|Any CPU.ActiveCfg = Debug|Any CPU
		{FC08F529-08F4-4F58-88E9-1D6FA325EF6A}.Debug|Any CPU.Build.0 = Debug|Any CPU
		{FC08F529-08F4-4F58-88E9-1D6FA325EF6A}.Release|Any CPU.ActiveCfg = Release|Any CPU
		{FC08F529-08F4-4F58-88E9-1D6FA325EF6A}.Release|Any CPU.Build.0 = Release|Any CPU
		{695E84B3-CA77-4DA8-9F76-D0C59FE3054F}.Debug|Any CPU.ActiveCfg = Debug|Any CPU
		{695E84B3-CA77-4DA8-9F76-D0C59FE3054F}.Debug|Any CPU.Build.0 = Debug|Any CPU
		{695E84B3-CA77-4DA8-9F76-D0C59FE3054F}.Release|Any CPU.ActiveCfg = Release|Any CPU
		{695E84B3-CA77-4DA8-9F76-D0C59FE3054F}.Release|Any CPU.Build.0 = Release|Any CPU
		{F752782D-8F48-4FAB-BEDC-EE0A6F35C7CC}.Debug|Any CPU.ActiveCfg = Debug|Any CPU
		{F752782D-8F48-4FAB-BEDC-EE0A6F35C7CC}.Debug|Any CPU.Build.0 = Debug|Any CPU
		{F752782D-8F48-4FAB-BEDC-EE0A6F35C7CC}.Release|Any CPU.ActiveCfg = Release|Any CPU
		{F752782D-8F48-4FAB-BEDC-EE0A6F35C7CC}.Release|Any CPU.Build.0 = Release|Any CPU
		{309DE18F-1077-40C5-BE14-4C5896FA90AA}.Debug|Any CPU.ActiveCfg = Debug|Any CPU
		{309DE18F-1077-40C5-BE14-4C5896FA90AA}.Debug|Any CPU.Build.0 = Debug|Any CPU
		{309DE18F-1077-40C5-BE14-4C5896FA90AA}.Release|Any CPU.ActiveCfg = Release|Any CPU
		{309DE18F-1077-40C5-BE14-4C5896FA90AA}.Release|Any CPU.Build.0 = Release|Any CPU
		{784877A8-CD34-470A-AE71-6BBCECB30497}.Debug|Any CPU.ActiveCfg = Debug|Any CPU
		{784877A8-CD34-470A-AE71-6BBCECB30497}.Debug|Any CPU.Build.0 = Debug|Any CPU
		{784877A8-CD34-470A-AE71-6BBCECB30497}.Release|Any CPU.ActiveCfg = Release|Any CPU
		{784877A8-CD34-470A-AE71-6BBCECB30497}.Release|Any CPU.Build.0 = Release|Any CPU
		{C1D79FDC-DF55-4BA3-AA5E-DDEA87CC53E9}.Debug|Any CPU.ActiveCfg = Debug|Any CPU
		{C1D79FDC-DF55-4BA3-AA5E-DDEA87CC53E9}.Debug|Any CPU.Build.0 = Debug|Any CPU
		{C1D79FDC-DF55-4BA3-AA5E-DDEA87CC53E9}.Release|Any CPU.ActiveCfg = Release|Any CPU
		{C1D79FDC-DF55-4BA3-AA5E-DDEA87CC53E9}.Release|Any CPU.Build.0 = Release|Any CPU
		{C7E7A4FB-1E69-4594-BF27-C7A87A852BFC}.Debug|Any CPU.ActiveCfg = Debug|Any CPU
		{C7E7A4FB-1E69-4594-BF27-C7A87A852BFC}.Debug|Any CPU.Build.0 = Debug|Any CPU
		{C7E7A4FB-1E69-4594-BF27-C7A87A852BFC}.Release|Any CPU.ActiveCfg = Release|Any CPU
		{C7E7A4FB-1E69-4594-BF27-C7A87A852BFC}.Release|Any CPU.Build.0 = Release|Any CPU
		{2070FF42-6915-438D-AE16-E4502598D08D}.Debug|Any CPU.ActiveCfg = Debug|Any CPU
		{2070FF42-6915-438D-AE16-E4502598D08D}.Debug|Any CPU.Build.0 = Debug|Any CPU
		{2070FF42-6915-438D-AE16-E4502598D08D}.Release|Any CPU.ActiveCfg = Release|Any CPU
		{2070FF42-6915-438D-AE16-E4502598D08D}.Release|Any CPU.Build.0 = Release|Any CPU
		{347F9AE5-61EA-4FFC-BBB3-791A15A34BB4}.Debug|Any CPU.ActiveCfg = Debug|Any CPU
		{347F9AE5-61EA-4FFC-BBB3-791A15A34BB4}.Debug|Any CPU.Build.0 = Debug|Any CPU
		{347F9AE5-61EA-4FFC-BBB3-791A15A34BB4}.Release|Any CPU.ActiveCfg = Release|Any CPU
		{347F9AE5-61EA-4FFC-BBB3-791A15A34BB4}.Release|Any CPU.Build.0 = Release|Any CPU
		{E2C11999-CF1D-44EA-8DF2-789AB7AA2292}.Debug|Any CPU.ActiveCfg = Debug|Any CPU
		{E2C11999-CF1D-44EA-8DF2-789AB7AA2292}.Debug|Any CPU.Build.0 = Debug|Any CPU
		{E2C11999-CF1D-44EA-8DF2-789AB7AA2292}.Release|Any CPU.ActiveCfg = Release|Any CPU
		{E2C11999-CF1D-44EA-8DF2-789AB7AA2292}.Release|Any CPU.Build.0 = Release|Any CPU
		{C740BE39-F295-46E5-8290-030B932A02CD}.Debug|Any CPU.ActiveCfg = Debug|Any CPU
		{C740BE39-F295-46E5-8290-030B932A02CD}.Debug|Any CPU.Build.0 = Debug|Any CPU
		{C740BE39-F295-46E5-8290-030B932A02CD}.Release|Any CPU.ActiveCfg = Release|Any CPU
		{C740BE39-F295-46E5-8290-030B932A02CD}.Release|Any CPU.Build.0 = Release|Any CPU
		{EF27DC08-0390-4F99-9F9B-F533D79E7A1A}.Debug|Any CPU.ActiveCfg = Debug|Any CPU
		{EF27DC08-0390-4F99-9F9B-F533D79E7A1A}.Debug|Any CPU.Build.0 = Debug|Any CPU
		{EF27DC08-0390-4F99-9F9B-F533D79E7A1A}.Release|Any CPU.ActiveCfg = Release|Any CPU
		{EF27DC08-0390-4F99-9F9B-F533D79E7A1A}.Release|Any CPU.Build.0 = Release|Any CPU
		{F1396F51-F8F2-40F2-BFAC-732BDDF2DC8A}.Debug|Any CPU.ActiveCfg = Debug|Any CPU
		{F1396F51-F8F2-40F2-BFAC-732BDDF2DC8A}.Debug|Any CPU.Build.0 = Debug|Any CPU
		{F1396F51-F8F2-40F2-BFAC-732BDDF2DC8A}.Release|Any CPU.ActiveCfg = Release|Any CPU
		{F1396F51-F8F2-40F2-BFAC-732BDDF2DC8A}.Release|Any CPU.Build.0 = Release|Any CPU
		{ED2CFA29-4332-4986-B4B0-2695C9C69642}.Debug|Any CPU.ActiveCfg = Debug|Any CPU
		{ED2CFA29-4332-4986-B4B0-2695C9C69642}.Debug|Any CPU.Build.0 = Debug|Any CPU
		{ED2CFA29-4332-4986-B4B0-2695C9C69642}.Release|Any CPU.ActiveCfg = Release|Any CPU
		{ED2CFA29-4332-4986-B4B0-2695C9C69642}.Release|Any CPU.Build.0 = Release|Any CPU
		{FA577246-B42D-4475-844D-A9ED8BCFFB38}.Debug|Any CPU.ActiveCfg = Debug|Any CPU
		{FA577246-B42D-4475-844D-A9ED8BCFFB38}.Debug|Any CPU.Build.0 = Debug|Any CPU
		{FA577246-B42D-4475-844D-A9ED8BCFFB38}.Release|Any CPU.ActiveCfg = Release|Any CPU
		{FA577246-B42D-4475-844D-A9ED8BCFFB38}.Release|Any CPU.Build.0 = Release|Any CPU
		{708A7FE3-9DC5-40E0-BBD5-40AED3B84142}.Debug|Any CPU.ActiveCfg = Debug|Any CPU
		{708A7FE3-9DC5-40E0-BBD5-40AED3B84142}.Debug|Any CPU.Build.0 = Debug|Any CPU
		{708A7FE3-9DC5-40E0-BBD5-40AED3B84142}.Release|Any CPU.ActiveCfg = Release|Any CPU
		{708A7FE3-9DC5-40E0-BBD5-40AED3B84142}.Release|Any CPU.Build.0 = Release|Any CPU
		{1D84C9FE-0934-48A1-9202-A3764F588C1C}.Debug|Any CPU.ActiveCfg = Debug|Any CPU
		{1D84C9FE-0934-48A1-9202-A3764F588C1C}.Debug|Any CPU.Build.0 = Debug|Any CPU
		{1D84C9FE-0934-48A1-9202-A3764F588C1C}.Release|Any CPU.ActiveCfg = Release|Any CPU
		{1D84C9FE-0934-48A1-9202-A3764F588C1C}.Release|Any CPU.Build.0 = Release|Any CPU
		{AF4026B9-D54A-4ADC-9205-61B39ABE9E0B}.Debug|Any CPU.ActiveCfg = Debug|Any CPU
		{AF4026B9-D54A-4ADC-9205-61B39ABE9E0B}.Debug|Any CPU.Build.0 = Debug|Any CPU
		{AF4026B9-D54A-4ADC-9205-61B39ABE9E0B}.Release|Any CPU.ActiveCfg = Release|Any CPU
		{AF4026B9-D54A-4ADC-9205-61B39ABE9E0B}.Release|Any CPU.Build.0 = Release|Any CPU
		{5614B0A4-411A-4FD8-A1E8-01406C534F5B}.Debug|Any CPU.ActiveCfg = Debug|Any CPU
		{5614B0A4-411A-4FD8-A1E8-01406C534F5B}.Debug|Any CPU.Build.0 = Debug|Any CPU
		{5614B0A4-411A-4FD8-A1E8-01406C534F5B}.Release|Any CPU.ActiveCfg = Release|Any CPU
		{5614B0A4-411A-4FD8-A1E8-01406C534F5B}.Release|Any CPU.Build.0 = Release|Any CPU
		{305E30FB-9F26-4AB6-8690-DA17718CF989}.Debug|Any CPU.ActiveCfg = Debug|Any CPU
		{305E30FB-9F26-4AB6-8690-DA17718CF989}.Debug|Any CPU.Build.0 = Debug|Any CPU
		{305E30FB-9F26-4AB6-8690-DA17718CF989}.Release|Any CPU.ActiveCfg = Release|Any CPU
		{305E30FB-9F26-4AB6-8690-DA17718CF989}.Release|Any CPU.Build.0 = Release|Any CPU
		{FFBE26D2-7E4B-46A8-A104-04A42C4EF880}.Debug|Any CPU.ActiveCfg = Debug|Any CPU
		{FFBE26D2-7E4B-46A8-A104-04A42C4EF880}.Debug|Any CPU.Build.0 = Debug|Any CPU
		{FFBE26D2-7E4B-46A8-A104-04A42C4EF880}.Release|Any CPU.ActiveCfg = Release|Any CPU
		{FFBE26D2-7E4B-46A8-A104-04A42C4EF880}.Release|Any CPU.Build.0 = Release|Any CPU
		{C35B313C-B1DF-4F44-99A4-4EC8F5A0ABC1}.Debug|Any CPU.ActiveCfg = Debug|Any CPU
		{C35B313C-B1DF-4F44-99A4-4EC8F5A0ABC1}.Debug|Any CPU.Build.0 = Debug|Any CPU
		{C35B313C-B1DF-4F44-99A4-4EC8F5A0ABC1}.Release|Any CPU.ActiveCfg = Release|Any CPU
		{C35B313C-B1DF-4F44-99A4-4EC8F5A0ABC1}.Release|Any CPU.Build.0 = Release|Any CPU
		{CDF5848B-BC61-459E-BCF2-DD00A66321CE}.Debug|Any CPU.ActiveCfg = Debug|Any CPU
		{CDF5848B-BC61-459E-BCF2-DD00A66321CE}.Debug|Any CPU.Build.0 = Debug|Any CPU
		{CDF5848B-BC61-459E-BCF2-DD00A66321CE}.Release|Any CPU.ActiveCfg = Release|Any CPU
		{CDF5848B-BC61-459E-BCF2-DD00A66321CE}.Release|Any CPU.Build.0 = Release|Any CPU
		{1ED1325B-D8DA-4BB3-83D1-8BAC461052F4}.Debug|Any CPU.ActiveCfg = Debug|Any CPU
		{1ED1325B-D8DA-4BB3-83D1-8BAC461052F4}.Debug|Any CPU.Build.0 = Debug|Any CPU
		{1ED1325B-D8DA-4BB3-83D1-8BAC461052F4}.Release|Any CPU.ActiveCfg = Release|Any CPU
		{1ED1325B-D8DA-4BB3-83D1-8BAC461052F4}.Release|Any CPU.Build.0 = Release|Any CPU
		{3EF017D2-72EA-43E9-8EDA-C397A35B5930}.Debug|Any CPU.ActiveCfg = Debug|Any CPU
		{3EF017D2-72EA-43E9-8EDA-C397A35B5930}.Debug|Any CPU.Build.0 = Debug|Any CPU
		{3EF017D2-72EA-43E9-8EDA-C397A35B5930}.Release|Any CPU.ActiveCfg = Release|Any CPU
		{3EF017D2-72EA-43E9-8EDA-C397A35B5930}.Release|Any CPU.Build.0 = Release|Any CPU
		{8E913BAF-FAAF-4FC9-B025-6F792DD42C0F}.Debug|Any CPU.ActiveCfg = Debug|Any CPU
		{8E913BAF-FAAF-4FC9-B025-6F792DD42C0F}.Debug|Any CPU.Build.0 = Debug|Any CPU
		{8E913BAF-FAAF-4FC9-B025-6F792DD42C0F}.Release|Any CPU.ActiveCfg = Release|Any CPU
		{8E913BAF-FAAF-4FC9-B025-6F792DD42C0F}.Release|Any CPU.Build.0 = Release|Any CPU
		{F589DD50-0DBC-4599-8885-9E5E5FD01236}.Debug|Any CPU.ActiveCfg = Debug|Any CPU
		{F589DD50-0DBC-4599-8885-9E5E5FD01236}.Debug|Any CPU.Build.0 = Debug|Any CPU
		{F589DD50-0DBC-4599-8885-9E5E5FD01236}.Release|Any CPU.ActiveCfg = Release|Any CPU
		{F589DD50-0DBC-4599-8885-9E5E5FD01236}.Release|Any CPU.Build.0 = Release|Any CPU
		{8789F32F-6834-465D-939E-1F79BAB6FF0F}.Debug|Any CPU.ActiveCfg = Debug|Any CPU
		{8789F32F-6834-465D-939E-1F79BAB6FF0F}.Debug|Any CPU.Build.0 = Debug|Any CPU
		{8789F32F-6834-465D-939E-1F79BAB6FF0F}.Release|Any CPU.ActiveCfg = Release|Any CPU
		{8789F32F-6834-465D-939E-1F79BAB6FF0F}.Release|Any CPU.Build.0 = Release|Any CPU
		{54C5642C-B06E-4AD6-8FC7-5615CDC52147}.Debug|Any CPU.ActiveCfg = Debug|Any CPU
		{54C5642C-B06E-4AD6-8FC7-5615CDC52147}.Debug|Any CPU.Build.0 = Debug|Any CPU
		{54C5642C-B06E-4AD6-8FC7-5615CDC52147}.Release|Any CPU.ActiveCfg = Release|Any CPU
		{54C5642C-B06E-4AD6-8FC7-5615CDC52147}.Release|Any CPU.Build.0 = Release|Any CPU
		{0449264E-A4FB-479A-85D1-ACE721F6B91E}.Debug|Any CPU.ActiveCfg = Debug|Any CPU
		{0449264E-A4FB-479A-85D1-ACE721F6B91E}.Debug|Any CPU.Build.0 = Debug|Any CPU
		{0449264E-A4FB-479A-85D1-ACE721F6B91E}.Release|Any CPU.ActiveCfg = Release|Any CPU
		{0449264E-A4FB-479A-85D1-ACE721F6B91E}.Release|Any CPU.Build.0 = Release|Any CPU
		{AC9B633D-3CA8-4A91-889B-00A8F47C84EE}.Debug|Any CPU.ActiveCfg = Debug|Any CPU
		{AC9B633D-3CA8-4A91-889B-00A8F47C84EE}.Debug|Any CPU.Build.0 = Debug|Any CPU
		{AC9B633D-3CA8-4A91-889B-00A8F47C84EE}.Release|Any CPU.ActiveCfg = Release|Any CPU
		{AC9B633D-3CA8-4A91-889B-00A8F47C84EE}.Release|Any CPU.Build.0 = Release|Any CPU
		{B9607979-1176-4D52-9EB4-EC8DB5C13224}.Debug|Any CPU.ActiveCfg = Debug|Any CPU
		{B9607979-1176-4D52-9EB4-EC8DB5C13224}.Debug|Any CPU.Build.0 = Debug|Any CPU
		{B9607979-1176-4D52-9EB4-EC8DB5C13224}.Release|Any CPU.ActiveCfg = Release|Any CPU
		{B9607979-1176-4D52-9EB4-EC8DB5C13224}.Release|Any CPU.Build.0 = Release|Any CPU
		{CD3A837B-E42F-48AB-BEF6-B97D6847E0B9}.Debug|Any CPU.ActiveCfg = Debug|Any CPU
		{CD3A837B-E42F-48AB-BEF6-B97D6847E0B9}.Debug|Any CPU.Build.0 = Debug|Any CPU
		{CD3A837B-E42F-48AB-BEF6-B97D6847E0B9}.Release|Any CPU.ActiveCfg = Release|Any CPU
		{CD3A837B-E42F-48AB-BEF6-B97D6847E0B9}.Release|Any CPU.Build.0 = Release|Any CPU
		{9BC418AC-B5A7-4068-9966-1D85E8F11A6D}.Debug|Any CPU.ActiveCfg = Debug|Any CPU
		{9BC418AC-B5A7-4068-9966-1D85E8F11A6D}.Debug|Any CPU.Build.0 = Debug|Any CPU
		{9BC418AC-B5A7-4068-9966-1D85E8F11A6D}.Release|Any CPU.ActiveCfg = Release|Any CPU
		{9BC418AC-B5A7-4068-9966-1D85E8F11A6D}.Release|Any CPU.Build.0 = Release|Any CPU
		{239ADCB9-75AA-4C84-AF1D-4C8FCF7AA91F}.Debug|Any CPU.ActiveCfg = Debug|Any CPU
		{239ADCB9-75AA-4C84-AF1D-4C8FCF7AA91F}.Debug|Any CPU.Build.0 = Debug|Any CPU
		{239ADCB9-75AA-4C84-AF1D-4C8FCF7AA91F}.Release|Any CPU.ActiveCfg = Release|Any CPU
		{239ADCB9-75AA-4C84-AF1D-4C8FCF7AA91F}.Release|Any CPU.Build.0 = Release|Any CPU
		{DFD0CB66-E6FB-4289-8AF5-7F0F26C92A2D}.Debug|Any CPU.ActiveCfg = Debug|Any CPU
		{DFD0CB66-E6FB-4289-8AF5-7F0F26C92A2D}.Debug|Any CPU.Build.0 = Debug|Any CPU
		{DFD0CB66-E6FB-4289-8AF5-7F0F26C92A2D}.Release|Any CPU.ActiveCfg = Release|Any CPU
		{DFD0CB66-E6FB-4289-8AF5-7F0F26C92A2D}.Release|Any CPU.Build.0 = Release|Any CPU
		{962E7E0D-87A2-45FA-9B9D-6ECCE7F4EE68}.Debug|Any CPU.ActiveCfg = Debug|Any CPU
		{962E7E0D-87A2-45FA-9B9D-6ECCE7F4EE68}.Debug|Any CPU.Build.0 = Debug|Any CPU
		{962E7E0D-87A2-45FA-9B9D-6ECCE7F4EE68}.Release|Any CPU.ActiveCfg = Release|Any CPU
		{962E7E0D-87A2-45FA-9B9D-6ECCE7F4EE68}.Release|Any CPU.Build.0 = Release|Any CPU
		{C3F36954-AFD4-4C1D-9422-1B385A168D2A}.Debug|Any CPU.ActiveCfg = Debug|Any CPU
		{C3F36954-AFD4-4C1D-9422-1B385A168D2A}.Debug|Any CPU.Build.0 = Debug|Any CPU
		{C3F36954-AFD4-4C1D-9422-1B385A168D2A}.Release|Any CPU.ActiveCfg = Release|Any CPU
		{C3F36954-AFD4-4C1D-9422-1B385A168D2A}.Release|Any CPU.Build.0 = Release|Any CPU
		{61E9D782-6E94-4DCC-8333-6D86C0798249}.Debug|Any CPU.ActiveCfg = Debug|Any CPU
		{61E9D782-6E94-4DCC-8333-6D86C0798249}.Debug|Any CPU.Build.0 = Debug|Any CPU
		{61E9D782-6E94-4DCC-8333-6D86C0798249}.Release|Any CPU.ActiveCfg = Release|Any CPU
		{61E9D782-6E94-4DCC-8333-6D86C0798249}.Release|Any CPU.Build.0 = Release|Any CPU
		{81093095-62CC-4DD5-8A94-F6FD8EA7E1EB}.Debug|Any CPU.ActiveCfg = Debug|Any CPU
		{81093095-62CC-4DD5-8A94-F6FD8EA7E1EB}.Debug|Any CPU.Build.0 = Debug|Any CPU
		{81093095-62CC-4DD5-8A94-F6FD8EA7E1EB}.Release|Any CPU.ActiveCfg = Release|Any CPU
		{81093095-62CC-4DD5-8A94-F6FD8EA7E1EB}.Release|Any CPU.Build.0 = Release|Any CPU
		{6330125E-9601-4EEC-94A5-BBA9A0415124}.Debug|Any CPU.ActiveCfg = Debug|Any CPU
		{6330125E-9601-4EEC-94A5-BBA9A0415124}.Debug|Any CPU.Build.0 = Debug|Any CPU
		{6330125E-9601-4EEC-94A5-BBA9A0415124}.Release|Any CPU.ActiveCfg = Release|Any CPU
		{6330125E-9601-4EEC-94A5-BBA9A0415124}.Release|Any CPU.Build.0 = Release|Any CPU
		{939E459D-0CC7-4DC2-B6F5-39D0176239EC}.Debug|Any CPU.ActiveCfg = Debug|Any CPU
		{939E459D-0CC7-4DC2-B6F5-39D0176239EC}.Debug|Any CPU.Build.0 = Debug|Any CPU
		{939E459D-0CC7-4DC2-B6F5-39D0176239EC}.Release|Any CPU.ActiveCfg = Release|Any CPU
		{939E459D-0CC7-4DC2-B6F5-39D0176239EC}.Release|Any CPU.Build.0 = Release|Any CPU
		{945CD85D-0305-4214-B87D-488A0E0B5863}.Debug|Any CPU.ActiveCfg = Debug|Any CPU
		{945CD85D-0305-4214-B87D-488A0E0B5863}.Debug|Any CPU.Build.0 = Debug|Any CPU
		{945CD85D-0305-4214-B87D-488A0E0B5863}.Release|Any CPU.ActiveCfg = Release|Any CPU
		{945CD85D-0305-4214-B87D-488A0E0B5863}.Release|Any CPU.Build.0 = Release|Any CPU
		{E030BFBA-110E-41E2-B5C8-B24D2D6B0586}.Debug|Any CPU.ActiveCfg = Debug|Any CPU
		{E030BFBA-110E-41E2-B5C8-B24D2D6B0586}.Debug|Any CPU.Build.0 = Debug|Any CPU
		{E030BFBA-110E-41E2-B5C8-B24D2D6B0586}.Release|Any CPU.ActiveCfg = Release|Any CPU
		{E030BFBA-110E-41E2-B5C8-B24D2D6B0586}.Release|Any CPU.Build.0 = Release|Any CPU
		{B7DECF0A-E2CF-4AD8-AB1A-22CD9A2C7FBA}.Debug|Any CPU.ActiveCfg = Debug|Any CPU
		{B7DECF0A-E2CF-4AD8-AB1A-22CD9A2C7FBA}.Debug|Any CPU.Build.0 = Debug|Any CPU
		{B7DECF0A-E2CF-4AD8-AB1A-22CD9A2C7FBA}.Release|Any CPU.ActiveCfg = Release|Any CPU
		{B7DECF0A-E2CF-4AD8-AB1A-22CD9A2C7FBA}.Release|Any CPU.Build.0 = Release|Any CPU
		{3887AAF0-E1B7-4028-9EF3-2B1F37A354A0}.Debug|Any CPU.ActiveCfg = Debug|Any CPU
		{3887AAF0-E1B7-4028-9EF3-2B1F37A354A0}.Debug|Any CPU.Build.0 = Debug|Any CPU
		{3887AAF0-E1B7-4028-9EF3-2B1F37A354A0}.Release|Any CPU.ActiveCfg = Release|Any CPU
		{3887AAF0-E1B7-4028-9EF3-2B1F37A354A0}.Release|Any CPU.Build.0 = Release|Any CPU
	EndGlobalSection
	GlobalSection(NestedProjects) = preSolution
		{59B03852-E6C9-4CA2-B520-352C6B4B47A1} = {8ECB6508-F6A6-406E-A62F-E39CAC3BAA57}
		{55356232-096A-4A1A-AAA6-850F14124030} = {59B03852-E6C9-4CA2-B520-352C6B4B47A1}
		{70DB3E63-D170-4883-937B-89FB99B3F141} = {55356232-096A-4A1A-AAA6-850F14124030}
		{A1164C5B-A242-4485-B048-AE2816EBEB75} = {8ECB6508-F6A6-406E-A62F-E39CAC3BAA57}
		{9D93A23B-A4FE-4B89-A6B0-E9312E76EA1C} = {A1164C5B-A242-4485-B048-AE2816EBEB75}
		{1720FF7A-2267-48DD-9A31-F3EBF8DE880B} = {9D93A23B-A4FE-4B89-A6B0-E9312E76EA1C}
		{94DE9D0D-9835-46D0-B97C-AD66D6AAEA8B} = {9D93A23B-A4FE-4B89-A6B0-E9312E76EA1C}
		{DD94D06B-B3D5-4217-BA4C-22A0D5CF439C} = {9D93A23B-A4FE-4B89-A6B0-E9312E76EA1C}
		{805EA530-8336-47C7-83CD-064130EDBFAB} = {9D93A23B-A4FE-4B89-A6B0-E9312E76EA1C}
		{054090CE-C761-450B-AB1C-30869F8A034B} = {A1164C5B-A242-4485-B048-AE2816EBEB75}
		{C48D97F6-1817-4910-BA19-0DAA3C77AC64} = {054090CE-C761-450B-AB1C-30869F8A034B}
		{325BFB1A-841B-4AF9-8E21-BF07C107A0D2} = {9D93A23B-A4FE-4B89-A6B0-E9312E76EA1C}
		{0BCAEBAE-9F3E-482C-BE0B-A9418B1172FC} = {5BAC0D31-7037-41E6-A0E0-A3015CC49856}
		{0267E808-9FF9-4331-8B56-3500368EAE77} = {0BCAEBAE-9F3E-482C-BE0B-A9418B1172FC}
		{9E1AD1DD-3E75-4F3D-9D64-16F7B85CD1FA} = {0267E808-9FF9-4331-8B56-3500368EAE77}
		{A8D4F457-28DF-4058-99B4-78C1C87B8AC9} = {0BCAEBAE-9F3E-482C-BE0B-A9418B1172FC}
		{66DD69B1-ED50-45D0-B51E-1ADAB280BBF0} = {A8D4F457-28DF-4058-99B4-78C1C87B8AC9}
		{F506CE77-E5D9-471A-9A2C-935E3D933E5C} = {0267E808-9FF9-4331-8B56-3500368EAE77}
		{AF3BB038-493C-4880-B883-96C6E61EE948} = {A8D4F457-28DF-4058-99B4-78C1C87B8AC9}
		{922A08A2-005D-4311-956E-D53E6BFA8EBB} = {A8D4F457-28DF-4058-99B4-78C1C87B8AC9}
		{2511C53A-B806-4435-A161-5C4C725B190F} = {0267E808-9FF9-4331-8B56-3500368EAE77}
		{95335532-2F0D-4CBE-9A47-77D9E87BC988} = {8ECB6508-F6A6-406E-A62F-E39CAC3BAA57}
		{E7A9A78B-A446-4029-9C1E-1335227C3B29} = {95335532-2F0D-4CBE-9A47-77D9E87BC988}
		{080301A7-C665-433A-9704-5D3029AB5236} = {E7A9A78B-A446-4029-9C1E-1335227C3B29}
		{52712586-D6D9-42EC-ACC8-7A81305ECD40} = {95335532-2F0D-4CBE-9A47-77D9E87BC988}
		{E888271F-94CA-4DF3-8D90-2B7D7AB3701C} = {52712586-D6D9-42EC-ACC8-7A81305ECD40}
		{D3469A97-F8B4-4B5E-B71B-E991DBAFD4A0} = {E7A9A78B-A446-4029-9C1E-1335227C3B29}
		{8E4A1527-116B-472B-9BD3-6414B9F9AEB4} = {52712586-D6D9-42EC-ACC8-7A81305ECD40}
		{B56ACB0C-811B-48DF-B481-C48CF360AF4B} = {E7A9A78B-A446-4029-9C1E-1335227C3B29}
		{2E216659-A550-4462-B6E2-F27639BBD593} = {52712586-D6D9-42EC-ACC8-7A81305ECD40}
		{A9A9C351-C6F2-405E-A516-665337798506} = {52712586-D6D9-42EC-ACC8-7A81305ECD40}
		{47AFEAB5-58E0-420B-B980-02EF1E616C27} = {E7A9A78B-A446-4029-9C1E-1335227C3B29}
		{4B314483-F8F6-4399-BD3D-C7955BE503F9} = {52712586-D6D9-42EC-ACC8-7A81305ECD40}
		{2D81E84F-9FC1-4A9D-9BFA-66B361A80695} = {8ECB6508-F6A6-406E-A62F-E39CAC3BAA57}
		{FE658437-2AEE-4F98-9300-D7DAA74A5991} = {2D81E84F-9FC1-4A9D-9BFA-66B361A80695}
		{CD932AB5-8C00-4941-9D9D-FFA0BD7693C4} = {FE658437-2AEE-4F98-9300-D7DAA74A5991}
		{3985042F-EFEF-44D2-BC93-46B400AF7E87} = {2D81E84F-9FC1-4A9D-9BFA-66B361A80695}
		{75904960-C7DE-4751-B626-DA49A6DB70ED} = {3985042F-EFEF-44D2-BC93-46B400AF7E87}
		{1788CFF7-1665-4C6C-984B-B8EE13849266} = {FE658437-2AEE-4F98-9300-D7DAA74A5991}
		{0957E6FD-BA68-45AF-B6BE-84252E73B0D9} = {FE658437-2AEE-4F98-9300-D7DAA74A5991}
		{A3A21FB2-790C-49F4-BC07-FB8C978DB422} = {3985042F-EFEF-44D2-BC93-46B400AF7E87}
		{720E2DF7-C8F8-4A4A-B6AB-4453BB3558CC} = {FE658437-2AEE-4F98-9300-D7DAA74A5991}
		{CA6BDE16-6C8A-4598-860A-21DA0B1F2148} = {3985042F-EFEF-44D2-BC93-46B400AF7E87}
		{98A8D700-6696-40EA-BE07-0FF8A1B13462} = {FE658437-2AEE-4F98-9300-D7DAA74A5991}
		{38677349-D47B-4847-94CD-4CBAE3B4B705} = {FE658437-2AEE-4F98-9300-D7DAA74A5991}
		{D4CDF56D-DFF0-4D9A-B916-85F56D387D35} = {3985042F-EFEF-44D2-BC93-46B400AF7E87}
		{D9911545-A096-444E-98E4-9A8E32CE6FD3} = {8ECB6508-F6A6-406E-A62F-E39CAC3BAA57}
		{780A88DF-9ADF-4F88-A112-EBA6E4B484BE} = {D9911545-A096-444E-98E4-9A8E32CE6FD3}
		{A0DD3AB4-C8FB-4568-ABC1-74C8761FDA52} = {780A88DF-9ADF-4F88-A112-EBA6E4B484BE}
		{3AD80B2B-7801-42CF-AC41-04F53F09E040} = {D9911545-A096-444E-98E4-9A8E32CE6FD3}
		{5E875ABE-A0A9-4AD1-B601-A24710CA8554} = {3AD80B2B-7801-42CF-AC41-04F53F09E040}
		{88F98CFB-729D-45C2-B641-443B953EE502} = {780A88DF-9ADF-4F88-A112-EBA6E4B484BE}
		{079273B2-9FB6-4BDC-8BED-B6AA80D75F0C} = {780A88DF-9ADF-4F88-A112-EBA6E4B484BE}
		{ABCE86CA-2CD7-4D94-86D7-809AFE42CCBC} = {3AD80B2B-7801-42CF-AC41-04F53F09E040}
		{D79B51B3-8D4F-4159-838D-00A80A0FE2F7} = {3AD80B2B-7801-42CF-AC41-04F53F09E040}
		{96A05806-A22C-46B6-8C04-04BCB4414987} = {780A88DF-9ADF-4F88-A112-EBA6E4B484BE}
		{A28731FB-3C6D-40A6-A46D-B12006AB19D6} = {3AD80B2B-7801-42CF-AC41-04F53F09E040}
		{41B17CDE-1EC2-4620-951E-54271465BA8B} = {55356232-096A-4A1A-AAA6-850F14124030}
		{53021F73-2F34-4BB0-AF25-BC77C1F49915} = {59B03852-E6C9-4CA2-B520-352C6B4B47A1}
		{058FBD2A-B73C-47E3-B418-90206DF03A6A} = {53021F73-2F34-4BB0-AF25-BC77C1F49915}
		{EDE724F3-AA1D-4683-BFB7-A46759815F5E} = {5BAC0D31-7037-41E6-A0E0-A3015CC49856}
		{408C5C99-D117-4C63-A873-DA1815F4FBA7} = {EDE724F3-AA1D-4683-BFB7-A46759815F5E}
		{DFF351C0-9E21-431C-B6B8-FEF713D9A336} = {408C5C99-D117-4C63-A873-DA1815F4FBA7}
		{A9BB0A12-5E12-4903-AF7D-680811E446BD} = {8ECB6508-F6A6-406E-A62F-E39CAC3BAA57}
		{CCC2252C-A065-41CF-9F54-309D4C67C2BB} = {A9BB0A12-5E12-4903-AF7D-680811E446BD}
		{E5DE59B6-BFE7-404A-9D9A-024E5553D8ED} = {CCC2252C-A065-41CF-9F54-309D4C67C2BB}
		{33889B15-F4C9-48E8-B796-2C1C0BAD33BE} = {CCC2252C-A065-41CF-9F54-309D4C67C2BB}
		{65C8BD27-B3B3-41E5-B5A9-7D5A2CA6B867} = {CCC2252C-A065-41CF-9F54-309D4C67C2BB}
		{32DC3EB2-F854-43B1-82B7-449E1A00994B} = {A9BB0A12-5E12-4903-AF7D-680811E446BD}
		{EFCAA17B-5E9A-4D3E-9A92-C52B91624FC7} = {32DC3EB2-F854-43B1-82B7-449E1A00994B}
		{22D8A33C-4DFC-4EC7-9C13-6EB35F4932EE} = {CCC2252C-A065-41CF-9F54-309D4C67C2BB}
		{6F79ACD0-956D-4A74-B600-3A68AEE509E2} = {32DC3EB2-F854-43B1-82B7-449E1A00994B}
		{A788B204-320D-46BE-BE6C-9788326E1870} = {CCC2252C-A065-41CF-9F54-309D4C67C2BB}
		{01065D07-704B-4E98-9DF5-FC4668A9D704} = {32DC3EB2-F854-43B1-82B7-449E1A00994B}
		{3EBE3476-5A71-4851-9B00-C5CE3C6DFAEE} = {CCC2252C-A065-41CF-9F54-309D4C67C2BB}
		{E98FD8BE-2A86-4EB3-B12E-33EFCCE29E8B} = {32DC3EB2-F854-43B1-82B7-449E1A00994B}
		{C3E9DC58-8C30-4AFB-8232-183133F2964E} = {CCC2252C-A065-41CF-9F54-309D4C67C2BB}
		{5B1094C3-C31B-4052-9705-80727F42E76A} = {32DC3EB2-F854-43B1-82B7-449E1A00994B}
		{98C25406-B43C-428E-94B2-7F6950B60A5C} = {CCC2252C-A065-41CF-9F54-309D4C67C2BB}
		{30898273-E63D-4AC4-B073-CE03541DC517} = {CCC2252C-A065-41CF-9F54-309D4C67C2BB}
		{6996643A-FD50-4D1D-9EC1-C5B5AC1A507B} = {32DC3EB2-F854-43B1-82B7-449E1A00994B}
		{789BACAD-09A9-45AA-8BA4-0CBBF3FDABE8} = {8ECB6508-F6A6-406E-A62F-E39CAC3BAA57}
		{37A343EE-B824-44E8-ACFB-E27D0CBD49B9} = {789BACAD-09A9-45AA-8BA4-0CBBF3FDABE8}
		{30B133F0-331C-4F07-A825-8775DD682C48} = {37A343EE-B824-44E8-ACFB-E27D0CBD49B9}
		{C7D98B23-F943-4593-9CBB-57E7B33A74FA} = {37A343EE-B824-44E8-ACFB-E27D0CBD49B9}
		{D3FD36C9-9EBE-4A42-843D-1E76376DE0D7} = {789BACAD-09A9-45AA-8BA4-0CBBF3FDABE8}
		{CA57E46F-CDC8-496F-83BC-0DA5D6E25FC2} = {D3FD36C9-9EBE-4A42-843D-1E76376DE0D7}
		{1A1B46AD-F0C1-4EF3-8D6D-6F7ED40F5124} = {37A343EE-B824-44E8-ACFB-E27D0CBD49B9}
		{D399523B-6112-4E2A-883B-6E10D25D5C1E} = {37A343EE-B824-44E8-ACFB-E27D0CBD49B9}
		{32F2740A-3DC4-46CA-8061-083B461F25D1} = {37A343EE-B824-44E8-ACFB-E27D0CBD49B9}
		{E5B15AFA-F98F-4E56-ACD0-EA587F531F2F} = {D3FD36C9-9EBE-4A42-843D-1E76376DE0D7}
		{F33B9143-03AF-4CE5-BDB9-B854348EC21C} = {5BAC0D31-7037-41E6-A0E0-A3015CC49856}
		{69F23156-C008-47D8-958C-94F118767808} = {F33B9143-03AF-4CE5-BDB9-B854348EC21C}
		{520983E3-103B-47C9-8A62-7CCAD6F186B5} = {69F23156-C008-47D8-958C-94F118767808}
		{02C41686-B39F-4E80-BB68-95E3B41AC8E9} = {F33B9143-03AF-4CE5-BDB9-B854348EC21C}
		{E7E10335-1970-4DFD-8A7D-A589D25A0516} = {02C41686-B39F-4E80-BB68-95E3B41AC8E9}
		{27BF2B37-A8DC-49A1-852A-889132CA009C} = {69F23156-C008-47D8-958C-94F118767808}
		{10286C9F-E81D-40F4-9B0E-ADC7C757FBF6} = {69F23156-C008-47D8-958C-94F118767808}
		{7F92E35D-C34A-4D23-8345-1DAD7725CD51} = {8ECB6508-F6A6-406E-A62F-E39CAC3BAA57}
		{CE57199F-F6B1-4635-8D44-A19558E4D2E8} = {7F92E35D-C34A-4D23-8345-1DAD7725CD51}
		{78397B6B-BD69-4DE7-B1B3-4C9E574B3DD9} = {CE57199F-F6B1-4635-8D44-A19558E4D2E8}
		{FD8CA8DF-E927-4DF8-ABFB-B57137B58ACB} = {7F92E35D-C34A-4D23-8345-1DAD7725CD51}
		{A23FCB24-CE57-484B-967D-4A25A78A78AB} = {FD8CA8DF-E927-4DF8-ABFB-B57137B58ACB}
		{8A17092B-8D38-4590-961D-89199FE0AE55} = {CE57199F-F6B1-4635-8D44-A19558E4D2E8}
		{E90D2EF9-5AF6-44DE-83ED-40499A327600} = {FD8CA8DF-E927-4DF8-ABFB-B57137B58ACB}
		{A6DD9C68-8529-4E05-B166-432511860FE4} = {CE57199F-F6B1-4635-8D44-A19558E4D2E8}
		{98C6226B-46E7-4487-BBC5-4D47F26F849A} = {FD8CA8DF-E927-4DF8-ABFB-B57137B58ACB}
		{CD74E3D7-B826-43CB-8E31-5859F3082E13} = {8ECB6508-F6A6-406E-A62F-E39CAC3BAA57}
		{F00D3912-B154-4337-BEA9-E7FFC2131328} = {CD74E3D7-B826-43CB-8E31-5859F3082E13}
		{8FF9EE73-B808-47A9-AA62-90D0FE425B2D} = {F00D3912-B154-4337-BEA9-E7FFC2131328}
		{24C3A08D-99E1-48FA-9B45-9C94A52125F3} = {F00D3912-B154-4337-BEA9-E7FFC2131328}
		{02514BAE-3A15-4F27-8206-AD67063E86E1} = {CD74E3D7-B826-43CB-8E31-5859F3082E13}
		{D4C911F3-D7B6-414B-A216-945E09B10321} = {02514BAE-3A15-4F27-8206-AD67063E86E1}
		{00B66E9D-1EBC-4BAA-A87A-69404BD0BBE9} = {F00D3912-B154-4337-BEA9-E7FFC2131328}
		{814DA81F-5B29-44A7-BB93-5FEC11C09B6E} = {F00D3912-B154-4337-BEA9-E7FFC2131328}
		{79DF16EB-9A64-4F44-B94E-62EA0DE41168} = {F00D3912-B154-4337-BEA9-E7FFC2131328}
		{27657B3A-F6AA-40CE-B017-268CC4FB9E07} = {F00D3912-B154-4337-BEA9-E7FFC2131328}
		{755E557A-235A-41E2-8CE3-6F7A2C82D438} = {F00D3912-B154-4337-BEA9-E7FFC2131328}
		{CA9F254F-2BD0-47A7-9353-D92638B65227} = {02514BAE-3A15-4F27-8206-AD67063E86E1}
		{AB5AF8BC-3D1E-437C-A09E-458134C55E42} = {5BAC0D31-7037-41E6-A0E0-A3015CC49856}
		{2B82A96B-4C19-467D-AEFC-EA5E3FD46E00} = {AB5AF8BC-3D1E-437C-A09E-458134C55E42}
		{C048075B-5456-45C9-A2FE-0A1A45DB4399} = {2B82A96B-4C19-467D-AEFC-EA5E3FD46E00}
		{37147A5E-0917-4CDD-8629-5F768A34A0FE} = {AB5AF8BC-3D1E-437C-A09E-458134C55E42}
		{FEDD80F8-309C-4508-8483-AFEDB876BD0A} = {37147A5E-0917-4CDD-8629-5F768A34A0FE}
		{C43ECC44-A028-4833-8AFF-C005E96147E2} = {8ECB6508-F6A6-406E-A62F-E39CAC3BAA57}
		{B4860227-B23A-4232-88B0-02614B2BF5D5} = {C43ECC44-A028-4833-8AFF-C005E96147E2}
		{A7EA6B5C-9DE4-4262-8405-CDFB7C444110} = {B4860227-B23A-4232-88B0-02614B2BF5D5}
		{981C85A7-AADE-464C-BD9C-1210153B8D43} = {C43ECC44-A028-4833-8AFF-C005E96147E2}
		{211B5D77-DC47-455D-A339-4FF7FF1D355F} = {981C85A7-AADE-464C-BD9C-1210153B8D43}
		{2605D255-0E34-47FC-8475-5F6C2BCEE2DF} = {B4860227-B23A-4232-88B0-02614B2BF5D5}
		{FC08F529-08F4-4F58-88E9-1D6FA325EF6A} = {B4860227-B23A-4232-88B0-02614B2BF5D5}
		{695E84B3-CA77-4DA8-9F76-D0C59FE3054F} = {B4860227-B23A-4232-88B0-02614B2BF5D5}
		{F752782D-8F48-4FAB-BEDC-EE0A6F35C7CC} = {B4860227-B23A-4232-88B0-02614B2BF5D5}
		{309DE18F-1077-40C5-BE14-4C5896FA90AA} = {981C85A7-AADE-464C-BD9C-1210153B8D43}
		{784877A8-CD34-470A-AE71-6BBCECB30497} = {981C85A7-AADE-464C-BD9C-1210153B8D43}
		{C1D79FDC-DF55-4BA3-AA5E-DDEA87CC53E9} = {981C85A7-AADE-464C-BD9C-1210153B8D43}
		{C7E7A4FB-1E69-4594-BF27-C7A87A852BFC} = {B4860227-B23A-4232-88B0-02614B2BF5D5}
		{6C30ACBB-3064-48C0-BD68-3A11E8B65C41} = {5BAC0D31-7037-41E6-A0E0-A3015CC49856}
		{12B171D4-02C9-4F71-B327-81B52CDE317C} = {6C30ACBB-3064-48C0-BD68-3A11E8B65C41}
		{2070FF42-6915-438D-AE16-E4502598D08D} = {12B171D4-02C9-4F71-B327-81B52CDE317C}
		{F1EED92C-E3C9-4F31-B1D8-702D63A1E756} = {6C30ACBB-3064-48C0-BD68-3A11E8B65C41}
		{347F9AE5-61EA-4FFC-BBB3-791A15A34BB4} = {F1EED92C-E3C9-4F31-B1D8-702D63A1E756}
		{E2C11999-CF1D-44EA-8DF2-789AB7AA2292} = {12B171D4-02C9-4F71-B327-81B52CDE317C}
		{C740BE39-F295-46E5-8290-030B932A02CD} = {F1EED92C-E3C9-4F31-B1D8-702D63A1E756}
		{F6C68E3E-A7DC-4EC1-A003-F8BFD7DFB831} = {8ECB6508-F6A6-406E-A62F-E39CAC3BAA57}
		{FD86AE94-19AA-40D6-9712-16158F97EC1B} = {F6C68E3E-A7DC-4EC1-A003-F8BFD7DFB831}
		{EF27DC08-0390-4F99-9F9B-F533D79E7A1A} = {FD86AE94-19AA-40D6-9712-16158F97EC1B}
		{749F2147-B208-4101-9F20-E5EE7E9772BC} = {8ECB6508-F6A6-406E-A62F-E39CAC3BAA57}
		{98481CB4-A305-4ED8-871C-6F041322E588} = {749F2147-B208-4101-9F20-E5EE7E9772BC}
		{F1396F51-F8F2-40F2-BFAC-732BDDF2DC8A} = {98481CB4-A305-4ED8-871C-6F041322E588}
		{EA41AE52-4707-48CD-AE6F-AB7351EDB473} = {749F2147-B208-4101-9F20-E5EE7E9772BC}
		{ED2CFA29-4332-4986-B4B0-2695C9C69642} = {EA41AE52-4707-48CD-AE6F-AB7351EDB473}
		{FA577246-B42D-4475-844D-A9ED8BCFFB38} = {98481CB4-A305-4ED8-871C-6F041322E588}
		{708A7FE3-9DC5-40E0-BBD5-40AED3B84142} = {EA41AE52-4707-48CD-AE6F-AB7351EDB473}
		{1D84C9FE-0934-48A1-9202-A3764F588C1C} = {98481CB4-A305-4ED8-871C-6F041322E588}
		{AF4026B9-D54A-4ADC-9205-61B39ABE9E0B} = {EA41AE52-4707-48CD-AE6F-AB7351EDB473}
		{5614B0A4-411A-4FD8-A1E8-01406C534F5B} = {98481CB4-A305-4ED8-871C-6F041322E588}
		{305E30FB-9F26-4AB6-8690-DA17718CF989} = {EA41AE52-4707-48CD-AE6F-AB7351EDB473}
		{FFBE26D2-7E4B-46A8-A104-04A42C4EF880} = {98481CB4-A305-4ED8-871C-6F041322E588}
		{C35B313C-B1DF-4F44-99A4-4EC8F5A0ABC1} = {EA41AE52-4707-48CD-AE6F-AB7351EDB473}
		{291C0900-252C-4E9F-B736-DDA32B14F696} = {5BAC0D31-7037-41E6-A0E0-A3015CC49856}
		{B048BA06-AE48-483E-9ACC-7E467A0A56A5} = {291C0900-252C-4E9F-B736-DDA32B14F696}
		{CDF5848B-BC61-459E-BCF2-DD00A66321CE} = {B048BA06-AE48-483E-9ACC-7E467A0A56A5}
		{6B32A08A-BCC9-4719-950D-52CA55127E29} = {8ECB6508-F6A6-406E-A62F-E39CAC3BAA57}
		{832C54C5-784A-4CF2-8E39-AAEE48D2186B} = {6B32A08A-BCC9-4719-950D-52CA55127E29}
		{1ED1325B-D8DA-4BB3-83D1-8BAC461052F4} = {832C54C5-784A-4CF2-8E39-AAEE48D2186B}
		{3EF017D2-72EA-43E9-8EDA-C397A35B5930} = {832C54C5-784A-4CF2-8E39-AAEE48D2186B}
		{C640CEC3-9D75-4D66-B75C-928EBFD1A31A} = {6B32A08A-BCC9-4719-950D-52CA55127E29}
		{8E913BAF-FAAF-4FC9-B025-6F792DD42C0F} = {C640CEC3-9D75-4D66-B75C-928EBFD1A31A}
		{F589DD50-0DBC-4599-8885-9E5E5FD01236} = {832C54C5-784A-4CF2-8E39-AAEE48D2186B}
		{8789F32F-6834-465D-939E-1F79BAB6FF0F} = {C640CEC3-9D75-4D66-B75C-928EBFD1A31A}
		{54C5642C-B06E-4AD6-8FC7-5615CDC52147} = {832C54C5-784A-4CF2-8E39-AAEE48D2186B}
		{0449264E-A4FB-479A-85D1-ACE721F6B91E} = {C640CEC3-9D75-4D66-B75C-928EBFD1A31A}
		{0A2A80A4-9345-4785-8E05-CF30E1A007E1} = {8ECB6508-F6A6-406E-A62F-E39CAC3BAA57}
		{401739FA-2F76-4168-A1EE-8208267C0319} = {0A2A80A4-9345-4785-8E05-CF30E1A007E1}
		{AC9B633D-3CA8-4A91-889B-00A8F47C84EE} = {401739FA-2F76-4168-A1EE-8208267C0319}
		{B9607979-1176-4D52-9EB4-EC8DB5C13224} = {401739FA-2F76-4168-A1EE-8208267C0319}
		{CD3A837B-E42F-48AB-BEF6-B97D6847E0B9} = {401739FA-2F76-4168-A1EE-8208267C0319}
		{9BC418AC-B5A7-4068-9966-1D85E8F11A6D} = {401739FA-2F76-4168-A1EE-8208267C0319}
		{7FE46978-BB2D-4BBA-94DC-8DB71580DFD5} = {0A2A80A4-9345-4785-8E05-CF30E1A007E1}
		{239ADCB9-75AA-4C84-AF1D-4C8FCF7AA91F} = {7FE46978-BB2D-4BBA-94DC-8DB71580DFD5}
		{DFD0CB66-E6FB-4289-8AF5-7F0F26C92A2D} = {53021F73-2F34-4BB0-AF25-BC77C1F49915}
		{7C019B14-62C7-4852-B68A-8FC8A13EFA77} = {2D81E84F-9FC1-4A9D-9BFA-66B361A80695}
		{962E7E0D-87A2-45FA-9B9D-6ECCE7F4EE68} = {7C019B14-62C7-4852-B68A-8FC8A13EFA77}
		{C3F36954-AFD4-4C1D-9422-1B385A168D2A} = {7C019B14-62C7-4852-B68A-8FC8A13EFA77}
		{61E9D782-6E94-4DCC-8333-6D86C0798249} = {7C019B14-62C7-4852-B68A-8FC8A13EFA77}
		{60A11B68-6EF7-4A82-9208-2C07A62A677A} = {789BACAD-09A9-45AA-8BA4-0CBBF3FDABE8}
		{81093095-62CC-4DD5-8A94-F6FD8EA7E1EB} = {60A11B68-6EF7-4A82-9208-2C07A62A677A}
		{6330125E-9601-4EEC-94A5-BBA9A0415124} = {60A11B68-6EF7-4A82-9208-2C07A62A677A}
		{939E459D-0CC7-4DC2-B6F5-39D0176239EC} = {60A11B68-6EF7-4A82-9208-2C07A62A677A}
		{945CD85D-0305-4214-B87D-488A0E0B5863} = {60A11B68-6EF7-4A82-9208-2C07A62A677A}
		{EFA085A5-02FF-44DD-BFBB-E1D58C582657} = {CD74E3D7-B826-43CB-8E31-5859F3082E13}
		{E030BFBA-110E-41E2-B5C8-B24D2D6B0586} = {EFA085A5-02FF-44DD-BFBB-E1D58C582657}
		{622F6633-31D7-4BCF-97CA-5F0EF44835CB} = {C43ECC44-A028-4833-8AFF-C005E96147E2}
		{B7DECF0A-E2CF-4AD8-AB1A-22CD9A2C7FBA} = {622F6633-31D7-4BCF-97CA-5F0EF44835CB}
		{3887AAF0-E1B7-4028-9EF3-2B1F37A354A0} = {622F6633-31D7-4BCF-97CA-5F0EF44835CB}
	EndGlobalSection
EndGlobal
