
Microsoft Visual Studio Solution File, Format Version 12.00
# Visual Studio Version 17
VisualStudioVersion = 17.0.31903.59
MinimumVisualStudioVersion = 10.0.40219.1
Project("{2150E333-8FDC-42A3-9474-1A3956D46DE8}") = "integrations", "integrations", "{6A32FB7F-3C6B-46DF-AF9D-318ED1CB3EB9}"
EndProject
Project("{2150E333-8FDC-42A3-9474-1A3956D46DE8}") = "AspNetCore", "AspNetCore", "{01956CE4-A36C-4DDB-AFAB-CF86C4497508}"
EndProject
Project("{2150E333-8FDC-42A3-9474-1A3956D46DE8}") = "src", "src", "{C77848E9-7AA1-4AD7-A318-CF952FCB8664}"
EndProject
Project("{FAE04EC0-301F-11D3-BF4B-00C04F79EFBC}") = "Annium.AspNetCore.Extensions", "integrations\AspNetCore\src\Annium.AspNetCore.Extensions\Annium.AspNetCore.Extensions.csproj", "{FD8A96D3-29EE-4652-95D9-E5F9830D3D72}"
EndProject
Project("{2150E333-8FDC-42A3-9474-1A3956D46DE8}") = "tests", "tests", "{672D3CC7-C43F-4B2D-8571-85FEDFA83A21}"
EndProject
Project("{FAE04EC0-301F-11D3-BF4B-00C04F79EFBC}") = "Annium.AspNetCore.Extensions.Tests", "integrations\AspNetCore\tests\Annium.AspNetCore.Extensions.Tests\Annium.AspNetCore.Extensions.Tests.csproj", "{FDD689BD-0BE2-43F3-88C6-F88669A35E7C}"
EndProject
Project("{FAE04EC0-301F-11D3-BF4B-00C04F79EFBC}") = "Annium.AspNetCore.IntegrationTesting", "integrations\AspNetCore\src\Annium.AspNetCore.IntegrationTesting\Annium.AspNetCore.IntegrationTesting.csproj", "{0FA819D9-28BF-4253-BCF5-454104404E0F}"
EndProject
Project("{FAE04EC0-301F-11D3-BF4B-00C04F79EFBC}") = "Annium.AspNetCore.IntegrationTesting.Tests", "integrations\AspNetCore\tests\Annium.AspNetCore.IntegrationTesting.Tests\Annium.AspNetCore.IntegrationTesting.Tests.csproj", "{A9303EE7-AED0-4B3B-92F0-56ECCE82ADC3}"
EndProject
Project("{FAE04EC0-301F-11D3-BF4B-00C04F79EFBC}") = "Annium.AspNetCore.Mesh", "integrations\AspNetCore\src\Annium.AspNetCore.Mesh\Annium.AspNetCore.Mesh.csproj", "{81A648D9-31B0-4D09-BDBF-9B9EABEAC28F}"
EndProject
Project("{FAE04EC0-301F-11D3-BF4B-00C04F79EFBC}") = "Annium.AspNetCore.TestServer", "integrations\AspNetCore\tests\Annium.AspNetCore.TestServer\Annium.AspNetCore.TestServer.csproj", "{2AE90A40-EA12-4272-8458-865975A77B85}"
EndProject
Project("{2150E333-8FDC-42A3-9474-1A3956D46DE8}") = "base", "base", "{B124A4E2-D569-477A-B953-EFD40682105E}"
EndProject
Project("{2150E333-8FDC-42A3-9474-1A3956D46DE8}") = "Cache", "Cache", "{5CCD883A-51C5-4F9B-BDD8-4657B3E74372}"
EndProject
Project("{2150E333-8FDC-42A3-9474-1A3956D46DE8}") = "src", "src", "{F05CC48F-D2AE-4C2D-93EA-988EB7337173}"
EndProject
Project("{FAE04EC0-301F-11D3-BF4B-00C04F79EFBC}") = "Annium.Cache.Abstractions", "base\Cache\src\Annium.Cache.Abstractions\Annium.Cache.Abstractions.csproj", "{172965B3-DFB7-4EAE-A43E-0087E63FA0A4}"
EndProject
Project("{FAE04EC0-301F-11D3-BF4B-00C04F79EFBC}") = "Annium.Cache.InMemory", "base\Cache\src\Annium.Cache.InMemory\Annium.Cache.InMemory.csproj", "{8C1D19E8-AD06-46C6-A617-AADF9DC13087}"
EndProject
Project("{2150E333-8FDC-42A3-9474-1A3956D46DE8}") = "tests", "tests", "{50683A6F-3DA0-4742-BE5A-B8C3E03B06F1}"
EndProject
Project("{FAE04EC0-301F-11D3-BF4B-00C04F79EFBC}") = "Annium.Cache.InMemory.Tests", "base\Cache\tests\Annium.Cache.InMemory.Tests\Annium.Cache.InMemory.Tests.csproj", "{040AC018-BA4B-4DDF-936B-B7C196CA89D0}"
EndProject
Project("{FAE04EC0-301F-11D3-BF4B-00C04F79EFBC}") = "Annium.Cache.Redis", "base\Cache\src\Annium.Cache.Redis\Annium.Cache.Redis.csproj", "{5CCB238F-B022-402F-BA8F-11F5483C3BFC}"
EndProject
Project("{FAE04EC0-301F-11D3-BF4B-00C04F79EFBC}") = "Annium.Cache.Redis.Tests", "base\Cache\tests\Annium.Cache.Redis.Tests\Annium.Cache.Redis.Tests.csproj", "{8886B43F-2534-4E14-95FA-14C3278F0ACB}"
EndProject
Project("{FAE04EC0-301F-11D3-BF4B-00C04F79EFBC}") = "Annium.Cache.Tests.Lib", "base\Cache\tests\Annium.Cache.Tests.Lib\Annium.Cache.Tests.Lib.csproj", "{BA63AF79-C03D-4329-8B64-23456C348458}"
EndProject
Project("{2150E333-8FDC-42A3-9474-1A3956D46DE8}") = "EntityFrameworkCore", "EntityFrameworkCore", "{2B9AD32F-23F4-4A85-B635-BB2B17D2D2A2}"
EndProject
Project("{2150E333-8FDC-42A3-9474-1A3956D46DE8}") = "src", "src", "{258F29F0-2D04-43F9-A462-D1849220484D}"
EndProject
Project("{FAE04EC0-301F-11D3-BF4B-00C04F79EFBC}") = "Annium.EntityFrameworkCore.Extensions", "integrations\EntityFrameworkCore\src\Annium.EntityFrameworkCore.Extensions\Annium.EntityFrameworkCore.Extensions.csproj", "{79FB0D70-ED95-421E-B942-39398D11D52C}"
EndProject
Project("{2150E333-8FDC-42A3-9474-1A3956D46DE8}") = "Infrastructure", "Infrastructure", "{4F2F06F6-664D-4F28-A4AE-0BFDB310C70E}"
EndProject
Project("{2150E333-8FDC-42A3-9474-1A3956D46DE8}") = "src", "src", "{9553DFA2-41AE-4DAF-BD34-D9364DA02F6D}"
EndProject
Project("{FAE04EC0-301F-11D3-BF4B-00C04F79EFBC}") = "Annium.Infrastructure.Hosting", "base\Infrastructure\src\Annium.Infrastructure.Hosting\Annium.Infrastructure.Hosting.csproj", "{3D686496-5DF3-43AE-89C9-2963A7298433}"
EndProject
Project("{FAE04EC0-301F-11D3-BF4B-00C04F79EFBC}") = "Annium.Infrastructure.MessageBus.Node", "base\Infrastructure\src\Annium.Infrastructure.MessageBus.Node\Annium.Infrastructure.MessageBus.Node.csproj", "{643774CA-F5ED-427A-A2C1-7FF9242A6936}"
EndProject
Project("{2150E333-8FDC-42A3-9474-1A3956D46DE8}") = "tests", "tests", "{383615F4-A58F-432D-BF22-244698B2540E}"
EndProject
Project("{FAE04EC0-301F-11D3-BF4B-00C04F79EFBC}") = "Annium.Infrastructure.MessageBus.Node.Tests", "base\Infrastructure\tests\Annium.Infrastructure.MessageBus.Node.Tests\Annium.Infrastructure.MessageBus.Node.Tests.csproj", "{059E5064-3BCE-4904-82CE-C0D4EBE12FF3}"
EndProject
Project("{2150E333-8FDC-42A3-9474-1A3956D46DE8}") = "linq2db", "linq2db", "{92872735-DF97-4E68-8FD8-85BCF21B5CC2}"
EndProject
Project("{2150E333-8FDC-42A3-9474-1A3956D46DE8}") = "src", "src", "{D3E06936-425C-43EF-80AF-B1377FAE6AF1}"
EndProject
Project("{FAE04EC0-301F-11D3-BF4B-00C04F79EFBC}") = "Annium.linq2db.Extensions", "integrations\linq2db\src\Annium.linq2db.Extensions\Annium.linq2db.Extensions.csproj", "{E5C740A8-2318-4A8C-8478-58C8CDD17F3C}"
EndProject
Project("{FAE04EC0-301F-11D3-BF4B-00C04F79EFBC}") = "Annium.linq2db.PostgreSql", "integrations\linq2db\src\Annium.linq2db.PostgreSql\Annium.linq2db.PostgreSql.csproj", "{4CEA3511-443A-4F11-AE09-51D71D87CDC8}"
EndProject
Project("{2150E333-8FDC-42A3-9474-1A3956D46DE8}") = "tests", "tests", "{92729EA6-BAC8-470F-AFA2-85BBA034DC9D}"
EndProject
Project("{FAE04EC0-301F-11D3-BF4B-00C04F79EFBC}") = "Annium.linq2db.PostgreSql.Tests", "integrations\linq2db\tests\Annium.linq2db.PostgreSql.Tests\Annium.linq2db.PostgreSql.Tests.csproj", "{35CBC433-B32C-4436-81C6-663D32E1C78A}"
EndProject
Project("{FAE04EC0-301F-11D3-BF4B-00C04F79EFBC}") = "Annium.linq2db.Tests.Lib", "integrations\linq2db\tests\Annium.linq2db.Tests.Lib\Annium.linq2db.Tests.Lib.csproj", "{A236F611-580E-4AD7-8ED8-BA2229699985}"
EndProject
Project("{2150E333-8FDC-42A3-9474-1A3956D46DE8}") = "Mesh", "Mesh", "{E2851747-499B-4311-B368-E55D5344EC78}"
EndProject
Project("{2150E333-8FDC-42A3-9474-1A3956D46DE8}") = "src", "src", "{1485D52F-F562-4D4B-8D44-0CB4144AA8C4}"
EndProject
Project("{FAE04EC0-301F-11D3-BF4B-00C04F79EFBC}") = "Annium.Mesh.Client", "base\Mesh\src\Annium.Mesh.Client\Annium.Mesh.Client.csproj", "{F4492497-D510-4A19-83BB-CE3674A1E8F9}"
EndProject
Project("{FAE04EC0-301F-11D3-BF4B-00C04F79EFBC}") = "Annium.Mesh.Domain", "base\Mesh\src\Annium.Mesh.Domain\Annium.Mesh.Domain.csproj", "{78191720-1B0C-4A43-AE77-ED56C541C140}"
EndProject
Project("{FAE04EC0-301F-11D3-BF4B-00C04F79EFBC}") = "Annium.Mesh.Serialization.Abstractions", "base\Mesh\src\Annium.Mesh.Serialization.Abstractions\Annium.Mesh.Serialization.Abstractions.csproj", "{74E079FA-72AE-4047-9755-5CF581CED708}"
EndProject
Project("{FAE04EC0-301F-11D3-BF4B-00C04F79EFBC}") = "Annium.Mesh.Serialization.Json", "base\Mesh\src\Annium.Mesh.Serialization.Json\Annium.Mesh.Serialization.Json.csproj", "{3101C378-40A7-4399-BEEE-59236AE4D0D7}"
EndProject
Project("{FAE04EC0-301F-11D3-BF4B-00C04F79EFBC}") = "Annium.Mesh.Server", "base\Mesh\src\Annium.Mesh.Server\Annium.Mesh.Server.csproj", "{E14EB0DB-AD99-4678-990D-CFA1AFBF884A}"
EndProject
Project("{FAE04EC0-301F-11D3-BF4B-00C04F79EFBC}") = "Annium.Mesh.Server.InMemory", "base\Mesh\src\Annium.Mesh.Server.InMemory\Annium.Mesh.Server.InMemory.csproj", "{29272322-F6C7-42FD-9075-61895E258239}"
EndProject
Project("{FAE04EC0-301F-11D3-BF4B-00C04F79EFBC}") = "Annium.Mesh.Server.Sockets", "base\Mesh\src\Annium.Mesh.Server.Sockets\Annium.Mesh.Server.Sockets.csproj", "{A6C5A280-A4CD-487C-995D-6BDC5A82489A}"
EndProject
Project("{FAE04EC0-301F-11D3-BF4B-00C04F79EFBC}") = "Annium.Mesh.Server.Web", "base\Mesh\src\Annium.Mesh.Server.Web\Annium.Mesh.Server.Web.csproj", "{FCA7B295-F70F-430C-80C8-76341C633B53}"
EndProject
Project("{2150E333-8FDC-42A3-9474-1A3956D46DE8}") = "tests", "tests", "{688329AC-F6D4-434F-BAAF-F0058CB58577}"
EndProject
Project("{FAE04EC0-301F-11D3-BF4B-00C04F79EFBC}") = "Annium.Mesh.Tests.Base", "base\Mesh\tests\Annium.Mesh.Tests.Base\Annium.Mesh.Tests.Base.csproj", "{45C85401-E7DC-4CC0-9C46-D5653E07F9CC}"
EndProject
Project("{FAE04EC0-301F-11D3-BF4B-00C04F79EFBC}") = "Annium.Mesh.Tests.InMemory", "base\Mesh\tests\Annium.Mesh.Tests.InMemory\Annium.Mesh.Tests.InMemory.csproj", "{16349C3D-05AF-4BE4-AC8B-945556E0B76C}"
EndProject
Project("{FAE04EC0-301F-11D3-BF4B-00C04F79EFBC}") = "Annium.Mesh.Tests.Sockets", "base\Mesh\tests\Annium.Mesh.Tests.Sockets\Annium.Mesh.Tests.Sockets.csproj", "{97898F67-15D8-4B18-8C21-7F7042113C8E}"
EndProject
Project("{FAE04EC0-301F-11D3-BF4B-00C04F79EFBC}") = "Annium.Mesh.Tests.System", "base\Mesh\tests\Annium.Mesh.Tests.System\Annium.Mesh.Tests.System.csproj", "{40518579-BFA3-4BCB-AEBC-AB4FE272AF4E}"
EndProject
Project("{FAE04EC0-301F-11D3-BF4B-00C04F79EFBC}") = "Annium.Mesh.Transport.Abstractions", "base\Mesh\src\Annium.Mesh.Transport.Abstractions\Annium.Mesh.Transport.Abstractions.csproj", "{02C90033-F006-4AF4-A3CD-22508FC207E0}"
EndProject
Project("{FAE04EC0-301F-11D3-BF4B-00C04F79EFBC}") = "Annium.Mesh.Transport.InMemory", "base\Mesh\src\Annium.Mesh.Transport.InMemory\Annium.Mesh.Transport.InMemory.csproj", "{6A93D72D-A4E0-49EB-BECD-1EFD4B1A4898}"
EndProject
Project("{FAE04EC0-301F-11D3-BF4B-00C04F79EFBC}") = "Annium.Mesh.Transport.Sockets", "base\Mesh\src\Annium.Mesh.Transport.Sockets\Annium.Mesh.Transport.Sockets.csproj", "{3569B19D-AF5B-4E2D-B269-3A0931528BC4}"
EndProject
Project("{FAE04EC0-301F-11D3-BF4B-00C04F79EFBC}") = "Annium.Mesh.Transport.WebSockets", "base\Mesh\src\Annium.Mesh.Transport.WebSockets\Annium.Mesh.Transport.WebSockets.csproj", "{745FDC78-DE76-4048-9748-772DB104185E}"
EndProject
Project("{2150E333-8FDC-42A3-9474-1A3956D46DE8}") = "MongoDb", "MongoDb", "{474242D1-2645-4441-A070-69DD4C4222BE}"
EndProject
Project("{2150E333-8FDC-42A3-9474-1A3956D46DE8}") = "src", "src", "{A852F699-5871-4DB8-9B37-6AFC2D6A4D9E}"
EndProject
Project("{FAE04EC0-301F-11D3-BF4B-00C04F79EFBC}") = "Annium.MongoDb.NodaTime", "integrations\MongoDb\src\Annium.MongoDb.NodaTime\Annium.MongoDb.NodaTime.csproj", "{21898433-9542-494F-8BC5-E7242BC22D57}"
EndProject
Project("{2150E333-8FDC-42A3-9474-1A3956D46DE8}") = "tests", "tests", "{6D7B9CAC-1715-43B2-B3F5-38B85CE3FD14}"
EndProject
Project("{FAE04EC0-301F-11D3-BF4B-00C04F79EFBC}") = "Annium.MongoDb.NodaTime.Tests", "integrations\MongoDb\tests\Annium.MongoDb.NodaTime.Tests\Annium.MongoDb.NodaTime.Tests.csproj", "{A34D3CDE-30AB-4BC9-B9FF-D9A28A0BA3CF}"
EndProject
Project("{2150E333-8FDC-42A3-9474-1A3956D46DE8}") = "Redis", "Redis", "{0F19A490-9B13-4EA2-8D15-B84DA0B25680}"
EndProject
Project("{2150E333-8FDC-42A3-9474-1A3956D46DE8}") = "src", "src", "{AD8ABC70-D64B-487F-B92E-BBC85E3C3802}"
EndProject
Project("{FAE04EC0-301F-11D3-BF4B-00C04F79EFBC}") = "Annium.Redis", "integrations\Redis\src\Annium.Redis\Annium.Redis.csproj", "{EDF84E33-F3C1-406C-9978-38A92444E10F}"
EndProject
Project("{2150E333-8FDC-42A3-9474-1A3956D46DE8}") = "tests", "tests", "{5032DA47-779D-43EC-9E92-E221867F8AE8}"
EndProject
Project("{FAE04EC0-301F-11D3-BF4B-00C04F79EFBC}") = "Annium.Redis.Tests", "integrations\Redis\tests\Annium.Redis.Tests\Annium.Redis.Tests.csproj", "{6D09A063-48E0-4138-B87C-A419F2EF6508}"
EndProject
Project("{2150E333-8FDC-42A3-9474-1A3956D46DE8}") = "Storage", "Storage", "{E29C3CF4-C59E-4134-B94B-6893D710F6E9}"
EndProject
Project("{2150E333-8FDC-42A3-9474-1A3956D46DE8}") = "src", "src", "{ABA40B9B-3EB6-4926-A8D0-C1FEEA2B3FA4}"
EndProject
Project("{FAE04EC0-301F-11D3-BF4B-00C04F79EFBC}") = "Annium.Storage.Abstractions", "base\Storage\src\Annium.Storage.Abstractions\Annium.Storage.Abstractions.csproj", "{8DF8DB92-ADC5-4B80-BC16-8280282E2F7C}"
EndProject
Project("{FAE04EC0-301F-11D3-BF4B-00C04F79EFBC}") = "Annium.Storage.FileSystem", "base\Storage\src\Annium.Storage.FileSystem\Annium.Storage.FileSystem.csproj", "{B130110C-65BD-4304-A128-A6AE55700197}"
EndProject
Project("{2150E333-8FDC-42A3-9474-1A3956D46DE8}") = "tests", "tests", "{7D6308FF-9302-4D1E-9F99-AD3FF0F0A215}"
EndProject
Project("{FAE04EC0-301F-11D3-BF4B-00C04F79EFBC}") = "Annium.Storage.FileSystem.Tests", "base\Storage\tests\Annium.Storage.FileSystem.Tests\Annium.Storage.FileSystem.Tests.csproj", "{367E6657-DAA3-4271-91AB-B4A6C0E9C401}"
EndProject
Project("{FAE04EC0-301F-11D3-BF4B-00C04F79EFBC}") = "Annium.Storage.InMemory", "base\Storage\src\Annium.Storage.InMemory\Annium.Storage.InMemory.csproj", "{80C5887A-4BD3-46C7-98A4-DE3ECA2ADFED}"
EndProject
Project("{FAE04EC0-301F-11D3-BF4B-00C04F79EFBC}") = "Annium.Storage.InMemory.Tests", "base\Storage\tests\Annium.Storage.InMemory.Tests\Annium.Storage.InMemory.Tests.csproj", "{3CCE0AB6-8EB6-4579-90E7-5CE16B5641CF}"
EndProject
Project("{FAE04EC0-301F-11D3-BF4B-00C04F79EFBC}") = "Annium.Storage.S3", "base\Storage\src\Annium.Storage.S3\Annium.Storage.S3.csproj", "{E59A4C7C-5E6B-4A30-B8A6-A1C90B49A2BB}"
EndProject
Project("{FAE04EC0-301F-11D3-BF4B-00C04F79EFBC}") = "Annium.Storage.S3.Tests", "base\Storage\tests\Annium.Storage.S3.Tests\Annium.Storage.S3.Tests.csproj", "{55DFDB89-0033-49E6-B8CE-4C61E694D422}"
EndProject
Project("{2150E333-8FDC-42A3-9474-1A3956D46DE8}") = "demo", "demo", "{7A4FAA4D-E5ED-4CF1-AF43-337479309F03}"
EndProject
Project("{FAE04EC0-301F-11D3-BF4B-00C04F79EFBC}") = "Demo.Infrastructure.MessageBus.EchoServer", "base\Infrastructure\demo\Demo.Infrastructure.MessageBus.EchoServer\Demo.Infrastructure.MessageBus.EchoServer.csproj", "{2DDC19B7-9125-41B9-9C6A-7792DD43E512}"
EndProject
Project("{2150E333-8FDC-42A3-9474-1A3956D46DE8}") = "demo", "demo", "{99B1FFF1-9585-4788-8B80-75DA1DAB4384}"
EndProject
Project("{FAE04EC0-301F-11D3-BF4B-00C04F79EFBC}") = "Demo.Mesh.Client", "base\Mesh\demo\Demo.Mesh.Client\Demo.Mesh.Client.csproj", "{E6EDC48C-A9B0-4029-9883-A2B60037E985}"
EndProject
Project("{FAE04EC0-301F-11D3-BF4B-00C04F79EFBC}") = "Demo.Mesh.Domain", "base\Mesh\demo\Demo.Mesh.Domain\Demo.Mesh.Domain.csproj", "{C09CE6B6-F9AF-463D-B85E-4B9E1D6F3CDB}"
EndProject
Project("{FAE04EC0-301F-11D3-BF4B-00C04F79EFBC}") = "Demo.Mesh.Server", "base\Mesh\demo\Demo.Mesh.Server\Demo.Mesh.Server.csproj", "{E34FA015-FC38-4998-A493-81771ABC0B55}"
EndProject
Global
	GlobalSection(SolutionConfigurationPlatforms) = preSolution
		Debug|Any CPU = Debug|Any CPU
		Release|Any CPU = Release|Any CPU
	EndGlobalSection
	GlobalSection(SolutionProperties) = preSolution
		HideSolutionNode = FALSE
	EndGlobalSection
	GlobalSection(ProjectConfigurationPlatforms) = postSolution
		{FD8A96D3-29EE-4652-95D9-E5F9830D3D72}.Debug|Any CPU.ActiveCfg = Debug|Any CPU
		{FD8A96D3-29EE-4652-95D9-E5F9830D3D72}.Debug|Any CPU.Build.0 = Debug|Any CPU
		{FD8A96D3-29EE-4652-95D9-E5F9830D3D72}.Release|Any CPU.ActiveCfg = Release|Any CPU
		{FD8A96D3-29EE-4652-95D9-E5F9830D3D72}.Release|Any CPU.Build.0 = Release|Any CPU
		{FDD689BD-0BE2-43F3-88C6-F88669A35E7C}.Debug|Any CPU.ActiveCfg = Debug|Any CPU
		{FDD689BD-0BE2-43F3-88C6-F88669A35E7C}.Debug|Any CPU.Build.0 = Debug|Any CPU
		{FDD689BD-0BE2-43F3-88C6-F88669A35E7C}.Release|Any CPU.ActiveCfg = Release|Any CPU
		{FDD689BD-0BE2-43F3-88C6-F88669A35E7C}.Release|Any CPU.Build.0 = Release|Any CPU
		{0FA819D9-28BF-4253-BCF5-454104404E0F}.Debug|Any CPU.ActiveCfg = Debug|Any CPU
		{0FA819D9-28BF-4253-BCF5-454104404E0F}.Debug|Any CPU.Build.0 = Debug|Any CPU
		{0FA819D9-28BF-4253-BCF5-454104404E0F}.Release|Any CPU.ActiveCfg = Release|Any CPU
		{0FA819D9-28BF-4253-BCF5-454104404E0F}.Release|Any CPU.Build.0 = Release|Any CPU
		{A9303EE7-AED0-4B3B-92F0-56ECCE82ADC3}.Debug|Any CPU.ActiveCfg = Debug|Any CPU
		{A9303EE7-AED0-4B3B-92F0-56ECCE82ADC3}.Debug|Any CPU.Build.0 = Debug|Any CPU
		{A9303EE7-AED0-4B3B-92F0-56ECCE82ADC3}.Release|Any CPU.ActiveCfg = Release|Any CPU
		{A9303EE7-AED0-4B3B-92F0-56ECCE82ADC3}.Release|Any CPU.Build.0 = Release|Any CPU
		{81A648D9-31B0-4D09-BDBF-9B9EABEAC28F}.Debug|Any CPU.ActiveCfg = Debug|Any CPU
		{81A648D9-31B0-4D09-BDBF-9B9EABEAC28F}.Debug|Any CPU.Build.0 = Debug|Any CPU
		{81A648D9-31B0-4D09-BDBF-9B9EABEAC28F}.Release|Any CPU.ActiveCfg = Release|Any CPU
		{81A648D9-31B0-4D09-BDBF-9B9EABEAC28F}.Release|Any CPU.Build.0 = Release|Any CPU
		{2AE90A40-EA12-4272-8458-865975A77B85}.Debug|Any CPU.ActiveCfg = Debug|Any CPU
		{2AE90A40-EA12-4272-8458-865975A77B85}.Debug|Any CPU.Build.0 = Debug|Any CPU
		{2AE90A40-EA12-4272-8458-865975A77B85}.Release|Any CPU.ActiveCfg = Release|Any CPU
		{2AE90A40-EA12-4272-8458-865975A77B85}.Release|Any CPU.Build.0 = Release|Any CPU
		{172965B3-DFB7-4EAE-A43E-0087E63FA0A4}.Debug|Any CPU.ActiveCfg = Debug|Any CPU
		{172965B3-DFB7-4EAE-A43E-0087E63FA0A4}.Debug|Any CPU.Build.0 = Debug|Any CPU
		{172965B3-DFB7-4EAE-A43E-0087E63FA0A4}.Release|Any CPU.ActiveCfg = Release|Any CPU
		{172965B3-DFB7-4EAE-A43E-0087E63FA0A4}.Release|Any CPU.Build.0 = Release|Any CPU
		{8C1D19E8-AD06-46C6-A617-AADF9DC13087}.Debug|Any CPU.ActiveCfg = Debug|Any CPU
		{8C1D19E8-AD06-46C6-A617-AADF9DC13087}.Debug|Any CPU.Build.0 = Debug|Any CPU
		{8C1D19E8-AD06-46C6-A617-AADF9DC13087}.Release|Any CPU.ActiveCfg = Release|Any CPU
		{8C1D19E8-AD06-46C6-A617-AADF9DC13087}.Release|Any CPU.Build.0 = Release|Any CPU
		{040AC018-BA4B-4DDF-936B-B7C196CA89D0}.Debug|Any CPU.ActiveCfg = Debug|Any CPU
		{040AC018-BA4B-4DDF-936B-B7C196CA89D0}.Debug|Any CPU.Build.0 = Debug|Any CPU
		{040AC018-BA4B-4DDF-936B-B7C196CA89D0}.Release|Any CPU.ActiveCfg = Release|Any CPU
		{040AC018-BA4B-4DDF-936B-B7C196CA89D0}.Release|Any CPU.Build.0 = Release|Any CPU
		{5CCB238F-B022-402F-BA8F-11F5483C3BFC}.Debug|Any CPU.ActiveCfg = Debug|Any CPU
		{5CCB238F-B022-402F-BA8F-11F5483C3BFC}.Debug|Any CPU.Build.0 = Debug|Any CPU
		{5CCB238F-B022-402F-BA8F-11F5483C3BFC}.Release|Any CPU.ActiveCfg = Release|Any CPU
		{5CCB238F-B022-402F-BA8F-11F5483C3BFC}.Release|Any CPU.Build.0 = Release|Any CPU
		{8886B43F-2534-4E14-95FA-14C3278F0ACB}.Debug|Any CPU.ActiveCfg = Debug|Any CPU
		{8886B43F-2534-4E14-95FA-14C3278F0ACB}.Debug|Any CPU.Build.0 = Debug|Any CPU
		{8886B43F-2534-4E14-95FA-14C3278F0ACB}.Release|Any CPU.ActiveCfg = Release|Any CPU
		{8886B43F-2534-4E14-95FA-14C3278F0ACB}.Release|Any CPU.Build.0 = Release|Any CPU
		{BA63AF79-C03D-4329-8B64-23456C348458}.Debug|Any CPU.ActiveCfg = Debug|Any CPU
		{BA63AF79-C03D-4329-8B64-23456C348458}.Debug|Any CPU.Build.0 = Debug|Any CPU
		{BA63AF79-C03D-4329-8B64-23456C348458}.Release|Any CPU.ActiveCfg = Release|Any CPU
		{BA63AF79-C03D-4329-8B64-23456C348458}.Release|Any CPU.Build.0 = Release|Any CPU
		{79FB0D70-ED95-421E-B942-39398D11D52C}.Debug|Any CPU.ActiveCfg = Debug|Any CPU
		{79FB0D70-ED95-421E-B942-39398D11D52C}.Debug|Any CPU.Build.0 = Debug|Any CPU
		{79FB0D70-ED95-421E-B942-39398D11D52C}.Release|Any CPU.ActiveCfg = Release|Any CPU
		{79FB0D70-ED95-421E-B942-39398D11D52C}.Release|Any CPU.Build.0 = Release|Any CPU
		{3D686496-5DF3-43AE-89C9-2963A7298433}.Debug|Any CPU.ActiveCfg = Debug|Any CPU
		{3D686496-5DF3-43AE-89C9-2963A7298433}.Debug|Any CPU.Build.0 = Debug|Any CPU
		{3D686496-5DF3-43AE-89C9-2963A7298433}.Release|Any CPU.ActiveCfg = Release|Any CPU
		{3D686496-5DF3-43AE-89C9-2963A7298433}.Release|Any CPU.Build.0 = Release|Any CPU
		{643774CA-F5ED-427A-A2C1-7FF9242A6936}.Debug|Any CPU.ActiveCfg = Debug|Any CPU
		{643774CA-F5ED-427A-A2C1-7FF9242A6936}.Debug|Any CPU.Build.0 = Debug|Any CPU
		{643774CA-F5ED-427A-A2C1-7FF9242A6936}.Release|Any CPU.ActiveCfg = Release|Any CPU
		{643774CA-F5ED-427A-A2C1-7FF9242A6936}.Release|Any CPU.Build.0 = Release|Any CPU
		{059E5064-3BCE-4904-82CE-C0D4EBE12FF3}.Debug|Any CPU.ActiveCfg = Debug|Any CPU
		{059E5064-3BCE-4904-82CE-C0D4EBE12FF3}.Debug|Any CPU.Build.0 = Debug|Any CPU
		{059E5064-3BCE-4904-82CE-C0D4EBE12FF3}.Release|Any CPU.ActiveCfg = Release|Any CPU
		{059E5064-3BCE-4904-82CE-C0D4EBE12FF3}.Release|Any CPU.Build.0 = Release|Any CPU
		{E5C740A8-2318-4A8C-8478-58C8CDD17F3C}.Debug|Any CPU.ActiveCfg = Debug|Any CPU
		{E5C740A8-2318-4A8C-8478-58C8CDD17F3C}.Debug|Any CPU.Build.0 = Debug|Any CPU
		{E5C740A8-2318-4A8C-8478-58C8CDD17F3C}.Release|Any CPU.ActiveCfg = Release|Any CPU
		{E5C740A8-2318-4A8C-8478-58C8CDD17F3C}.Release|Any CPU.Build.0 = Release|Any CPU
		{4CEA3511-443A-4F11-AE09-51D71D87CDC8}.Debug|Any CPU.ActiveCfg = Debug|Any CPU
		{4CEA3511-443A-4F11-AE09-51D71D87CDC8}.Debug|Any CPU.Build.0 = Debug|Any CPU
		{4CEA3511-443A-4F11-AE09-51D71D87CDC8}.Release|Any CPU.ActiveCfg = Release|Any CPU
		{4CEA3511-443A-4F11-AE09-51D71D87CDC8}.Release|Any CPU.Build.0 = Release|Any CPU
		{35CBC433-B32C-4436-81C6-663D32E1C78A}.Debug|Any CPU.ActiveCfg = Debug|Any CPU
		{35CBC433-B32C-4436-81C6-663D32E1C78A}.Debug|Any CPU.Build.0 = Debug|Any CPU
		{35CBC433-B32C-4436-81C6-663D32E1C78A}.Release|Any CPU.ActiveCfg = Release|Any CPU
		{35CBC433-B32C-4436-81C6-663D32E1C78A}.Release|Any CPU.Build.0 = Release|Any CPU
		{A236F611-580E-4AD7-8ED8-BA2229699985}.Debug|Any CPU.ActiveCfg = Debug|Any CPU
		{A236F611-580E-4AD7-8ED8-BA2229699985}.Debug|Any CPU.Build.0 = Debug|Any CPU
		{A236F611-580E-4AD7-8ED8-BA2229699985}.Release|Any CPU.ActiveCfg = Release|Any CPU
		{A236F611-580E-4AD7-8ED8-BA2229699985}.Release|Any CPU.Build.0 = Release|Any CPU
		{F4492497-D510-4A19-83BB-CE3674A1E8F9}.Debug|Any CPU.ActiveCfg = Debug|Any CPU
		{F4492497-D510-4A19-83BB-CE3674A1E8F9}.Debug|Any CPU.Build.0 = Debug|Any CPU
		{F4492497-D510-4A19-83BB-CE3674A1E8F9}.Release|Any CPU.ActiveCfg = Release|Any CPU
		{F4492497-D510-4A19-83BB-CE3674A1E8F9}.Release|Any CPU.Build.0 = Release|Any CPU
		{78191720-1B0C-4A43-AE77-ED56C541C140}.Debug|Any CPU.ActiveCfg = Debug|Any CPU
		{78191720-1B0C-4A43-AE77-ED56C541C140}.Debug|Any CPU.Build.0 = Debug|Any CPU
		{78191720-1B0C-4A43-AE77-ED56C541C140}.Release|Any CPU.ActiveCfg = Release|Any CPU
		{78191720-1B0C-4A43-AE77-ED56C541C140}.Release|Any CPU.Build.0 = Release|Any CPU
		{74E079FA-72AE-4047-9755-5CF581CED708}.Debug|Any CPU.ActiveCfg = Debug|Any CPU
		{74E079FA-72AE-4047-9755-5CF581CED708}.Debug|Any CPU.Build.0 = Debug|Any CPU
		{74E079FA-72AE-4047-9755-5CF581CED708}.Release|Any CPU.ActiveCfg = Release|Any CPU
		{74E079FA-72AE-4047-9755-5CF581CED708}.Release|Any CPU.Build.0 = Release|Any CPU
		{3101C378-40A7-4399-BEEE-59236AE4D0D7}.Debug|Any CPU.ActiveCfg = Debug|Any CPU
		{3101C378-40A7-4399-BEEE-59236AE4D0D7}.Debug|Any CPU.Build.0 = Debug|Any CPU
		{3101C378-40A7-4399-BEEE-59236AE4D0D7}.Release|Any CPU.ActiveCfg = Release|Any CPU
		{3101C378-40A7-4399-BEEE-59236AE4D0D7}.Release|Any CPU.Build.0 = Release|Any CPU
		{E14EB0DB-AD99-4678-990D-CFA1AFBF884A}.Debug|Any CPU.ActiveCfg = Debug|Any CPU
		{E14EB0DB-AD99-4678-990D-CFA1AFBF884A}.Debug|Any CPU.Build.0 = Debug|Any CPU
		{E14EB0DB-AD99-4678-990D-CFA1AFBF884A}.Release|Any CPU.ActiveCfg = Release|Any CPU
		{E14EB0DB-AD99-4678-990D-CFA1AFBF884A}.Release|Any CPU.Build.0 = Release|Any CPU
		{29272322-F6C7-42FD-9075-61895E258239}.Debug|Any CPU.ActiveCfg = Debug|Any CPU
		{29272322-F6C7-42FD-9075-61895E258239}.Debug|Any CPU.Build.0 = Debug|Any CPU
		{29272322-F6C7-42FD-9075-61895E258239}.Release|Any CPU.ActiveCfg = Release|Any CPU
		{29272322-F6C7-42FD-9075-61895E258239}.Release|Any CPU.Build.0 = Release|Any CPU
		{A6C5A280-A4CD-487C-995D-6BDC5A82489A}.Debug|Any CPU.ActiveCfg = Debug|Any CPU
		{A6C5A280-A4CD-487C-995D-6BDC5A82489A}.Debug|Any CPU.Build.0 = Debug|Any CPU
		{A6C5A280-A4CD-487C-995D-6BDC5A82489A}.Release|Any CPU.ActiveCfg = Release|Any CPU
		{A6C5A280-A4CD-487C-995D-6BDC5A82489A}.Release|Any CPU.Build.0 = Release|Any CPU
		{FCA7B295-F70F-430C-80C8-76341C633B53}.Debug|Any CPU.ActiveCfg = Debug|Any CPU
		{FCA7B295-F70F-430C-80C8-76341C633B53}.Debug|Any CPU.Build.0 = Debug|Any CPU
		{FCA7B295-F70F-430C-80C8-76341C633B53}.Release|Any CPU.ActiveCfg = Release|Any CPU
		{FCA7B295-F70F-430C-80C8-76341C633B53}.Release|Any CPU.Build.0 = Release|Any CPU
		{45C85401-E7DC-4CC0-9C46-D5653E07F9CC}.Debug|Any CPU.ActiveCfg = Debug|Any CPU
		{45C85401-E7DC-4CC0-9C46-D5653E07F9CC}.Debug|Any CPU.Build.0 = Debug|Any CPU
		{45C85401-E7DC-4CC0-9C46-D5653E07F9CC}.Release|Any CPU.ActiveCfg = Release|Any CPU
		{45C85401-E7DC-4CC0-9C46-D5653E07F9CC}.Release|Any CPU.Build.0 = Release|Any CPU
		{16349C3D-05AF-4BE4-AC8B-945556E0B76C}.Debug|Any CPU.ActiveCfg = Debug|Any CPU
		{16349C3D-05AF-4BE4-AC8B-945556E0B76C}.Debug|Any CPU.Build.0 = Debug|Any CPU
		{16349C3D-05AF-4BE4-AC8B-945556E0B76C}.Release|Any CPU.ActiveCfg = Release|Any CPU
		{16349C3D-05AF-4BE4-AC8B-945556E0B76C}.Release|Any CPU.Build.0 = Release|Any CPU
		{97898F67-15D8-4B18-8C21-7F7042113C8E}.Debug|Any CPU.ActiveCfg = Debug|Any CPU
		{97898F67-15D8-4B18-8C21-7F7042113C8E}.Debug|Any CPU.Build.0 = Debug|Any CPU
		{97898F67-15D8-4B18-8C21-7F7042113C8E}.Release|Any CPU.ActiveCfg = Release|Any CPU
		{97898F67-15D8-4B18-8C21-7F7042113C8E}.Release|Any CPU.Build.0 = Release|Any CPU
		{40518579-BFA3-4BCB-AEBC-AB4FE272AF4E}.Debug|Any CPU.ActiveCfg = Debug|Any CPU
		{40518579-BFA3-4BCB-AEBC-AB4FE272AF4E}.Debug|Any CPU.Build.0 = Debug|Any CPU
		{40518579-BFA3-4BCB-AEBC-AB4FE272AF4E}.Release|Any CPU.ActiveCfg = Release|Any CPU
		{40518579-BFA3-4BCB-AEBC-AB4FE272AF4E}.Release|Any CPU.Build.0 = Release|Any CPU
		{02C90033-F006-4AF4-A3CD-22508FC207E0}.Debug|Any CPU.ActiveCfg = Debug|Any CPU
		{02C90033-F006-4AF4-A3CD-22508FC207E0}.Debug|Any CPU.Build.0 = Debug|Any CPU
		{02C90033-F006-4AF4-A3CD-22508FC207E0}.Release|Any CPU.ActiveCfg = Release|Any CPU
		{02C90033-F006-4AF4-A3CD-22508FC207E0}.Release|Any CPU.Build.0 = Release|Any CPU
		{6A93D72D-A4E0-49EB-BECD-1EFD4B1A4898}.Debug|Any CPU.ActiveCfg = Debug|Any CPU
		{6A93D72D-A4E0-49EB-BECD-1EFD4B1A4898}.Debug|Any CPU.Build.0 = Debug|Any CPU
		{6A93D72D-A4E0-49EB-BECD-1EFD4B1A4898}.Release|Any CPU.ActiveCfg = Release|Any CPU
		{6A93D72D-A4E0-49EB-BECD-1EFD4B1A4898}.Release|Any CPU.Build.0 = Release|Any CPU
		{3569B19D-AF5B-4E2D-B269-3A0931528BC4}.Debug|Any CPU.ActiveCfg = Debug|Any CPU
		{3569B19D-AF5B-4E2D-B269-3A0931528BC4}.Debug|Any CPU.Build.0 = Debug|Any CPU
		{3569B19D-AF5B-4E2D-B269-3A0931528BC4}.Release|Any CPU.ActiveCfg = Release|Any CPU
		{3569B19D-AF5B-4E2D-B269-3A0931528BC4}.Release|Any CPU.Build.0 = Release|Any CPU
		{745FDC78-DE76-4048-9748-772DB104185E}.Debug|Any CPU.ActiveCfg = Debug|Any CPU
		{745FDC78-DE76-4048-9748-772DB104185E}.Debug|Any CPU.Build.0 = Debug|Any CPU
		{745FDC78-DE76-4048-9748-772DB104185E}.Release|Any CPU.ActiveCfg = Release|Any CPU
		{745FDC78-DE76-4048-9748-772DB104185E}.Release|Any CPU.Build.0 = Release|Any CPU
		{21898433-9542-494F-8BC5-E7242BC22D57}.Debug|Any CPU.ActiveCfg = Debug|Any CPU
		{21898433-9542-494F-8BC5-E7242BC22D57}.Debug|Any CPU.Build.0 = Debug|Any CPU
		{21898433-9542-494F-8BC5-E7242BC22D57}.Release|Any CPU.ActiveCfg = Release|Any CPU
		{21898433-9542-494F-8BC5-E7242BC22D57}.Release|Any CPU.Build.0 = Release|Any CPU
		{A34D3CDE-30AB-4BC9-B9FF-D9A28A0BA3CF}.Debug|Any CPU.ActiveCfg = Debug|Any CPU
		{A34D3CDE-30AB-4BC9-B9FF-D9A28A0BA3CF}.Debug|Any CPU.Build.0 = Debug|Any CPU
		{A34D3CDE-30AB-4BC9-B9FF-D9A28A0BA3CF}.Release|Any CPU.ActiveCfg = Release|Any CPU
		{A34D3CDE-30AB-4BC9-B9FF-D9A28A0BA3CF}.Release|Any CPU.Build.0 = Release|Any CPU
		{EDF84E33-F3C1-406C-9978-38A92444E10F}.Debug|Any CPU.ActiveCfg = Debug|Any CPU
		{EDF84E33-F3C1-406C-9978-38A92444E10F}.Debug|Any CPU.Build.0 = Debug|Any CPU
		{EDF84E33-F3C1-406C-9978-38A92444E10F}.Release|Any CPU.ActiveCfg = Release|Any CPU
		{EDF84E33-F3C1-406C-9978-38A92444E10F}.Release|Any CPU.Build.0 = Release|Any CPU
		{6D09A063-48E0-4138-B87C-A419F2EF6508}.Debug|Any CPU.ActiveCfg = Debug|Any CPU
		{6D09A063-48E0-4138-B87C-A419F2EF6508}.Debug|Any CPU.Build.0 = Debug|Any CPU
		{6D09A063-48E0-4138-B87C-A419F2EF6508}.Release|Any CPU.ActiveCfg = Release|Any CPU
		{6D09A063-48E0-4138-B87C-A419F2EF6508}.Release|Any CPU.Build.0 = Release|Any CPU
		{8DF8DB92-ADC5-4B80-BC16-8280282E2F7C}.Debug|Any CPU.ActiveCfg = Debug|Any CPU
		{8DF8DB92-ADC5-4B80-BC16-8280282E2F7C}.Debug|Any CPU.Build.0 = Debug|Any CPU
		{8DF8DB92-ADC5-4B80-BC16-8280282E2F7C}.Release|Any CPU.ActiveCfg = Release|Any CPU
		{8DF8DB92-ADC5-4B80-BC16-8280282E2F7C}.Release|Any CPU.Build.0 = Release|Any CPU
		{B130110C-65BD-4304-A128-A6AE55700197}.Debug|Any CPU.ActiveCfg = Debug|Any CPU
		{B130110C-65BD-4304-A128-A6AE55700197}.Debug|Any CPU.Build.0 = Debug|Any CPU
		{B130110C-65BD-4304-A128-A6AE55700197}.Release|Any CPU.ActiveCfg = Release|Any CPU
		{B130110C-65BD-4304-A128-A6AE55700197}.Release|Any CPU.Build.0 = Release|Any CPU
		{367E6657-DAA3-4271-91AB-B4A6C0E9C401}.Debug|Any CPU.ActiveCfg = Debug|Any CPU
		{367E6657-DAA3-4271-91AB-B4A6C0E9C401}.Debug|Any CPU.Build.0 = Debug|Any CPU
		{367E6657-DAA3-4271-91AB-B4A6C0E9C401}.Release|Any CPU.ActiveCfg = Release|Any CPU
		{367E6657-DAA3-4271-91AB-B4A6C0E9C401}.Release|Any CPU.Build.0 = Release|Any CPU
		{80C5887A-4BD3-46C7-98A4-DE3ECA2ADFED}.Debug|Any CPU.ActiveCfg = Debug|Any CPU
		{80C5887A-4BD3-46C7-98A4-DE3ECA2ADFED}.Debug|Any CPU.Build.0 = Debug|Any CPU
		{80C5887A-4BD3-46C7-98A4-DE3ECA2ADFED}.Release|Any CPU.ActiveCfg = Release|Any CPU
		{80C5887A-4BD3-46C7-98A4-DE3ECA2ADFED}.Release|Any CPU.Build.0 = Release|Any CPU
		{3CCE0AB6-8EB6-4579-90E7-5CE16B5641CF}.Debug|Any CPU.ActiveCfg = Debug|Any CPU
		{3CCE0AB6-8EB6-4579-90E7-5CE16B5641CF}.Debug|Any CPU.Build.0 = Debug|Any CPU
		{3CCE0AB6-8EB6-4579-90E7-5CE16B5641CF}.Release|Any CPU.ActiveCfg = Release|Any CPU
		{3CCE0AB6-8EB6-4579-90E7-5CE16B5641CF}.Release|Any CPU.Build.0 = Release|Any CPU
		{E59A4C7C-5E6B-4A30-B8A6-A1C90B49A2BB}.Debug|Any CPU.ActiveCfg = Debug|Any CPU
		{E59A4C7C-5E6B-4A30-B8A6-A1C90B49A2BB}.Debug|Any CPU.Build.0 = Debug|Any CPU
		{E59A4C7C-5E6B-4A30-B8A6-A1C90B49A2BB}.Release|Any CPU.ActiveCfg = Release|Any CPU
		{E59A4C7C-5E6B-4A30-B8A6-A1C90B49A2BB}.Release|Any CPU.Build.0 = Release|Any CPU
		{55DFDB89-0033-49E6-B8CE-4C61E694D422}.Debug|Any CPU.ActiveCfg = Debug|Any CPU
		{55DFDB89-0033-49E6-B8CE-4C61E694D422}.Debug|Any CPU.Build.0 = Debug|Any CPU
		{55DFDB89-0033-49E6-B8CE-4C61E694D422}.Release|Any CPU.ActiveCfg = Release|Any CPU
		{55DFDB89-0033-49E6-B8CE-4C61E694D422}.Release|Any CPU.Build.0 = Release|Any CPU
		{2DDC19B7-9125-41B9-9C6A-7792DD43E512}.Debug|Any CPU.ActiveCfg = Debug|Any CPU
		{2DDC19B7-9125-41B9-9C6A-7792DD43E512}.Debug|Any CPU.Build.0 = Debug|Any CPU
		{2DDC19B7-9125-41B9-9C6A-7792DD43E512}.Release|Any CPU.ActiveCfg = Release|Any CPU
		{2DDC19B7-9125-41B9-9C6A-7792DD43E512}.Release|Any CPU.Build.0 = Release|Any CPU
		{E6EDC48C-A9B0-4029-9883-A2B60037E985}.Debug|Any CPU.ActiveCfg = Debug|Any CPU
		{E6EDC48C-A9B0-4029-9883-A2B60037E985}.Debug|Any CPU.Build.0 = Debug|Any CPU
		{E6EDC48C-A9B0-4029-9883-A2B60037E985}.Release|Any CPU.ActiveCfg = Release|Any CPU
		{E6EDC48C-A9B0-4029-9883-A2B60037E985}.Release|Any CPU.Build.0 = Release|Any CPU
		{C09CE6B6-F9AF-463D-B85E-4B9E1D6F3CDB}.Debug|Any CPU.ActiveCfg = Debug|Any CPU
		{C09CE6B6-F9AF-463D-B85E-4B9E1D6F3CDB}.Debug|Any CPU.Build.0 = Debug|Any CPU
		{C09CE6B6-F9AF-463D-B85E-4B9E1D6F3CDB}.Release|Any CPU.ActiveCfg = Release|Any CPU
		{C09CE6B6-F9AF-463D-B85E-4B9E1D6F3CDB}.Release|Any CPU.Build.0 = Release|Any CPU
		{E34FA015-FC38-4998-A493-81771ABC0B55}.Debug|Any CPU.ActiveCfg = Debug|Any CPU
		{E34FA015-FC38-4998-A493-81771ABC0B55}.Debug|Any CPU.Build.0 = Debug|Any CPU
		{E34FA015-FC38-4998-A493-81771ABC0B55}.Release|Any CPU.ActiveCfg = Release|Any CPU
		{E34FA015-FC38-4998-A493-81771ABC0B55}.Release|Any CPU.Build.0 = Release|Any CPU
	EndGlobalSection
	GlobalSection(NestedProjects) = preSolution
		{01956CE4-A36C-4DDB-AFAB-CF86C4497508} = {6A32FB7F-3C6B-46DF-AF9D-318ED1CB3EB9}
		{C77848E9-7AA1-4AD7-A318-CF952FCB8664} = {01956CE4-A36C-4DDB-AFAB-CF86C4497508}
		{FD8A96D3-29EE-4652-95D9-E5F9830D3D72} = {C77848E9-7AA1-4AD7-A318-CF952FCB8664}
		{672D3CC7-C43F-4B2D-8571-85FEDFA83A21} = {01956CE4-A36C-4DDB-AFAB-CF86C4497508}
		{FDD689BD-0BE2-43F3-88C6-F88669A35E7C} = {672D3CC7-C43F-4B2D-8571-85FEDFA83A21}
		{0FA819D9-28BF-4253-BCF5-454104404E0F} = {C77848E9-7AA1-4AD7-A318-CF952FCB8664}
		{A9303EE7-AED0-4B3B-92F0-56ECCE82ADC3} = {672D3CC7-C43F-4B2D-8571-85FEDFA83A21}
		{81A648D9-31B0-4D09-BDBF-9B9EABEAC28F} = {C77848E9-7AA1-4AD7-A318-CF952FCB8664}
		{2AE90A40-EA12-4272-8458-865975A77B85} = {672D3CC7-C43F-4B2D-8571-85FEDFA83A21}
		{5CCD883A-51C5-4F9B-BDD8-4657B3E74372} = {B124A4E2-D569-477A-B953-EFD40682105E}
		{F05CC48F-D2AE-4C2D-93EA-988EB7337173} = {5CCD883A-51C5-4F9B-BDD8-4657B3E74372}
		{172965B3-DFB7-4EAE-A43E-0087E63FA0A4} = {F05CC48F-D2AE-4C2D-93EA-988EB7337173}
		{8C1D19E8-AD06-46C6-A617-AADF9DC13087} = {F05CC48F-D2AE-4C2D-93EA-988EB7337173}
		{50683A6F-3DA0-4742-BE5A-B8C3E03B06F1} = {5CCD883A-51C5-4F9B-BDD8-4657B3E74372}
		{040AC018-BA4B-4DDF-936B-B7C196CA89D0} = {50683A6F-3DA0-4742-BE5A-B8C3E03B06F1}
		{5CCB238F-B022-402F-BA8F-11F5483C3BFC} = {F05CC48F-D2AE-4C2D-93EA-988EB7337173}
		{8886B43F-2534-4E14-95FA-14C3278F0ACB} = {50683A6F-3DA0-4742-BE5A-B8C3E03B06F1}
		{BA63AF79-C03D-4329-8B64-23456C348458} = {50683A6F-3DA0-4742-BE5A-B8C3E03B06F1}
		{2B9AD32F-23F4-4A85-B635-BB2B17D2D2A2} = {6A32FB7F-3C6B-46DF-AF9D-318ED1CB3EB9}
		{258F29F0-2D04-43F9-A462-D1849220484D} = {2B9AD32F-23F4-4A85-B635-BB2B17D2D2A2}
		{79FB0D70-ED95-421E-B942-39398D11D52C} = {258F29F0-2D04-43F9-A462-D1849220484D}
		{4F2F06F6-664D-4F28-A4AE-0BFDB310C70E} = {B124A4E2-D569-477A-B953-EFD40682105E}
		{9553DFA2-41AE-4DAF-BD34-D9364DA02F6D} = {4F2F06F6-664D-4F28-A4AE-0BFDB310C70E}
		{3D686496-5DF3-43AE-89C9-2963A7298433} = {9553DFA2-41AE-4DAF-BD34-D9364DA02F6D}
		{643774CA-F5ED-427A-A2C1-7FF9242A6936} = {9553DFA2-41AE-4DAF-BD34-D9364DA02F6D}
		{383615F4-A58F-432D-BF22-244698B2540E} = {4F2F06F6-664D-4F28-A4AE-0BFDB310C70E}
		{059E5064-3BCE-4904-82CE-C0D4EBE12FF3} = {383615F4-A58F-432D-BF22-244698B2540E}
		{92872735-DF97-4E68-8FD8-85BCF21B5CC2} = {6A32FB7F-3C6B-46DF-AF9D-318ED1CB3EB9}
		{D3E06936-425C-43EF-80AF-B1377FAE6AF1} = {92872735-DF97-4E68-8FD8-85BCF21B5CC2}
		{E5C740A8-2318-4A8C-8478-58C8CDD17F3C} = {D3E06936-425C-43EF-80AF-B1377FAE6AF1}
		{4CEA3511-443A-4F11-AE09-51D71D87CDC8} = {D3E06936-425C-43EF-80AF-B1377FAE6AF1}
		{92729EA6-BAC8-470F-AFA2-85BBA034DC9D} = {92872735-DF97-4E68-8FD8-85BCF21B5CC2}
		{35CBC433-B32C-4436-81C6-663D32E1C78A} = {92729EA6-BAC8-470F-AFA2-85BBA034DC9D}
		{A236F611-580E-4AD7-8ED8-BA2229699985} = {92729EA6-BAC8-470F-AFA2-85BBA034DC9D}
		{E2851747-499B-4311-B368-E55D5344EC78} = {B124A4E2-D569-477A-B953-EFD40682105E}
		{1485D52F-F562-4D4B-8D44-0CB4144AA8C4} = {E2851747-499B-4311-B368-E55D5344EC78}
		{F4492497-D510-4A19-83BB-CE3674A1E8F9} = {1485D52F-F562-4D4B-8D44-0CB4144AA8C4}
		{78191720-1B0C-4A43-AE77-ED56C541C140} = {1485D52F-F562-4D4B-8D44-0CB4144AA8C4}
		{74E079FA-72AE-4047-9755-5CF581CED708} = {1485D52F-F562-4D4B-8D44-0CB4144AA8C4}
		{3101C378-40A7-4399-BEEE-59236AE4D0D7} = {1485D52F-F562-4D4B-8D44-0CB4144AA8C4}
		{E14EB0DB-AD99-4678-990D-CFA1AFBF884A} = {1485D52F-F562-4D4B-8D44-0CB4144AA8C4}
		{29272322-F6C7-42FD-9075-61895E258239} = {1485D52F-F562-4D4B-8D44-0CB4144AA8C4}
		{A6C5A280-A4CD-487C-995D-6BDC5A82489A} = {1485D52F-F562-4D4B-8D44-0CB4144AA8C4}
		{FCA7B295-F70F-430C-80C8-76341C633B53} = {1485D52F-F562-4D4B-8D44-0CB4144AA8C4}
		{688329AC-F6D4-434F-BAAF-F0058CB58577} = {E2851747-499B-4311-B368-E55D5344EC78}
		{45C85401-E7DC-4CC0-9C46-D5653E07F9CC} = {688329AC-F6D4-434F-BAAF-F0058CB58577}
		{16349C3D-05AF-4BE4-AC8B-945556E0B76C} = {688329AC-F6D4-434F-BAAF-F0058CB58577}
		{97898F67-15D8-4B18-8C21-7F7042113C8E} = {688329AC-F6D4-434F-BAAF-F0058CB58577}
		{40518579-BFA3-4BCB-AEBC-AB4FE272AF4E} = {688329AC-F6D4-434F-BAAF-F0058CB58577}
		{02C90033-F006-4AF4-A3CD-22508FC207E0} = {1485D52F-F562-4D4B-8D44-0CB4144AA8C4}
		{6A93D72D-A4E0-49EB-BECD-1EFD4B1A4898} = {1485D52F-F562-4D4B-8D44-0CB4144AA8C4}
		{3569B19D-AF5B-4E2D-B269-3A0931528BC4} = {1485D52F-F562-4D4B-8D44-0CB4144AA8C4}
		{745FDC78-DE76-4048-9748-772DB104185E} = {1485D52F-F562-4D4B-8D44-0CB4144AA8C4}
		{474242D1-2645-4441-A070-69DD4C4222BE} = {6A32FB7F-3C6B-46DF-AF9D-318ED1CB3EB9}
		{A852F699-5871-4DB8-9B37-6AFC2D6A4D9E} = {474242D1-2645-4441-A070-69DD4C4222BE}
		{21898433-9542-494F-8BC5-E7242BC22D57} = {A852F699-5871-4DB8-9B37-6AFC2D6A4D9E}
		{6D7B9CAC-1715-43B2-B3F5-38B85CE3FD14} = {474242D1-2645-4441-A070-69DD4C4222BE}
		{A34D3CDE-30AB-4BC9-B9FF-D9A28A0BA3CF} = {6D7B9CAC-1715-43B2-B3F5-38B85CE3FD14}
		{0F19A490-9B13-4EA2-8D15-B84DA0B25680} = {6A32FB7F-3C6B-46DF-AF9D-318ED1CB3EB9}
		{AD8ABC70-D64B-487F-B92E-BBC85E3C3802} = {0F19A490-9B13-4EA2-8D15-B84DA0B25680}
		{EDF84E33-F3C1-406C-9978-38A92444E10F} = {AD8ABC70-D64B-487F-B92E-BBC85E3C3802}
		{5032DA47-779D-43EC-9E92-E221867F8AE8} = {0F19A490-9B13-4EA2-8D15-B84DA0B25680}
		{6D09A063-48E0-4138-B87C-A419F2EF6508} = {5032DA47-779D-43EC-9E92-E221867F8AE8}
		{E29C3CF4-C59E-4134-B94B-6893D710F6E9} = {B124A4E2-D569-477A-B953-EFD40682105E}
		{ABA40B9B-3EB6-4926-A8D0-C1FEEA2B3FA4} = {E29C3CF4-C59E-4134-B94B-6893D710F6E9}
		{8DF8DB92-ADC5-4B80-BC16-8280282E2F7C} = {ABA40B9B-3EB6-4926-A8D0-C1FEEA2B3FA4}
		{B130110C-65BD-4304-A128-A6AE55700197} = {ABA40B9B-3EB6-4926-A8D0-C1FEEA2B3FA4}
		{7D6308FF-9302-4D1E-9F99-AD3FF0F0A215} = {E29C3CF4-C59E-4134-B94B-6893D710F6E9}
		{367E6657-DAA3-4271-91AB-B4A6C0E9C401} = {7D6308FF-9302-4D1E-9F99-AD3FF0F0A215}
		{80C5887A-4BD3-46C7-98A4-DE3ECA2ADFED} = {ABA40B9B-3EB6-4926-A8D0-C1FEEA2B3FA4}
		{3CCE0AB6-8EB6-4579-90E7-5CE16B5641CF} = {7D6308FF-9302-4D1E-9F99-AD3FF0F0A215}
		{E59A4C7C-5E6B-4A30-B8A6-A1C90B49A2BB} = {ABA40B9B-3EB6-4926-A8D0-C1FEEA2B3FA4}
		{55DFDB89-0033-49E6-B8CE-4C61E694D422} = {7D6308FF-9302-4D1E-9F99-AD3FF0F0A215}
		{7A4FAA4D-E5ED-4CF1-AF43-337479309F03} = {4F2F06F6-664D-4F28-A4AE-0BFDB310C70E}
		{2DDC19B7-9125-41B9-9C6A-7792DD43E512} = {7A4FAA4D-E5ED-4CF1-AF43-337479309F03}
		{99B1FFF1-9585-4788-8B80-75DA1DAB4384} = {E2851747-499B-4311-B368-E55D5344EC78}
		{E6EDC48C-A9B0-4029-9883-A2B60037E985} = {99B1FFF1-9585-4788-8B80-75DA1DAB4384}
		{C09CE6B6-F9AF-463D-B85E-4B9E1D6F3CDB} = {99B1FFF1-9585-4788-8B80-75DA1DAB4384}
		{E34FA015-FC38-4998-A493-81771ABC0B55} = {99B1FFF1-9585-4788-8B80-75DA1DAB4384}
	EndGlobalSection
EndGlobal
