
Microsoft Visual Studio Solution File, Format Version 12.00
# Visual Studio Version 17
VisualStudioVersion = 17.0.31903.59
MinimumVisualStudioVersion = 10.0.40219.1
Project("{2150E333-8FDC-42A3-9474-1A3956D46DE8}") = "integrations", "integrations", "{61F61E2F-77C3-472D-9E1A-608D45DE4260}"
EndProject
Project("{2150E333-8FDC-42A3-9474-1A3956D46DE8}") = "AspNetCore", "AspNetCore", "{CBE62412-990F-44BD-9557-F3027D312562}"
EndProject
Project("{2150E333-8FDC-42A3-9474-1A3956D46DE8}") = "src", "src", "{F08D2FA1-BA7E-4963-80EE-7EE15DA091C7}"
EndProject
Project("{FAE04EC0-301F-11D3-BF4B-00C04F79EFBC}") = "Annium.AspNetCore.Extensions", "integrations\AspNetCore\src\Annium.AspNetCore.Extensions\Annium.AspNetCore.Extensions.csproj", "{D7B58657-CA58-4234-B0FE-BA2BEF116242}"
EndProject
Project("{2150E333-8FDC-42A3-9474-1A3956D46DE8}") = "tests", "tests", "{50A23AC9-F548-4BF5-A246-DC5B4C90F483}"
EndProject
Project("{FAE04EC0-301F-11D3-BF4B-00C04F79EFBC}") = "Annium.AspNetCore.Extensions.Tests", "integrations\AspNetCore\tests\Annium.AspNetCore.Extensions.Tests\Annium.AspNetCore.Extensions.Tests.csproj", "{162EFDB4-8D16-488C-A5F2-48DE18877FE7}"
EndProject
Project("{FAE04EC0-301F-11D3-BF4B-00C04F79EFBC}") = "Annium.AspNetCore.IntegrationTesting", "integrations\AspNetCore\src\Annium.AspNetCore.IntegrationTesting\Annium.AspNetCore.IntegrationTesting.csproj", "{E59DF970-6F5F-4C88-BFF4-BB45C882B94E}"
EndProject
Project("{FAE04EC0-301F-11D3-BF4B-00C04F79EFBC}") = "Annium.AspNetCore.IntegrationTesting.Tests", "integrations\AspNetCore\tests\Annium.AspNetCore.IntegrationTesting.Tests\Annium.AspNetCore.IntegrationTesting.Tests.csproj", "{C33C7EAF-A4C6-44FA-9296-2953753F9354}"
EndProject
Project("{FAE04EC0-301F-11D3-BF4B-00C04F79EFBC}") = "Annium.AspNetCore.Mesh", "integrations\AspNetCore\src\Annium.AspNetCore.Mesh\Annium.AspNetCore.Mesh.csproj", "{80C978F1-40A9-46A9-8D12-3D0CBEAB6FDF}"
EndProject
Project("{FAE04EC0-301F-11D3-BF4B-00C04F79EFBC}") = "Annium.AspNetCore.TestServer", "integrations\AspNetCore\tests\Annium.AspNetCore.TestServer\Annium.AspNetCore.TestServer.csproj", "{2E94D3AE-9E7C-4B6A-A80E-C17EF0F7AEFE}"
EndProject
Project("{2150E333-8FDC-42A3-9474-1A3956D46DE8}") = "base", "base", "{8FE2984C-2A25-4CCF-BA3D-B19C2308F5EB}"
EndProject
Project("{2150E333-8FDC-42A3-9474-1A3956D46DE8}") = "Cache", "Cache", "{16094014-5843-4F08-84AF-48D3520DD49D}"
EndProject
Project("{2150E333-8FDC-42A3-9474-1A3956D46DE8}") = "src", "src", "{7C5E69E6-5707-4CD1-A323-E34389ADCA12}"
EndProject
Project("{FAE04EC0-301F-11D3-BF4B-00C04F79EFBC}") = "Annium.Cache.Abstractions", "base\Cache\src\Annium.Cache.Abstractions\Annium.Cache.Abstractions.csproj", "{015B8474-8BC7-45DB-A543-863641A0B7E9}"
EndProject
Project("{FAE04EC0-301F-11D3-BF4B-00C04F79EFBC}") = "Annium.Cache.InMemory", "base\Cache\src\Annium.Cache.InMemory\Annium.Cache.InMemory.csproj", "{ADB549A7-935F-4AA5-88BC-7B09E92D5179}"
EndProject
Project("{2150E333-8FDC-42A3-9474-1A3956D46DE8}") = "tests", "tests", "{66EF01D4-2BBE-4B24-993B-063BAD1F638C}"
EndProject
Project("{FAE04EC0-301F-11D3-BF4B-00C04F79EFBC}") = "Annium.Cache.InMemory.Tests", "base\Cache\tests\Annium.Cache.InMemory.Tests\Annium.Cache.InMemory.Tests.csproj", "{528C7083-7590-473B-916F-5B362ACEEDD1}"
EndProject
Project("{FAE04EC0-301F-11D3-BF4B-00C04F79EFBC}") = "Annium.Cache.Redis", "base\Cache\src\Annium.Cache.Redis\Annium.Cache.Redis.csproj", "{84927326-5573-449C-9C27-E55193CD7DBD}"
EndProject
Project("{FAE04EC0-301F-11D3-BF4B-00C04F79EFBC}") = "Annium.Cache.Redis.Tests", "base\Cache\tests\Annium.Cache.Redis.Tests\Annium.Cache.Redis.Tests.csproj", "{F5627A75-8AD3-465E-BF16-F14729EF3A7F}"
EndProject
Project("{FAE04EC0-301F-11D3-BF4B-00C04F79EFBC}") = "Annium.Cache.Tests.Lib", "base\Cache\tests\Annium.Cache.Tests.Lib\Annium.Cache.Tests.Lib.csproj", "{9A4BF107-7B27-4AB5-8672-8A8C4321A57A}"
EndProject
Project("{2150E333-8FDC-42A3-9474-1A3956D46DE8}") = "EntityFrameworkCore", "EntityFrameworkCore", "{A05648EC-C1D7-4865-9648-E40B2894A6A1}"
EndProject
Project("{2150E333-8FDC-42A3-9474-1A3956D46DE8}") = "src", "src", "{C7685D48-5D33-4ED0-B480-55094B827671}"
EndProject
Project("{FAE04EC0-301F-11D3-BF4B-00C04F79EFBC}") = "Annium.EntityFrameworkCore.Extensions", "integrations\EntityFrameworkCore\src\Annium.EntityFrameworkCore.Extensions\Annium.EntityFrameworkCore.Extensions.csproj", "{94990BAF-813A-46A5-AF7B-8A974247391A}"
EndProject
Project("{2150E333-8FDC-42A3-9474-1A3956D46DE8}") = "Infrastructure", "Infrastructure", "{E545840F-F084-4D4B-898A-CC0D49EF878C}"
EndProject
Project("{2150E333-8FDC-42A3-9474-1A3956D46DE8}") = "src", "src", "{C3ED6575-AC5E-482C-ACDE-9E3794D2AA97}"
EndProject
Project("{FAE04EC0-301F-11D3-BF4B-00C04F79EFBC}") = "Annium.Infrastructure.Hosting", "base\Infrastructure\src\Annium.Infrastructure.Hosting\Annium.Infrastructure.Hosting.csproj", "{A2428F7C-2365-42B0-A521-6F8DA2BFE30F}"
EndProject
Project("{FAE04EC0-301F-11D3-BF4B-00C04F79EFBC}") = "Annium.Infrastructure.MessageBus.Node", "base\Infrastructure\src\Annium.Infrastructure.MessageBus.Node\Annium.Infrastructure.MessageBus.Node.csproj", "{CD0871C0-F5FF-4305-BC5B-91D1477D8A58}"
EndProject
Project("{2150E333-8FDC-42A3-9474-1A3956D46DE8}") = "tests", "tests", "{85BD7C5C-DDDA-402D-8589-35FBEC4631A7}"
EndProject
Project("{FAE04EC0-301F-11D3-BF4B-00C04F79EFBC}") = "Annium.Infrastructure.MessageBus.Node.Tests", "base\Infrastructure\tests\Annium.Infrastructure.MessageBus.Node.Tests\Annium.Infrastructure.MessageBus.Node.Tests.csproj", "{2285ECE5-A04A-412C-B77A-0F89E1CB88A1}"
EndProject
Project("{2150E333-8FDC-42A3-9474-1A3956D46DE8}") = "linq2db", "linq2db", "{83C56E2E-53AC-40B3-96F9-4D51FBA230D2}"
EndProject
Project("{2150E333-8FDC-42A3-9474-1A3956D46DE8}") = "src", "src", "{17D907ED-C41D-4C23-9939-3ACE0551E516}"
EndProject
Project("{FAE04EC0-301F-11D3-BF4B-00C04F79EFBC}") = "Annium.linq2db.Extensions", "integrations\linq2db\src\Annium.linq2db.Extensions\Annium.linq2db.Extensions.csproj", "{705CC394-106E-4ADD-B45C-C3765B6CDA84}"
EndProject
Project("{FAE04EC0-301F-11D3-BF4B-00C04F79EFBC}") = "Annium.linq2db.PostgreSql", "integrations\linq2db\src\Annium.linq2db.PostgreSql\Annium.linq2db.PostgreSql.csproj", "{A16924FB-E150-4EA9-94F4-60F3EF2D610A}"
EndProject
Project("{2150E333-8FDC-42A3-9474-1A3956D46DE8}") = "tests", "tests", "{A4316DB8-F83F-4D19-B1C9-23CF30AE5988}"
EndProject
Project("{FAE04EC0-301F-11D3-BF4B-00C04F79EFBC}") = "Annium.linq2db.PostgreSql.Tests", "integrations\linq2db\tests\Annium.linq2db.PostgreSql.Tests\Annium.linq2db.PostgreSql.Tests.csproj", "{4F3DB8E8-87CC-42D8-B20F-99E6DE3F0F32}"
EndProject
Project("{FAE04EC0-301F-11D3-BF4B-00C04F79EFBC}") = "Annium.linq2db.Tests.Lib", "integrations\linq2db\tests\Annium.linq2db.Tests.Lib\Annium.linq2db.Tests.Lib.csproj", "{79021F25-9257-4BDC-8A1E-2ECB6CDE3A04}"
EndProject
Project("{2150E333-8FDC-42A3-9474-1A3956D46DE8}") = "Mesh", "Mesh", "{583ECEBD-38FC-42BB-A986-9C5F696D41FA}"
EndProject
Project("{2150E333-8FDC-42A3-9474-1A3956D46DE8}") = "src", "src", "{9FA72A03-D715-4CCC-9943-B1C70EA639FD}"
EndProject
Project("{FAE04EC0-301F-11D3-BF4B-00C04F79EFBC}") = "Annium.Mesh.Client", "base\Mesh\src\Annium.Mesh.Client\Annium.Mesh.Client.csproj", "{D4F06FAA-C960-4E92-9549-F0CE7653801E}"
EndProject
Project("{FAE04EC0-301F-11D3-BF4B-00C04F79EFBC}") = "Annium.Mesh.Domain", "base\Mesh\src\Annium.Mesh.Domain\Annium.Mesh.Domain.csproj", "{2304EA73-F528-4248-A0DB-AEA31EC55E8B}"
EndProject
Project("{FAE04EC0-301F-11D3-BF4B-00C04F79EFBC}") = "Annium.Mesh.Serialization.Abstractions", "base\Mesh\src\Annium.Mesh.Serialization.Abstractions\Annium.Mesh.Serialization.Abstractions.csproj", "{A0E73590-83AD-4A7A-B619-993DDECF6E38}"
EndProject
Project("{FAE04EC0-301F-11D3-BF4B-00C04F79EFBC}") = "Annium.Mesh.Serialization.Json", "base\Mesh\src\Annium.Mesh.Serialization.Json\Annium.Mesh.Serialization.Json.csproj", "{C7CCF295-E9F3-4590-B214-5E59CFA1B93E}"
EndProject
Project("{FAE04EC0-301F-11D3-BF4B-00C04F79EFBC}") = "Annium.Mesh.Server", "base\Mesh\src\Annium.Mesh.Server\Annium.Mesh.Server.csproj", "{ED524CDA-E3AC-466B-9E95-31DF7FB1BCAD}"
EndProject
Project("{FAE04EC0-301F-11D3-BF4B-00C04F79EFBC}") = "Annium.Mesh.Server.InMemory", "base\Mesh\src\Annium.Mesh.Server.InMemory\Annium.Mesh.Server.InMemory.csproj", "{07AAD8A7-3866-48A1-8BF3-DDA68350E544}"
EndProject
Project("{FAE04EC0-301F-11D3-BF4B-00C04F79EFBC}") = "Annium.Mesh.Server.Sockets", "base\Mesh\src\Annium.Mesh.Server.Sockets\Annium.Mesh.Server.Sockets.csproj", "{D9C07D24-73A8-4379-B65B-D399D3242C7C}"
EndProject
Project("{FAE04EC0-301F-11D3-BF4B-00C04F79EFBC}") = "Annium.Mesh.Server.Web", "base\Mesh\src\Annium.Mesh.Server.Web\Annium.Mesh.Server.Web.csproj", "{5A67952A-9304-4B2B-946B-0DA2BFF6D205}"
EndProject
Project("{2150E333-8FDC-42A3-9474-1A3956D46DE8}") = "tests", "tests", "{ED403175-8459-4712-BA85-B484A7366E81}"
EndProject
Project("{FAE04EC0-301F-11D3-BF4B-00C04F79EFBC}") = "Annium.Mesh.Tests.Base", "base\Mesh\tests\Annium.Mesh.Tests.Base\Annium.Mesh.Tests.Base.csproj", "{179AEE45-01F5-4059-8093-0255DF31C212}"
EndProject
Project("{FAE04EC0-301F-11D3-BF4B-00C04F79EFBC}") = "Annium.Mesh.Tests.InMemory", "base\Mesh\tests\Annium.Mesh.Tests.InMemory\Annium.Mesh.Tests.InMemory.csproj", "{B637204D-D036-4AB0-9687-EBC73C03A8A4}"
EndProject
Project("{FAE04EC0-301F-11D3-BF4B-00C04F79EFBC}") = "Annium.Mesh.Tests.System", "base\Mesh\tests\Annium.Mesh.Tests.System\Annium.Mesh.Tests.System.csproj", "{E282BBE0-D4A9-4FD2-BF8B-66BCDEF7454B}"
EndProject
Project("{FAE04EC0-301F-11D3-BF4B-00C04F79EFBC}") = "Annium.Mesh.Transport.Abstractions", "base\Mesh\src\Annium.Mesh.Transport.Abstractions\Annium.Mesh.Transport.Abstractions.csproj", "{78879C4D-924F-4625-BD4B-0AE7883E741E}"
EndProject
Project("{FAE04EC0-301F-11D3-BF4B-00C04F79EFBC}") = "Annium.Mesh.Transport.InMemory", "base\Mesh\src\Annium.Mesh.Transport.InMemory\Annium.Mesh.Transport.InMemory.csproj", "{3440DA7B-D431-4BD3-B999-D5D364BCD52F}"
EndProject
Project("{FAE04EC0-301F-11D3-BF4B-00C04F79EFBC}") = "Annium.Mesh.Transport.Sockets", "base\Mesh\src\Annium.Mesh.Transport.Sockets\Annium.Mesh.Transport.Sockets.csproj", "{2F5DC07B-8CBB-402E-9A0F-B40C85E2175B}"
EndProject
Project("{FAE04EC0-301F-11D3-BF4B-00C04F79EFBC}") = "Annium.Mesh.Transport.WebSockets", "base\Mesh\src\Annium.Mesh.Transport.WebSockets\Annium.Mesh.Transport.WebSockets.csproj", "{A3D429E8-C9D1-420F-9459-E2957D40C3B8}"
EndProject
Project("{2150E333-8FDC-42A3-9474-1A3956D46DE8}") = "MongoDb", "MongoDb", "{D1174323-58B5-4F16-890F-D4323E28B058}"
EndProject
Project("{2150E333-8FDC-42A3-9474-1A3956D46DE8}") = "src", "src", "{2197C505-6772-4A99-9E32-B0B72DBEE4B3}"
EndProject
Project("{FAE04EC0-301F-11D3-BF4B-00C04F79EFBC}") = "Annium.MongoDb.NodaTime", "integrations\MongoDb\src\Annium.MongoDb.NodaTime\Annium.MongoDb.NodaTime.csproj", "{17C6A7A2-DCE2-420E-8F95-DFEA31F0EFD8}"
EndProject
Project("{2150E333-8FDC-42A3-9474-1A3956D46DE8}") = "tests", "tests", "{C5E049AA-1A51-4BCB-8D6D-3ACF238574A2}"
EndProject
Project("{FAE04EC0-301F-11D3-BF4B-00C04F79EFBC}") = "Annium.MongoDb.NodaTime.Tests", "integrations\MongoDb\tests\Annium.MongoDb.NodaTime.Tests\Annium.MongoDb.NodaTime.Tests.csproj", "{8059A90E-660B-4B23-AF4C-31B578F0D118}"
EndProject
Project("{2150E333-8FDC-42A3-9474-1A3956D46DE8}") = "Redis", "Redis", "{F62A7EF7-0B6F-4A7C-85DA-2DA599F3BA04}"
EndProject
Project("{2150E333-8FDC-42A3-9474-1A3956D46DE8}") = "src", "src", "{307A9358-2B27-4DCF-A59E-8E81E2EE0CFA}"
EndProject
Project("{FAE04EC0-301F-11D3-BF4B-00C04F79EFBC}") = "Annium.Redis", "integrations\Redis\src\Annium.Redis\Annium.Redis.csproj", "{03F2F1CB-DDD8-4684-B1CB-194DBAC5D11E}"
EndProject
Project("{2150E333-8FDC-42A3-9474-1A3956D46DE8}") = "tests", "tests", "{130658E3-4E58-4A4C-BB13-3307BC30AA79}"
EndProject
Project("{FAE04EC0-301F-11D3-BF4B-00C04F79EFBC}") = "Annium.Redis.Tests", "integrations\Redis\tests\Annium.Redis.Tests\Annium.Redis.Tests.csproj", "{F3ADF19A-E3C9-48BB-9A60-6D82E39953A9}"
EndProject
Project("{2150E333-8FDC-42A3-9474-1A3956D46DE8}") = "Storage", "Storage", "{F644C941-CF6C-430D-B181-D093E72CA0A4}"
EndProject
Project("{2150E333-8FDC-42A3-9474-1A3956D46DE8}") = "src", "src", "{2008BCC1-F6A1-457C-909E-0C96047C284E}"
EndProject
Project("{FAE04EC0-301F-11D3-BF4B-00C04F79EFBC}") = "Annium.Storage.Abstractions", "base\Storage\src\Annium.Storage.Abstractions\Annium.Storage.Abstractions.csproj", "{C3140D4F-3B2F-4CAD-B026-F75BD6D5E7C5}"
EndProject
Project("{FAE04EC0-301F-11D3-BF4B-00C04F79EFBC}") = "Annium.Storage.FileSystem", "base\Storage\src\Annium.Storage.FileSystem\Annium.Storage.FileSystem.csproj", "{A9A44257-CDE0-4E30-A2DF-D63FCBA3C1A6}"
EndProject
Project("{2150E333-8FDC-42A3-9474-1A3956D46DE8}") = "tests", "tests", "{37657381-1CB3-4996-9D52-F2F9CACBE2FA}"
EndProject
Project("{FAE04EC0-301F-11D3-BF4B-00C04F79EFBC}") = "Annium.Storage.FileSystem.Tests", "base\Storage\tests\Annium.Storage.FileSystem.Tests\Annium.Storage.FileSystem.Tests.csproj", "{4EBFE68E-9768-4951-804D-1AFDACF8B166}"
EndProject
Project("{FAE04EC0-301F-11D3-BF4B-00C04F79EFBC}") = "Annium.Storage.InMemory", "base\Storage\src\Annium.Storage.InMemory\Annium.Storage.InMemory.csproj", "{89822559-C78A-4099-91F0-52A4212BBD61}"
EndProject
Project("{FAE04EC0-301F-11D3-BF4B-00C04F79EFBC}") = "Annium.Storage.InMemory.Tests", "base\Storage\tests\Annium.Storage.InMemory.Tests\Annium.Storage.InMemory.Tests.csproj", "{86E45B5B-E0ED-41B0-B670-D3BCA82A9555}"
EndProject
Project("{FAE04EC0-301F-11D3-BF4B-00C04F79EFBC}") = "Annium.Storage.S3", "base\Storage\src\Annium.Storage.S3\Annium.Storage.S3.csproj", "{DB484540-A662-44B1-A2C3-61318CEAD5FB}"
EndProject
Project("{FAE04EC0-301F-11D3-BF4B-00C04F79EFBC}") = "Annium.Storage.S3.Tests", "base\Storage\tests\Annium.Storage.S3.Tests\Annium.Storage.S3.Tests.csproj", "{AB63BEE9-34EA-4F24-B3DE-3D426DDC45E6}"
EndProject
Project("{2150E333-8FDC-42A3-9474-1A3956D46DE8}") = "demo", "demo", "{C10D6E57-9212-480F-9ECB-DB6803456B48}"
EndProject
Project("{FAE04EC0-301F-11D3-BF4B-00C04F79EFBC}") = "Demo.Infrastructure.MessageBus.EchoServer", "base\Infrastructure\demo\Demo.Infrastructure.MessageBus.EchoServer\Demo.Infrastructure.MessageBus.EchoServer.csproj", "{AEAE4950-18F0-470B-8F4B-1392684E8EC3}"
EndProject
Project("{2150E333-8FDC-42A3-9474-1A3956D46DE8}") = "demo", "demo", "{E688E429-B46B-48AA-8F77-71C5D2EE8423}"
EndProject
Project("{FAE04EC0-301F-11D3-BF4B-00C04F79EFBC}") = "Demo.Mesh.Client", "base\Mesh\demo\Demo.Mesh.Client\Demo.Mesh.Client.csproj", "{DE49F7D9-87C4-4EE6-B4C7-0C1B2040D28F}"
EndProject
Project("{FAE04EC0-301F-11D3-BF4B-00C04F79EFBC}") = "Demo.Mesh.Domain", "base\Mesh\demo\Demo.Mesh.Domain\Demo.Mesh.Domain.csproj", "{FAAE8154-9E83-4C8A-BD2D-56F9C3D7BBB4}"
EndProject
Project("{FAE04EC0-301F-11D3-BF4B-00C04F79EFBC}") = "Demo.Mesh.Server", "base\Mesh\demo\Demo.Mesh.Server\Demo.Mesh.Server.csproj", "{58EBF252-A8F6-4D25-91B5-8C142AFC465C}"
EndProject
Global
	GlobalSection(SolutionConfigurationPlatforms) = preSolution
		Debug|Any CPU = Debug|Any CPU
		Release|Any CPU = Release|Any CPU
	EndGlobalSection
	GlobalSection(SolutionProperties) = preSolution
		HideSolutionNode = FALSE
	EndGlobalSection
	GlobalSection(ProjectConfigurationPlatforms) = postSolution
		{D7B58657-CA58-4234-B0FE-BA2BEF116242}.Debug|Any CPU.ActiveCfg = Debug|Any CPU
		{D7B58657-CA58-4234-B0FE-BA2BEF116242}.Debug|Any CPU.Build.0 = Debug|Any CPU
		{D7B58657-CA58-4234-B0FE-BA2BEF116242}.Release|Any CPU.ActiveCfg = Release|Any CPU
		{D7B58657-CA58-4234-B0FE-BA2BEF116242}.Release|Any CPU.Build.0 = Release|Any CPU
		{162EFDB4-8D16-488C-A5F2-48DE18877FE7}.Debug|Any CPU.ActiveCfg = Debug|Any CPU
		{162EFDB4-8D16-488C-A5F2-48DE18877FE7}.Debug|Any CPU.Build.0 = Debug|Any CPU
		{162EFDB4-8D16-488C-A5F2-48DE18877FE7}.Release|Any CPU.ActiveCfg = Release|Any CPU
		{162EFDB4-8D16-488C-A5F2-48DE18877FE7}.Release|Any CPU.Build.0 = Release|Any CPU
		{E59DF970-6F5F-4C88-BFF4-BB45C882B94E}.Debug|Any CPU.ActiveCfg = Debug|Any CPU
		{E59DF970-6F5F-4C88-BFF4-BB45C882B94E}.Debug|Any CPU.Build.0 = Debug|Any CPU
		{E59DF970-6F5F-4C88-BFF4-BB45C882B94E}.Release|Any CPU.ActiveCfg = Release|Any CPU
		{E59DF970-6F5F-4C88-BFF4-BB45C882B94E}.Release|Any CPU.Build.0 = Release|Any CPU
		{C33C7EAF-A4C6-44FA-9296-2953753F9354}.Debug|Any CPU.ActiveCfg = Debug|Any CPU
		{C33C7EAF-A4C6-44FA-9296-2953753F9354}.Debug|Any CPU.Build.0 = Debug|Any CPU
		{C33C7EAF-A4C6-44FA-9296-2953753F9354}.Release|Any CPU.ActiveCfg = Release|Any CPU
		{C33C7EAF-A4C6-44FA-9296-2953753F9354}.Release|Any CPU.Build.0 = Release|Any CPU
		{80C978F1-40A9-46A9-8D12-3D0CBEAB6FDF}.Debug|Any CPU.ActiveCfg = Debug|Any CPU
		{80C978F1-40A9-46A9-8D12-3D0CBEAB6FDF}.Debug|Any CPU.Build.0 = Debug|Any CPU
		{80C978F1-40A9-46A9-8D12-3D0CBEAB6FDF}.Release|Any CPU.ActiveCfg = Release|Any CPU
		{80C978F1-40A9-46A9-8D12-3D0CBEAB6FDF}.Release|Any CPU.Build.0 = Release|Any CPU
		{2E94D3AE-9E7C-4B6A-A80E-C17EF0F7AEFE}.Debug|Any CPU.ActiveCfg = Debug|Any CPU
		{2E94D3AE-9E7C-4B6A-A80E-C17EF0F7AEFE}.Debug|Any CPU.Build.0 = Debug|Any CPU
		{2E94D3AE-9E7C-4B6A-A80E-C17EF0F7AEFE}.Release|Any CPU.ActiveCfg = Release|Any CPU
		{2E94D3AE-9E7C-4B6A-A80E-C17EF0F7AEFE}.Release|Any CPU.Build.0 = Release|Any CPU
		{015B8474-8BC7-45DB-A543-863641A0B7E9}.Debug|Any CPU.ActiveCfg = Debug|Any CPU
		{015B8474-8BC7-45DB-A543-863641A0B7E9}.Debug|Any CPU.Build.0 = Debug|Any CPU
		{015B8474-8BC7-45DB-A543-863641A0B7E9}.Release|Any CPU.ActiveCfg = Release|Any CPU
		{015B8474-8BC7-45DB-A543-863641A0B7E9}.Release|Any CPU.Build.0 = Release|Any CPU
		{ADB549A7-935F-4AA5-88BC-7B09E92D5179}.Debug|Any CPU.ActiveCfg = Debug|Any CPU
		{ADB549A7-935F-4AA5-88BC-7B09E92D5179}.Debug|Any CPU.Build.0 = Debug|Any CPU
		{ADB549A7-935F-4AA5-88BC-7B09E92D5179}.Release|Any CPU.ActiveCfg = Release|Any CPU
		{ADB549A7-935F-4AA5-88BC-7B09E92D5179}.Release|Any CPU.Build.0 = Release|Any CPU
		{528C7083-7590-473B-916F-5B362ACEEDD1}.Debug|Any CPU.ActiveCfg = Debug|Any CPU
		{528C7083-7590-473B-916F-5B362ACEEDD1}.Debug|Any CPU.Build.0 = Debug|Any CPU
		{528C7083-7590-473B-916F-5B362ACEEDD1}.Release|Any CPU.ActiveCfg = Release|Any CPU
		{528C7083-7590-473B-916F-5B362ACEEDD1}.Release|Any CPU.Build.0 = Release|Any CPU
		{84927326-5573-449C-9C27-E55193CD7DBD}.Debug|Any CPU.ActiveCfg = Debug|Any CPU
		{84927326-5573-449C-9C27-E55193CD7DBD}.Debug|Any CPU.Build.0 = Debug|Any CPU
		{84927326-5573-449C-9C27-E55193CD7DBD}.Release|Any CPU.ActiveCfg = Release|Any CPU
		{84927326-5573-449C-9C27-E55193CD7DBD}.Release|Any CPU.Build.0 = Release|Any CPU
		{F5627A75-8AD3-465E-BF16-F14729EF3A7F}.Debug|Any CPU.ActiveCfg = Debug|Any CPU
		{F5627A75-8AD3-465E-BF16-F14729EF3A7F}.Debug|Any CPU.Build.0 = Debug|Any CPU
		{F5627A75-8AD3-465E-BF16-F14729EF3A7F}.Release|Any CPU.ActiveCfg = Release|Any CPU
		{F5627A75-8AD3-465E-BF16-F14729EF3A7F}.Release|Any CPU.Build.0 = Release|Any CPU
		{9A4BF107-7B27-4AB5-8672-8A8C4321A57A}.Debug|Any CPU.ActiveCfg = Debug|Any CPU
		{9A4BF107-7B27-4AB5-8672-8A8C4321A57A}.Debug|Any CPU.Build.0 = Debug|Any CPU
		{9A4BF107-7B27-4AB5-8672-8A8C4321A57A}.Release|Any CPU.ActiveCfg = Release|Any CPU
		{9A4BF107-7B27-4AB5-8672-8A8C4321A57A}.Release|Any CPU.Build.0 = Release|Any CPU
		{94990BAF-813A-46A5-AF7B-8A974247391A}.Debug|Any CPU.ActiveCfg = Debug|Any CPU
		{94990BAF-813A-46A5-AF7B-8A974247391A}.Debug|Any CPU.Build.0 = Debug|Any CPU
		{94990BAF-813A-46A5-AF7B-8A974247391A}.Release|Any CPU.ActiveCfg = Release|Any CPU
		{94990BAF-813A-46A5-AF7B-8A974247391A}.Release|Any CPU.Build.0 = Release|Any CPU
		{A2428F7C-2365-42B0-A521-6F8DA2BFE30F}.Debug|Any CPU.ActiveCfg = Debug|Any CPU
		{A2428F7C-2365-42B0-A521-6F8DA2BFE30F}.Debug|Any CPU.Build.0 = Debug|Any CPU
		{A2428F7C-2365-42B0-A521-6F8DA2BFE30F}.Release|Any CPU.ActiveCfg = Release|Any CPU
		{A2428F7C-2365-42B0-A521-6F8DA2BFE30F}.Release|Any CPU.Build.0 = Release|Any CPU
		{CD0871C0-F5FF-4305-BC5B-91D1477D8A58}.Debug|Any CPU.ActiveCfg = Debug|Any CPU
		{CD0871C0-F5FF-4305-BC5B-91D1477D8A58}.Debug|Any CPU.Build.0 = Debug|Any CPU
		{CD0871C0-F5FF-4305-BC5B-91D1477D8A58}.Release|Any CPU.ActiveCfg = Release|Any CPU
		{CD0871C0-F5FF-4305-BC5B-91D1477D8A58}.Release|Any CPU.Build.0 = Release|Any CPU
		{2285ECE5-A04A-412C-B77A-0F89E1CB88A1}.Debug|Any CPU.ActiveCfg = Debug|Any CPU
		{2285ECE5-A04A-412C-B77A-0F89E1CB88A1}.Debug|Any CPU.Build.0 = Debug|Any CPU
		{2285ECE5-A04A-412C-B77A-0F89E1CB88A1}.Release|Any CPU.ActiveCfg = Release|Any CPU
		{2285ECE5-A04A-412C-B77A-0F89E1CB88A1}.Release|Any CPU.Build.0 = Release|Any CPU
		{705CC394-106E-4ADD-B45C-C3765B6CDA84}.Debug|Any CPU.ActiveCfg = Debug|Any CPU
		{705CC394-106E-4ADD-B45C-C3765B6CDA84}.Debug|Any CPU.Build.0 = Debug|Any CPU
		{705CC394-106E-4ADD-B45C-C3765B6CDA84}.Release|Any CPU.ActiveCfg = Release|Any CPU
		{705CC394-106E-4ADD-B45C-C3765B6CDA84}.Release|Any CPU.Build.0 = Release|Any CPU
		{A16924FB-E150-4EA9-94F4-60F3EF2D610A}.Debug|Any CPU.ActiveCfg = Debug|Any CPU
		{A16924FB-E150-4EA9-94F4-60F3EF2D610A}.Debug|Any CPU.Build.0 = Debug|Any CPU
		{A16924FB-E150-4EA9-94F4-60F3EF2D610A}.Release|Any CPU.ActiveCfg = Release|Any CPU
		{A16924FB-E150-4EA9-94F4-60F3EF2D610A}.Release|Any CPU.Build.0 = Release|Any CPU
		{4F3DB8E8-87CC-42D8-B20F-99E6DE3F0F32}.Debug|Any CPU.ActiveCfg = Debug|Any CPU
		{4F3DB8E8-87CC-42D8-B20F-99E6DE3F0F32}.Debug|Any CPU.Build.0 = Debug|Any CPU
		{4F3DB8E8-87CC-42D8-B20F-99E6DE3F0F32}.Release|Any CPU.ActiveCfg = Release|Any CPU
		{4F3DB8E8-87CC-42D8-B20F-99E6DE3F0F32}.Release|Any CPU.Build.0 = Release|Any CPU
		{79021F25-9257-4BDC-8A1E-2ECB6CDE3A04}.Debug|Any CPU.ActiveCfg = Debug|Any CPU
		{79021F25-9257-4BDC-8A1E-2ECB6CDE3A04}.Debug|Any CPU.Build.0 = Debug|Any CPU
		{79021F25-9257-4BDC-8A1E-2ECB6CDE3A04}.Release|Any CPU.ActiveCfg = Release|Any CPU
		{79021F25-9257-4BDC-8A1E-2ECB6CDE3A04}.Release|Any CPU.Build.0 = Release|Any CPU
		{D4F06FAA-C960-4E92-9549-F0CE7653801E}.Debug|Any CPU.ActiveCfg = Debug|Any CPU
		{D4F06FAA-C960-4E92-9549-F0CE7653801E}.Debug|Any CPU.Build.0 = Debug|Any CPU
		{D4F06FAA-C960-4E92-9549-F0CE7653801E}.Release|Any CPU.ActiveCfg = Release|Any CPU
		{D4F06FAA-C960-4E92-9549-F0CE7653801E}.Release|Any CPU.Build.0 = Release|Any CPU
		{2304EA73-F528-4248-A0DB-AEA31EC55E8B}.Debug|Any CPU.ActiveCfg = Debug|Any CPU
		{2304EA73-F528-4248-A0DB-AEA31EC55E8B}.Debug|Any CPU.Build.0 = Debug|Any CPU
		{2304EA73-F528-4248-A0DB-AEA31EC55E8B}.Release|Any CPU.ActiveCfg = Release|Any CPU
		{2304EA73-F528-4248-A0DB-AEA31EC55E8B}.Release|Any CPU.Build.0 = Release|Any CPU
		{A0E73590-83AD-4A7A-B619-993DDECF6E38}.Debug|Any CPU.ActiveCfg = Debug|Any CPU
		{A0E73590-83AD-4A7A-B619-993DDECF6E38}.Debug|Any CPU.Build.0 = Debug|Any CPU
		{A0E73590-83AD-4A7A-B619-993DDECF6E38}.Release|Any CPU.ActiveCfg = Release|Any CPU
		{A0E73590-83AD-4A7A-B619-993DDECF6E38}.Release|Any CPU.Build.0 = Release|Any CPU
		{C7CCF295-E9F3-4590-B214-5E59CFA1B93E}.Debug|Any CPU.ActiveCfg = Debug|Any CPU
		{C7CCF295-E9F3-4590-B214-5E59CFA1B93E}.Debug|Any CPU.Build.0 = Debug|Any CPU
		{C7CCF295-E9F3-4590-B214-5E59CFA1B93E}.Release|Any CPU.ActiveCfg = Release|Any CPU
		{C7CCF295-E9F3-4590-B214-5E59CFA1B93E}.Release|Any CPU.Build.0 = Release|Any CPU
		{ED524CDA-E3AC-466B-9E95-31DF7FB1BCAD}.Debug|Any CPU.ActiveCfg = Debug|Any CPU
		{ED524CDA-E3AC-466B-9E95-31DF7FB1BCAD}.Debug|Any CPU.Build.0 = Debug|Any CPU
		{ED524CDA-E3AC-466B-9E95-31DF7FB1BCAD}.Release|Any CPU.ActiveCfg = Release|Any CPU
		{ED524CDA-E3AC-466B-9E95-31DF7FB1BCAD}.Release|Any CPU.Build.0 = Release|Any CPU
		{07AAD8A7-3866-48A1-8BF3-DDA68350E544}.Debug|Any CPU.ActiveCfg = Debug|Any CPU
		{07AAD8A7-3866-48A1-8BF3-DDA68350E544}.Debug|Any CPU.Build.0 = Debug|Any CPU
		{07AAD8A7-3866-48A1-8BF3-DDA68350E544}.Release|Any CPU.ActiveCfg = Release|Any CPU
		{07AAD8A7-3866-48A1-8BF3-DDA68350E544}.Release|Any CPU.Build.0 = Release|Any CPU
		{D9C07D24-73A8-4379-B65B-D399D3242C7C}.Debug|Any CPU.ActiveCfg = Debug|Any CPU
		{D9C07D24-73A8-4379-B65B-D399D3242C7C}.Debug|Any CPU.Build.0 = Debug|Any CPU
		{D9C07D24-73A8-4379-B65B-D399D3242C7C}.Release|Any CPU.ActiveCfg = Release|Any CPU
		{D9C07D24-73A8-4379-B65B-D399D3242C7C}.Release|Any CPU.Build.0 = Release|Any CPU
		{5A67952A-9304-4B2B-946B-0DA2BFF6D205}.Debug|Any CPU.ActiveCfg = Debug|Any CPU
		{5A67952A-9304-4B2B-946B-0DA2BFF6D205}.Debug|Any CPU.Build.0 = Debug|Any CPU
		{5A67952A-9304-4B2B-946B-0DA2BFF6D205}.Release|Any CPU.ActiveCfg = Release|Any CPU
		{5A67952A-9304-4B2B-946B-0DA2BFF6D205}.Release|Any CPU.Build.0 = Release|Any CPU
		{179AEE45-01F5-4059-8093-0255DF31C212}.Debug|Any CPU.ActiveCfg = Debug|Any CPU
		{179AEE45-01F5-4059-8093-0255DF31C212}.Debug|Any CPU.Build.0 = Debug|Any CPU
		{179AEE45-01F5-4059-8093-0255DF31C212}.Release|Any CPU.ActiveCfg = Release|Any CPU
		{179AEE45-01F5-4059-8093-0255DF31C212}.Release|Any CPU.Build.0 = Release|Any CPU
		{B637204D-D036-4AB0-9687-EBC73C03A8A4}.Debug|Any CPU.ActiveCfg = Debug|Any CPU
		{B637204D-D036-4AB0-9687-EBC73C03A8A4}.Debug|Any CPU.Build.0 = Debug|Any CPU
		{B637204D-D036-4AB0-9687-EBC73C03A8A4}.Release|Any CPU.ActiveCfg = Release|Any CPU
		{B637204D-D036-4AB0-9687-EBC73C03A8A4}.Release|Any CPU.Build.0 = Release|Any CPU
		{E282BBE0-D4A9-4FD2-BF8B-66BCDEF7454B}.Debug|Any CPU.ActiveCfg = Debug|Any CPU
		{E282BBE0-D4A9-4FD2-BF8B-66BCDEF7454B}.Debug|Any CPU.Build.0 = Debug|Any CPU
		{E282BBE0-D4A9-4FD2-BF8B-66BCDEF7454B}.Release|Any CPU.ActiveCfg = Release|Any CPU
		{E282BBE0-D4A9-4FD2-BF8B-66BCDEF7454B}.Release|Any CPU.Build.0 = Release|Any CPU
		{78879C4D-924F-4625-BD4B-0AE7883E741E}.Debug|Any CPU.ActiveCfg = Debug|Any CPU
		{78879C4D-924F-4625-BD4B-0AE7883E741E}.Debug|Any CPU.Build.0 = Debug|Any CPU
		{78879C4D-924F-4625-BD4B-0AE7883E741E}.Release|Any CPU.ActiveCfg = Release|Any CPU
		{78879C4D-924F-4625-BD4B-0AE7883E741E}.Release|Any CPU.Build.0 = Release|Any CPU
		{3440DA7B-D431-4BD3-B999-D5D364BCD52F}.Debug|Any CPU.ActiveCfg = Debug|Any CPU
		{3440DA7B-D431-4BD3-B999-D5D364BCD52F}.Debug|Any CPU.Build.0 = Debug|Any CPU
		{3440DA7B-D431-4BD3-B999-D5D364BCD52F}.Release|Any CPU.ActiveCfg = Release|Any CPU
		{3440DA7B-D431-4BD3-B999-D5D364BCD52F}.Release|Any CPU.Build.0 = Release|Any CPU
		{2F5DC07B-8CBB-402E-9A0F-B40C85E2175B}.Debug|Any CPU.ActiveCfg = Debug|Any CPU
		{2F5DC07B-8CBB-402E-9A0F-B40C85E2175B}.Debug|Any CPU.Build.0 = Debug|Any CPU
		{2F5DC07B-8CBB-402E-9A0F-B40C85E2175B}.Release|Any CPU.ActiveCfg = Release|Any CPU
		{2F5DC07B-8CBB-402E-9A0F-B40C85E2175B}.Release|Any CPU.Build.0 = Release|Any CPU
		{A3D429E8-C9D1-420F-9459-E2957D40C3B8}.Debug|Any CPU.ActiveCfg = Debug|Any CPU
		{A3D429E8-C9D1-420F-9459-E2957D40C3B8}.Debug|Any CPU.Build.0 = Debug|Any CPU
		{A3D429E8-C9D1-420F-9459-E2957D40C3B8}.Release|Any CPU.ActiveCfg = Release|Any CPU
		{A3D429E8-C9D1-420F-9459-E2957D40C3B8}.Release|Any CPU.Build.0 = Release|Any CPU
		{17C6A7A2-DCE2-420E-8F95-DFEA31F0EFD8}.Debug|Any CPU.ActiveCfg = Debug|Any CPU
		{17C6A7A2-DCE2-420E-8F95-DFEA31F0EFD8}.Debug|Any CPU.Build.0 = Debug|Any CPU
		{17C6A7A2-DCE2-420E-8F95-DFEA31F0EFD8}.Release|Any CPU.ActiveCfg = Release|Any CPU
		{17C6A7A2-DCE2-420E-8F95-DFEA31F0EFD8}.Release|Any CPU.Build.0 = Release|Any CPU
		{8059A90E-660B-4B23-AF4C-31B578F0D118}.Debug|Any CPU.ActiveCfg = Debug|Any CPU
		{8059A90E-660B-4B23-AF4C-31B578F0D118}.Debug|Any CPU.Build.0 = Debug|Any CPU
		{8059A90E-660B-4B23-AF4C-31B578F0D118}.Release|Any CPU.ActiveCfg = Release|Any CPU
		{8059A90E-660B-4B23-AF4C-31B578F0D118}.Release|Any CPU.Build.0 = Release|Any CPU
		{03F2F1CB-DDD8-4684-B1CB-194DBAC5D11E}.Debug|Any CPU.ActiveCfg = Debug|Any CPU
		{03F2F1CB-DDD8-4684-B1CB-194DBAC5D11E}.Debug|Any CPU.Build.0 = Debug|Any CPU
		{03F2F1CB-DDD8-4684-B1CB-194DBAC5D11E}.Release|Any CPU.ActiveCfg = Release|Any CPU
		{03F2F1CB-DDD8-4684-B1CB-194DBAC5D11E}.Release|Any CPU.Build.0 = Release|Any CPU
		{F3ADF19A-E3C9-48BB-9A60-6D82E39953A9}.Debug|Any CPU.ActiveCfg = Debug|Any CPU
		{F3ADF19A-E3C9-48BB-9A60-6D82E39953A9}.Debug|Any CPU.Build.0 = Debug|Any CPU
		{F3ADF19A-E3C9-48BB-9A60-6D82E39953A9}.Release|Any CPU.ActiveCfg = Release|Any CPU
		{F3ADF19A-E3C9-48BB-9A60-6D82E39953A9}.Release|Any CPU.Build.0 = Release|Any CPU
		{C3140D4F-3B2F-4CAD-B026-F75BD6D5E7C5}.Debug|Any CPU.ActiveCfg = Debug|Any CPU
		{C3140D4F-3B2F-4CAD-B026-F75BD6D5E7C5}.Debug|Any CPU.Build.0 = Debug|Any CPU
		{C3140D4F-3B2F-4CAD-B026-F75BD6D5E7C5}.Release|Any CPU.ActiveCfg = Release|Any CPU
		{C3140D4F-3B2F-4CAD-B026-F75BD6D5E7C5}.Release|Any CPU.Build.0 = Release|Any CPU
		{A9A44257-CDE0-4E30-A2DF-D63FCBA3C1A6}.Debug|Any CPU.ActiveCfg = Debug|Any CPU
		{A9A44257-CDE0-4E30-A2DF-D63FCBA3C1A6}.Debug|Any CPU.Build.0 = Debug|Any CPU
		{A9A44257-CDE0-4E30-A2DF-D63FCBA3C1A6}.Release|Any CPU.ActiveCfg = Release|Any CPU
		{A9A44257-CDE0-4E30-A2DF-D63FCBA3C1A6}.Release|Any CPU.Build.0 = Release|Any CPU
		{4EBFE68E-9768-4951-804D-1AFDACF8B166}.Debug|Any CPU.ActiveCfg = Debug|Any CPU
		{4EBFE68E-9768-4951-804D-1AFDACF8B166}.Debug|Any CPU.Build.0 = Debug|Any CPU
		{4EBFE68E-9768-4951-804D-1AFDACF8B166}.Release|Any CPU.ActiveCfg = Release|Any CPU
		{4EBFE68E-9768-4951-804D-1AFDACF8B166}.Release|Any CPU.Build.0 = Release|Any CPU
		{89822559-C78A-4099-91F0-52A4212BBD61}.Debug|Any CPU.ActiveCfg = Debug|Any CPU
		{89822559-C78A-4099-91F0-52A4212BBD61}.Debug|Any CPU.Build.0 = Debug|Any CPU
		{89822559-C78A-4099-91F0-52A4212BBD61}.Release|Any CPU.ActiveCfg = Release|Any CPU
		{89822559-C78A-4099-91F0-52A4212BBD61}.Release|Any CPU.Build.0 = Release|Any CPU
		{86E45B5B-E0ED-41B0-B670-D3BCA82A9555}.Debug|Any CPU.ActiveCfg = Debug|Any CPU
		{86E45B5B-E0ED-41B0-B670-D3BCA82A9555}.Debug|Any CPU.Build.0 = Debug|Any CPU
		{86E45B5B-E0ED-41B0-B670-D3BCA82A9555}.Release|Any CPU.ActiveCfg = Release|Any CPU
		{86E45B5B-E0ED-41B0-B670-D3BCA82A9555}.Release|Any CPU.Build.0 = Release|Any CPU
		{DB484540-A662-44B1-A2C3-61318CEAD5FB}.Debug|Any CPU.ActiveCfg = Debug|Any CPU
		{DB484540-A662-44B1-A2C3-61318CEAD5FB}.Debug|Any CPU.Build.0 = Debug|Any CPU
		{DB484540-A662-44B1-A2C3-61318CEAD5FB}.Release|Any CPU.ActiveCfg = Release|Any CPU
		{DB484540-A662-44B1-A2C3-61318CEAD5FB}.Release|Any CPU.Build.0 = Release|Any CPU
		{AB63BEE9-34EA-4F24-B3DE-3D426DDC45E6}.Debug|Any CPU.ActiveCfg = Debug|Any CPU
		{AB63BEE9-34EA-4F24-B3DE-3D426DDC45E6}.Debug|Any CPU.Build.0 = Debug|Any CPU
		{AB63BEE9-34EA-4F24-B3DE-3D426DDC45E6}.Release|Any CPU.ActiveCfg = Release|Any CPU
		{AB63BEE9-34EA-4F24-B3DE-3D426DDC45E6}.Release|Any CPU.Build.0 = Release|Any CPU
		{AEAE4950-18F0-470B-8F4B-1392684E8EC3}.Debug|Any CPU.ActiveCfg = Debug|Any CPU
		{AEAE4950-18F0-470B-8F4B-1392684E8EC3}.Debug|Any CPU.Build.0 = Debug|Any CPU
		{AEAE4950-18F0-470B-8F4B-1392684E8EC3}.Release|Any CPU.ActiveCfg = Release|Any CPU
		{AEAE4950-18F0-470B-8F4B-1392684E8EC3}.Release|Any CPU.Build.0 = Release|Any CPU
		{DE49F7D9-87C4-4EE6-B4C7-0C1B2040D28F}.Debug|Any CPU.ActiveCfg = Debug|Any CPU
		{DE49F7D9-87C4-4EE6-B4C7-0C1B2040D28F}.Debug|Any CPU.Build.0 = Debug|Any CPU
		{DE49F7D9-87C4-4EE6-B4C7-0C1B2040D28F}.Release|Any CPU.ActiveCfg = Release|Any CPU
		{DE49F7D9-87C4-4EE6-B4C7-0C1B2040D28F}.Release|Any CPU.Build.0 = Release|Any CPU
		{FAAE8154-9E83-4C8A-BD2D-56F9C3D7BBB4}.Debug|Any CPU.ActiveCfg = Debug|Any CPU
		{FAAE8154-9E83-4C8A-BD2D-56F9C3D7BBB4}.Debug|Any CPU.Build.0 = Debug|Any CPU
		{FAAE8154-9E83-4C8A-BD2D-56F9C3D7BBB4}.Release|Any CPU.ActiveCfg = Release|Any CPU
		{FAAE8154-9E83-4C8A-BD2D-56F9C3D7BBB4}.Release|Any CPU.Build.0 = Release|Any CPU
		{58EBF252-A8F6-4D25-91B5-8C142AFC465C}.Debug|Any CPU.ActiveCfg = Debug|Any CPU
		{58EBF252-A8F6-4D25-91B5-8C142AFC465C}.Debug|Any CPU.Build.0 = Debug|Any CPU
		{58EBF252-A8F6-4D25-91B5-8C142AFC465C}.Release|Any CPU.ActiveCfg = Release|Any CPU
		{58EBF252-A8F6-4D25-91B5-8C142AFC465C}.Release|Any CPU.Build.0 = Release|Any CPU
	EndGlobalSection
	GlobalSection(NestedProjects) = preSolution
		{CBE62412-990F-44BD-9557-F3027D312562} = {61F61E2F-77C3-472D-9E1A-608D45DE4260}
		{F08D2FA1-BA7E-4963-80EE-7EE15DA091C7} = {CBE62412-990F-44BD-9557-F3027D312562}
		{D7B58657-CA58-4234-B0FE-BA2BEF116242} = {F08D2FA1-BA7E-4963-80EE-7EE15DA091C7}
		{50A23AC9-F548-4BF5-A246-DC5B4C90F483} = {CBE62412-990F-44BD-9557-F3027D312562}
		{162EFDB4-8D16-488C-A5F2-48DE18877FE7} = {50A23AC9-F548-4BF5-A246-DC5B4C90F483}
		{E59DF970-6F5F-4C88-BFF4-BB45C882B94E} = {F08D2FA1-BA7E-4963-80EE-7EE15DA091C7}
		{C33C7EAF-A4C6-44FA-9296-2953753F9354} = {50A23AC9-F548-4BF5-A246-DC5B4C90F483}
		{80C978F1-40A9-46A9-8D12-3D0CBEAB6FDF} = {F08D2FA1-BA7E-4963-80EE-7EE15DA091C7}
		{2E94D3AE-9E7C-4B6A-A80E-C17EF0F7AEFE} = {50A23AC9-F548-4BF5-A246-DC5B4C90F483}
		{16094014-5843-4F08-84AF-48D3520DD49D} = {8FE2984C-2A25-4CCF-BA3D-B19C2308F5EB}
		{7C5E69E6-5707-4CD1-A323-E34389ADCA12} = {16094014-5843-4F08-84AF-48D3520DD49D}
		{015B8474-8BC7-45DB-A543-863641A0B7E9} = {7C5E69E6-5707-4CD1-A323-E34389ADCA12}
		{ADB549A7-935F-4AA5-88BC-7B09E92D5179} = {7C5E69E6-5707-4CD1-A323-E34389ADCA12}
		{66EF01D4-2BBE-4B24-993B-063BAD1F638C} = {16094014-5843-4F08-84AF-48D3520DD49D}
		{528C7083-7590-473B-916F-5B362ACEEDD1} = {66EF01D4-2BBE-4B24-993B-063BAD1F638C}
		{84927326-5573-449C-9C27-E55193CD7DBD} = {7C5E69E6-5707-4CD1-A323-E34389ADCA12}
		{F5627A75-8AD3-465E-BF16-F14729EF3A7F} = {66EF01D4-2BBE-4B24-993B-063BAD1F638C}
		{9A4BF107-7B27-4AB5-8672-8A8C4321A57A} = {66EF01D4-2BBE-4B24-993B-063BAD1F638C}
		{A05648EC-C1D7-4865-9648-E40B2894A6A1} = {61F61E2F-77C3-472D-9E1A-608D45DE4260}
		{C7685D48-5D33-4ED0-B480-55094B827671} = {A05648EC-C1D7-4865-9648-E40B2894A6A1}
		{94990BAF-813A-46A5-AF7B-8A974247391A} = {C7685D48-5D33-4ED0-B480-55094B827671}
		{E545840F-F084-4D4B-898A-CC0D49EF878C} = {8FE2984C-2A25-4CCF-BA3D-B19C2308F5EB}
		{C3ED6575-AC5E-482C-ACDE-9E3794D2AA97} = {E545840F-F084-4D4B-898A-CC0D49EF878C}
		{A2428F7C-2365-42B0-A521-6F8DA2BFE30F} = {C3ED6575-AC5E-482C-ACDE-9E3794D2AA97}
		{CD0871C0-F5FF-4305-BC5B-91D1477D8A58} = {C3ED6575-AC5E-482C-ACDE-9E3794D2AA97}
		{85BD7C5C-DDDA-402D-8589-35FBEC4631A7} = {E545840F-F084-4D4B-898A-CC0D49EF878C}
		{2285ECE5-A04A-412C-B77A-0F89E1CB88A1} = {85BD7C5C-DDDA-402D-8589-35FBEC4631A7}
		{83C56E2E-53AC-40B3-96F9-4D51FBA230D2} = {61F61E2F-77C3-472D-9E1A-608D45DE4260}
		{17D907ED-C41D-4C23-9939-3ACE0551E516} = {83C56E2E-53AC-40B3-96F9-4D51FBA230D2}
		{705CC394-106E-4ADD-B45C-C3765B6CDA84} = {17D907ED-C41D-4C23-9939-3ACE0551E516}
		{A16924FB-E150-4EA9-94F4-60F3EF2D610A} = {17D907ED-C41D-4C23-9939-3ACE0551E516}
		{A4316DB8-F83F-4D19-B1C9-23CF30AE5988} = {83C56E2E-53AC-40B3-96F9-4D51FBA230D2}
		{4F3DB8E8-87CC-42D8-B20F-99E6DE3F0F32} = {A4316DB8-F83F-4D19-B1C9-23CF30AE5988}
		{79021F25-9257-4BDC-8A1E-2ECB6CDE3A04} = {A4316DB8-F83F-4D19-B1C9-23CF30AE5988}
		{583ECEBD-38FC-42BB-A986-9C5F696D41FA} = {8FE2984C-2A25-4CCF-BA3D-B19C2308F5EB}
		{9FA72A03-D715-4CCC-9943-B1C70EA639FD} = {583ECEBD-38FC-42BB-A986-9C5F696D41FA}
		{D4F06FAA-C960-4E92-9549-F0CE7653801E} = {9FA72A03-D715-4CCC-9943-B1C70EA639FD}
		{2304EA73-F528-4248-A0DB-AEA31EC55E8B} = {9FA72A03-D715-4CCC-9943-B1C70EA639FD}
		{A0E73590-83AD-4A7A-B619-993DDECF6E38} = {9FA72A03-D715-4CCC-9943-B1C70EA639FD}
		{C7CCF295-E9F3-4590-B214-5E59CFA1B93E} = {9FA72A03-D715-4CCC-9943-B1C70EA639FD}
		{ED524CDA-E3AC-466B-9E95-31DF7FB1BCAD} = {9FA72A03-D715-4CCC-9943-B1C70EA639FD}
		{07AAD8A7-3866-48A1-8BF3-DDA68350E544} = {9FA72A03-D715-4CCC-9943-B1C70EA639FD}
		{D9C07D24-73A8-4379-B65B-D399D3242C7C} = {9FA72A03-D715-4CCC-9943-B1C70EA639FD}
		{5A67952A-9304-4B2B-946B-0DA2BFF6D205} = {9FA72A03-D715-4CCC-9943-B1C70EA639FD}
		{ED403175-8459-4712-BA85-B484A7366E81} = {583ECEBD-38FC-42BB-A986-9C5F696D41FA}
		{179AEE45-01F5-4059-8093-0255DF31C212} = {ED403175-8459-4712-BA85-B484A7366E81}
		{B637204D-D036-4AB0-9687-EBC73C03A8A4} = {ED403175-8459-4712-BA85-B484A7366E81}
		{E282BBE0-D4A9-4FD2-BF8B-66BCDEF7454B} = {ED403175-8459-4712-BA85-B484A7366E81}
		{78879C4D-924F-4625-BD4B-0AE7883E741E} = {9FA72A03-D715-4CCC-9943-B1C70EA639FD}
		{3440DA7B-D431-4BD3-B999-D5D364BCD52F} = {9FA72A03-D715-4CCC-9943-B1C70EA639FD}
		{2F5DC07B-8CBB-402E-9A0F-B40C85E2175B} = {9FA72A03-D715-4CCC-9943-B1C70EA639FD}
		{A3D429E8-C9D1-420F-9459-E2957D40C3B8} = {9FA72A03-D715-4CCC-9943-B1C70EA639FD}
		{D1174323-58B5-4F16-890F-D4323E28B058} = {61F61E2F-77C3-472D-9E1A-608D45DE4260}
		{2197C505-6772-4A99-9E32-B0B72DBEE4B3} = {D1174323-58B5-4F16-890F-D4323E28B058}
		{17C6A7A2-DCE2-420E-8F95-DFEA31F0EFD8} = {2197C505-6772-4A99-9E32-B0B72DBEE4B3}
		{C5E049AA-1A51-4BCB-8D6D-3ACF238574A2} = {D1174323-58B5-4F16-890F-D4323E28B058}
		{8059A90E-660B-4B23-AF4C-31B578F0D118} = {C5E049AA-1A51-4BCB-8D6D-3ACF238574A2}
		{F62A7EF7-0B6F-4A7C-85DA-2DA599F3BA04} = {61F61E2F-77C3-472D-9E1A-608D45DE4260}
		{307A9358-2B27-4DCF-A59E-8E81E2EE0CFA} = {F62A7EF7-0B6F-4A7C-85DA-2DA599F3BA04}
		{03F2F1CB-DDD8-4684-B1CB-194DBAC5D11E} = {307A9358-2B27-4DCF-A59E-8E81E2EE0CFA}
		{130658E3-4E58-4A4C-BB13-3307BC30AA79} = {F62A7EF7-0B6F-4A7C-85DA-2DA599F3BA04}
		{F3ADF19A-E3C9-48BB-9A60-6D82E39953A9} = {130658E3-4E58-4A4C-BB13-3307BC30AA79}
		{F644C941-CF6C-430D-B181-D093E72CA0A4} = {8FE2984C-2A25-4CCF-BA3D-B19C2308F5EB}
		{2008BCC1-F6A1-457C-909E-0C96047C284E} = {F644C941-CF6C-430D-B181-D093E72CA0A4}
		{C3140D4F-3B2F-4CAD-B026-F75BD6D5E7C5} = {2008BCC1-F6A1-457C-909E-0C96047C284E}
		{A9A44257-CDE0-4E30-A2DF-D63FCBA3C1A6} = {2008BCC1-F6A1-457C-909E-0C96047C284E}
		{37657381-1CB3-4996-9D52-F2F9CACBE2FA} = {F644C941-CF6C-430D-B181-D093E72CA0A4}
		{4EBFE68E-9768-4951-804D-1AFDACF8B166} = {37657381-1CB3-4996-9D52-F2F9CACBE2FA}
		{89822559-C78A-4099-91F0-52A4212BBD61} = {2008BCC1-F6A1-457C-909E-0C96047C284E}
		{86E45B5B-E0ED-41B0-B670-D3BCA82A9555} = {37657381-1CB3-4996-9D52-F2F9CACBE2FA}
		{DB484540-A662-44B1-A2C3-61318CEAD5FB} = {2008BCC1-F6A1-457C-909E-0C96047C284E}
		{AB63BEE9-34EA-4F24-B3DE-3D426DDC45E6} = {37657381-1CB3-4996-9D52-F2F9CACBE2FA}
		{C10D6E57-9212-480F-9ECB-DB6803456B48} = {E545840F-F084-4D4B-898A-CC0D49EF878C}
		{AEAE4950-18F0-470B-8F4B-1392684E8EC3} = {C10D6E57-9212-480F-9ECB-DB6803456B48}
		{E688E429-B46B-48AA-8F77-71C5D2EE8423} = {583ECEBD-38FC-42BB-A986-9C5F696D41FA}
		{DE49F7D9-87C4-4EE6-B4C7-0C1B2040D28F} = {E688E429-B46B-48AA-8F77-71C5D2EE8423}
		{FAAE8154-9E83-4C8A-BD2D-56F9C3D7BBB4} = {E688E429-B46B-48AA-8F77-71C5D2EE8423}
		{58EBF252-A8F6-4D25-91B5-8C142AFC465C} = {E688E429-B46B-48AA-8F77-71C5D2EE8423}
	EndGlobalSection
EndGlobal
